// !$*UTF8*$!
{
	archiveVersion = 1;
	classes = {
	};
	objectVersion = 46;
	objects = {

/* Begin PBXBuildFile section */
		00747B77286C4D22821B6D85 /* libGTM_AddressBook.a in Frameworks */ = {isa = PBXBuildFile; fileRef = CF8122DB003D46FF8EB5939D /* libGTM_AddressBook.a */; };
		0207DA581B56EA530066E2B4 /* Images.xcassets in Resources */ = {isa = PBXBuildFile; fileRef = 0207DA571B56EA530066E2B4 /* Images.xcassets */; };
		06FF1DA44EA646D0A7CEFA67 /* libGTM_KVO.a in Frameworks */ = {isa = PBXBuildFile; fileRef = E140ECAF832F44DA9B233C82 /* libGTM_KVO.a */; };
		084DCD170F9C47E684481930 /* libGTM_UIFont+LineHeight.a in Frameworks */ = {isa = PBXBuildFile; fileRef = 0378886A1A7F456588861332 /* libGTM_UIFont+LineHeight.a */; };
		0954AD31180D47AD92B59779 /* CDVLocation.m in Sources */ = {isa = PBXBuildFile; fileRef = CB6D6CBEE52F4265AB222113 /* CDVLocation.m */; };
		0BF085BC719F49079627F1ED /* YoikScreenOrientation.m in Sources */ = {isa = PBXBuildFile; fileRef = D4B65B6582FE4E9CBEBA41C1 /* YoikScreenOrientation.m */; };
		1595D220539F4A09B262EEB7 /* libGTM_StringEncoding.a in Frameworks */ = {isa = PBXBuildFile; fileRef = 399E56318D8F46B7B2815AC2 /* libGTM_StringEncoding.a */; };
		17DFE493BC22463AA66F4EE7 /* APPLocalNotificationOptions.m in Sources */ = {isa = PBXBuildFile; fileRef = 037266D6C99B4ED0ADF9185A /* APPLocalNotificationOptions.m */; };
		1D3623260D0F684500981E51 /* AppDelegate.m in Sources */ = {isa = PBXBuildFile; fileRef = 1D3623250D0F684500981E51 /* AppDelegate.m */; };
		1D60589B0D05DD56006BFB54 /* main.m in Sources */ = {isa = PBXBuildFile; fileRef = 29B97316FDCFA39411CA2CEA /* main.m */; };
		240AD332FF0942338DEA68DD /* SystemConfiguration.framework in Frameworks */ = {isa = PBXBuildFile; fileRef = D8A4F2FFA6344AAFA00E9D92 /* SystemConfiguration.framework */; };
		25C7DBF62032435EA42AB944 /* libGTM_NSStringXML.a in Frameworks */ = {isa = PBXBuildFile; fileRef = DF8243036B984E4C935B3CBB /* libGTM_NSStringXML.a */; };
		26C8A49739F342E68683ED45 /* libGoogleAnalyticsServices.a in Frameworks */ = {isa = PBXBuildFile; fileRef = D1A4BE0D86CE4A0BA54C3AE3 /* libGoogleAnalyticsServices.a */; };
		2B6567E31C5148F4B9AE726F /* CDVNotification.bundle in Resources */ = {isa = PBXBuildFile; fileRef = 5EC189323A084DB6A83E22D9 /* CDVNotification.bundle */; };
		2D6B5078D1B447F7BA9FE7C9 /* CDVPlugin+APPAppEvent.m in Sources */ = {isa = PBXBuildFile; fileRef = E4A478216E0E4CA3901A17F4 /* CDVPlugin+APPAppEvent.m */; };
		2E1091D1D0F64CF5B6C83964 /* UniversalAnalyticsPlugin.m in Sources */ = {isa = PBXBuildFile; fileRef = 0A5AD32836B044478D7A25CE /* UniversalAnalyticsPlugin.m */; };
		301BF552109A68D80062928A /* libCordova.a in Frameworks */ = {isa = PBXBuildFile; fileRef = 301BF535109A57CC0062928A /* libCordova.a */; };
		302D95F114D2391D003F00A1 /* MainViewController.m in Sources */ = {isa = PBXBuildFile; fileRef = 302D95EF14D2391D003F00A1 /* MainViewController.m */; };
		302D95F214D2391D003F00A1 /* MainViewController.xib in Resources */ = {isa = PBXBuildFile; fileRef = 302D95F014D2391D003F00A1 /* MainViewController.xib */; };
		3047A5121AB8059700498E2A /* build-debug.xcconfig in Resources */ = {isa = PBXBuildFile; fileRef = 3047A50F1AB8059700498E2A /* build-debug.xcconfig */; };
		3047A5131AB8059700498E2A /* build-release.xcconfig in Resources */ = {isa = PBXBuildFile; fileRef = 3047A5101AB8059700498E2A /* build-release.xcconfig */; };
		3047A5141AB8059700498E2A /* build.xcconfig in Resources */ = {isa = PBXBuildFile; fileRef = 3047A5111AB8059700498E2A /* build.xcconfig */; };
		31678CE758954820B9F5D45C /* SKProduct+LocalizedPrice.m in Sources */ = {isa = PBXBuildFile; fileRef = 234BCA4F25A644F0893F2EB1 /* SKProduct+LocalizedPrice.m */; };
		38C9499C98E94960931A3677 /* CDVConnection.m in Sources */ = {isa = PBXBuildFile; fileRef = 43FF261E5DCF4F5B9A81DF97 /* CDVConnection.m */; };
		395A6624B17A4351AD0CB89B /* CoreBluetooth.framework in Frameworks */ = {isa = PBXBuildFile; fileRef = DA1C67EFE7C04F7DAC33232A /* CoreBluetooth.framework */; };
		3A28B6ED15104A949906C487 /* libGTM_NSStringHTML.a in Frameworks */ = {isa = PBXBuildFile; fileRef = 05269A97B07D4CF6BD4D9B12 /* libGTM_NSStringHTML.a */; };
		3B222E472DB04FD587B66729 /* CDVVibration.m in Sources */ = {isa = PBXBuildFile; fileRef = ECC22B38820847EA9D3FA23A /* CDVVibration.m */; };
		3C93BC6E75FD489BA2D757E3 /* libGSDK_Overload.a in Frameworks */ = {isa = PBXBuildFile; fileRef = CADE8232525D4B1B9A5E618A /* libGSDK_Overload.a */; };
		3D903C5D1CCEF03A0035CFB2 /* paper.png in Resources */ = {isa = PBXBuildFile; fileRef = 3D903C5B1CCEF03A0035CFB2 /* paper.png */; };
		3D903C5E1CCEF03A0035CFB2 /* toggle.png in Resources */ = {isa = PBXBuildFile; fileRef = 3D903C5C1CCEF03A0035CFB2 /* toggle.png */; };
		416E69623C5C4583BFFFA487 /* UILocalNotification+APPLocalNotification.m in Sources */ = {isa = PBXBuildFile; fileRef = 3E0ED4DD29004E229416D175 /* UILocalNotification+APPLocalNotification.m */; };
		431CC582A1674014B00DE568 /* libGcmLib.a in Frameworks */ = {isa = PBXBuildFile; fileRef = CD4D85A8A39249C38409CEDD /* libGcmLib.a */; };
		483BC8D943774E07905123E3 /* CDVGlobalization.m in Sources */ = {isa = PBXBuildFile; fileRef = F8C8AC5B18134682B2A5033A /* CDVGlobalization.m */; };
		4F8999D740154E7CB7160F8A /* WebKit.framework in Frameworks */ = {isa = PBXBuildFile; fileRef = E86317A9E23945E099298DB1 /* WebKit.framework */; settings = {ATTRIBUTES = (Weak, ); }; };
		52559139113F4B53A4947734 /* libGTM_DebugUtils.a in Frameworks */ = {isa = PBXBuildFile; fileRef = AD7A9F90C6ED4F9C90FAAC79 /* libGTM_DebugUtils.a */; };
		5734DAF9DD1D4374A3778950 /* LMLogger.m in Sources */ = {isa = PBXBuildFile; fileRef = 9FA2F6A3892A489C87B9B753 /* LMLogger.m */; };
		591A2B88268C439AB833D873 /* InAppPurchase.m in Sources */ = {isa = PBXBuildFile; fileRef = A6B1D3564DD543ABADB8D05F /* InAppPurchase.m */; };
		5DC40547823D40B69657FE97 /* libGGLInstanceIDLib.a in Frameworks */ = {isa = PBXBuildFile; fileRef = CCF81D38439549988F9E7381 /* libGGLInstanceIDLib.a */; };
		637AB0F77E6D4B07BBEC309D /* CDVAssetLibraryFilesystem.m in Sources */ = {isa = PBXBuildFile; fileRef = F4677DB8A2C74D969BC531D2 /* CDVAssetLibraryFilesystem.m */; };
		68421BF8E9944F35907D1479 /* libGGLCloudMessaging.a in Frameworks */ = {isa = PBXBuildFile; fileRef = EEF1C6A16DE44DFEBB80DFDC /* libGGLCloudMessaging.a */; };
		733CCAC7202640ADA6C0FD81 /* libGTM_RoundedRectPath.a in Frameworks */ = {isa = PBXBuildFile; fileRef = F9982C8F094E40E5AF61CF78 /* libGTM_RoundedRectPath.a */; };
		76F79EEAF5F44D87B81A9812 /* CoreLocation.framework in Frameworks */ = {isa = PBXBuildFile; fileRef = 0A7712CD65AB427D8B0D2820 /* CoreLocation.framework */; };
		824095185A2F4E14B7FAD6A3 /* PushPlugin.m in Sources */ = {isa = PBXBuildFile; fileRef = C0BA0FC889AB4B8FB15A4159 /* PushPlugin.m */; };
		872C6B6E5E234BF4B019DC24 /* libGIP_Reachability.a in Frameworks */ = {isa = PBXBuildFile; fileRef = B400BFDA09F5440D9A00DA08 /* libGIP_Reachability.a */; };
		898BE36BC6454DF8898CB578 /* FileUtility.m in Sources */ = {isa = PBXBuildFile; fileRef = 2042C305D128432AAE61A431 /* FileUtility.m */; };
		8B7C8D5CF2F84C44ABC96475 /* libsqlite3.dylib in Frameworks */ = {isa = PBXBuildFile; fileRef = B65AC241D1FC45A399F3B96D /* libsqlite3.dylib */; };
		8C01AE0524EE492C928BC495 /* PowerManagement.m in Sources */ = {isa = PBXBuildFile; fileRef = E472DED2A697455AACDD06E9 /* PowerManagement.m */; };
		905B3A7850504F6C9986954E /* CDVLocalFilesystem.m in Sources */ = {isa = PBXBuildFile; fileRef = 9EE8B37A6DA8401BAE1610CA /* CDVLocalFilesystem.m */; };
		92E4B0C771A04BA0B754054E /* libGTM_NSScannerJSON.a in Frameworks */ = {isa = PBXBuildFile; fileRef = 0FC02123370446778E5A94D9 /* libGTM_NSScannerJSON.a */; };
		969B79303B0B42E4BBFF0B81 /* libGTM_core.a in Frameworks */ = {isa = PBXBuildFile; fileRef = 6DA5FEE210A54B37B19A51D1 /* libGTM_core.a */; };
		98CC594598194877B6169872 /* StoreKit.framework in Frameworks */ = {isa = PBXBuildFile; fileRef = 58C276555DBB419B82017295 /* StoreKit.framework */; };
		99156E94510B408AA675F7CA /* libGTM_NSDictionary+URLArguments.a in Frameworks */ = {isa = PBXBuildFile; fileRef = 443E405D9EB5491EA65F6467 /* libGTM_NSDictionary+URLArguments.a */; };
		998EB3E4089647C58C9BB430 /* CDVWKWebViewEngine.m in Sources */ = {isa = PBXBuildFile; fileRef = 8EECBC9DD2914623ACBE9BFB /* CDVWKWebViewEngine.m */; };
		9A1431A7015940FD9F79FD6F /* AddressBook.framework in Frameworks */ = {isa = PBXBuildFile; fileRef = EFE104B8B172447899229BAB /* AddressBook.framework */; };
		9DCEB1D21C554031AEE10C55 /* CDVWKWebViewUIDelegate.m in Sources */ = {isa = PBXBuildFile; fileRef = 88DA24CF5ED24050BA486848 /* CDVWKWebViewUIDelegate.m */; };
		A4B15E20C55548A68EB772D0 /* libsqlite3.tbd in Frameworks */ = {isa = PBXBuildFile; fileRef = 8E889B54BC4C4A7C84D8ED70 /* libsqlite3.tbd */; };
		A601F23C4B4846E0B37E4B78 /* CDVStatusBar.m in Sources */ = {isa = PBXBuildFile; fileRef = 6FBF8A2C1343422BB51A9EB1 /* CDVStatusBar.m */; };
		A7F05DAB8B184BA5BFDB429C /* APPLocalNotification.m in Sources */ = {isa = PBXBuildFile; fileRef = 8A97FAAB928140E2AED01E01 /* APPLocalNotification.m */; };
		B3B8B23DD50F438C841363AD /* libGTMSessionFetcher_full.a in Frameworks */ = {isa = PBXBuildFile; fileRef = 30C8DEB6CFB64714B67C11E9 /* libGTMSessionFetcher_full.a */; };
		B64C5D6682A64E3EAD4DE99C /* libGGLCore.a in Frameworks */ = {isa = PBXBuildFile; fileRef = B736FF58E8AD45218AA3A071 /* libGGLCore.a */; };
		B75CCFAE21D840EFBE21C51E /* libGTMStackTrace.a in Frameworks */ = {isa = PBXBuildFile; fileRef = 97C2A551E36C4D539CB15041 /* libGTMStackTrace.a */; };
		B7F4383DFE3348E4AF3EC742 /* libGTM_iPhone.a in Frameworks */ = {isa = PBXBuildFile; fileRef = FF9FE9F86F5349238B74C346 /* libGTM_iPhone.a */; };
		BC165CAB299C494CA880EC8C /* AudioToolbox.framework in Frameworks */ = {isa = PBXBuildFile; fileRef = A037ABD51E2C4D6597116497 /* AudioToolbox.framework */; settings = {ATTRIBUTES = (Weak, ); }; };
		BD21C0E488734707AA87A7E1 /* ThreeDeeTouch.m in Sources */ = {isa = PBXBuildFile; fileRef = 6B8D9121842B42E7B5528370 /* ThreeDeeTouch.m */; };
		BEBB02C6AC684705888D4457 /* libProtocolBuffers.a in Frameworks */ = {isa = PBXBuildFile; fileRef = A34451C1588E4690A3DD49D7 /* libProtocolBuffers.a */; };
		C06A9AA48CD740B7A7AB6ED1 /* AppDelegate+APPAppEvent.m in Sources */ = {isa = PBXBuildFile; fileRef = 2E534454AB78426E984EC034 /* AppDelegate+APPAppEvent.m */; };
		C3F0F20A738941D69BD5E69C /* CDVDevice.m in Sources */ = {isa = PBXBuildFile; fileRef = 0AD1284B8B4F4543905FEA20 /* CDVDevice.m */; };
		C4D90888709D473F89422172 /* AppDelegate+threedeetouch.m in Sources */ = {isa = PBXBuildFile; fileRef = 8DFFABA09F6C4283BB9D98C9 /* AppDelegate+threedeetouch.m */; };
		C766FFAF4E614C8A850BBB5C /* CoreData.framework in Frameworks */ = {isa = PBXBuildFile; fileRef = AEDE8F30DA4C465FAC8C0255 /* CoreData.framework */; };
		C816F20B59E04ED096FF4FFF /* CDVFile.m in Sources */ = {isa = PBXBuildFile; fileRef = 77D10E61A0E5410188CD8CC1 /* CDVFile.m */; };
		CDB832CF251A4A9999AD10B2 /* libz.dylib in Frameworks */ = {isa = PBXBuildFile; fileRef = A2600D5045894FA7A368FF8C /* libz.dylib */; };
		D0A7FA81AA0C4A8E99CC9248 /* CoreTelephony.framework in Frameworks */ = {isa = PBXBuildFile; fileRef = BEAAEDEA7ECA4C0987F38DAE /* CoreTelephony.framework */; };
		D13A82036C6A49F9BA1A9C26 /* libGTM_SystemVersion.a in Frameworks */ = {isa = PBXBuildFile; fileRef = 747099D2CBBB4732A050C43D /* libGTM_SystemVersion.a */; };
		D3C4A43635C84CE19A177CD4 /* CDVNotification.m in Sources */ = {isa = PBXBuildFile; fileRef = A91EDFC3BC26482782AAB51D /* CDVNotification.m */; };
		D78F848DE6C64B66BC36B7BD /* AppDelegate+notification.m in Sources */ = {isa = PBXBuildFile; fileRef = 611E5BA8DDEB4DE29C6AB337 /* AppDelegate+notification.m */; };
		DCA9E30BF8B3466C8CD285D6 /* APPBackgroundMode.m in Sources */ = {isa = PBXBuildFile; fileRef = 0398C4ABF0754971980FC8E6 /* APPBackgroundMode.m */; };
		DCAC3523FC844277B84E61F0 /* CDVSound.m in Sources */ = {isa = PBXBuildFile; fileRef = 8328F028182C49B18D1BA31E /* CDVSound.m */; };
		E554D78F25C945109444973A /* CDVLocationManager.m in Sources */ = {isa = PBXBuildFile; fileRef = EB911614B9664159A0BED79F /* CDVLocationManager.m */; };
		E69A262C1FD4450396B83C43 /* AppDelegate+CDVLocationManager.m in Sources */ = {isa = PBXBuildFile; fileRef = C24A058B82B4471FB7831C82 /* AppDelegate+CDVLocationManager.m */; };
		ED0CC4CDFE314E999E3B3C8C /* CDVBackgroundGeoLocation.m in Sources */ = {isa = PBXBuildFile; fileRef = 65C066FD1AEA451A864424A7 /* CDVBackgroundGeoLocation.m */; };
		EF7EC118703A46DE91FC137D /* UIApplication+APPLocalNotification.m in Sources */ = {isa = PBXBuildFile; fileRef = 83E318FF49614D5A9ABF8B43 /* UIApplication+APPLocalNotification.m */; };
		EFD18CE6C4BD483483DE05F1 /* libGTM_GTMURLBuilder.a in Frameworks */ = {isa = PBXBuildFile; fileRef = D6D9A09D868F4D4E85E82CEA /* libGTM_GTMURLBuilder.a */; };
		F068FE476E744E7BB45AEA84 /* AVFoundation.framework in Frameworks */ = {isa = PBXBuildFile; fileRef = 2EF953206D244E60A77105DC /* AVFoundation.framework */; settings = {ATTRIBUTES = (Weak, ); }; };
		F0C7CDBC147F4728BA7C410D /* libGTM_Regex.a in Frameworks */ = {isa = PBXBuildFile; fileRef = D4D65AF136B443FE91A80CD6 /* libGTM_Regex.a */; };
		F84025F8A7A2418EB4FB6C16 /* libGTM_NSData+zlib.a in Frameworks */ = {isa = PBXBuildFile; fileRef = 651BA6CC55B247ABB1F9A561 /* libGTM_NSData+zlib.a */; };
		FA956368EDE24797812F0C23 /* libGTMSessionFetcher_core.a in Frameworks */ = {isa = PBXBuildFile; fileRef = 1DBE62AAAD7045C1B6C7E582 /* libGTMSessionFetcher_core.a */; };
		FB0BAB836A95458BAC8FF297 /* libz.tbd in Frameworks */ = {isa = PBXBuildFile; fileRef = 53C8F29E9AE2497EB43ACE24 /* libz.tbd */; };
		FD5D56F9499C4553A2CD021C /* appbeep.wav in Resources */ = {isa = PBXBuildFile; fileRef = 614DF6152897401E85E24CBD /* appbeep.wav */; };
		FFDDBAEEC2D5486C815A6032 /* CDVReachability.m in Sources */ = {isa = PBXBuildFile; fileRef = 91DF8C829E804EE38F1BA10E /* CDVReachability.m */; };
/* End PBXBuildFile section */

/* Begin PBXContainerItemProxy section */
		301BF534109A57CC0062928A /* PBXContainerItemProxy */ = {
			isa = PBXContainerItemProxy;
			containerPortal = 301BF52D109A57CC0062928A /* CordovaLib.xcodeproj */;
			proxyType = 2;
			remoteGlobalIDString = D2AAC07E0554694100DB518D;
			remoteInfo = CordovaLib;
		};
		301BF550109A68C00062928A /* PBXContainerItemProxy */ = {
			isa = PBXContainerItemProxy;
			containerPortal = 301BF52D109A57CC0062928A /* CordovaLib.xcodeproj */;
			proxyType = 1;
			remoteGlobalIDString = D2AAC07D0554694100DB518D;
			remoteInfo = CordovaLib;
		};
/* End PBXContainerItemProxy section */

/* Begin PBXFileReference section */
		0207DA571B56EA530066E2B4 /* Images.xcassets */ = {isa = PBXFileReference; lastKnownFileType = folder.assetcatalog; name = Images.xcassets; path = SafeDriver/Images.xcassets; sourceTree = SOURCE_ROOT; };
		037266D6C99B4ED0ADF9185A /* APPLocalNotificationOptions.m */ = {isa = PBXFileReference; explicitFileType = undefined; fileEncoding = 4; includeInIndex = 0; lastKnownFileType = sourcecode.c.objc; name = APPLocalNotificationOptions.m; path = "de.appplant.cordova.plugin.local-notification/APPLocalNotificationOptions.m"; sourceTree = "<group>"; };
		0378886A1A7F456588861332 /* libGTM_UIFont+LineHeight.a */ = {isa = PBXFileReference; explicitFileType = undefined; fileEncoding = 9; includeInIndex = 0; lastKnownFileType = archive.ar; name = "libGTM_UIFont+LineHeight.a"; path = "SafeDriver/Plugins/phonegap-plugin-push/GCM/Libraries/libGTM_UIFont+LineHeight.a"; sourceTree = "<group>"; };
		0398C4ABF0754971980FC8E6 /* APPBackgroundMode.m */ = {isa = PBXFileReference; explicitFileType = undefined; fileEncoding = 4; includeInIndex = 0; lastKnownFileType = sourcecode.c.objc; name = APPBackgroundMode.m; path = "de.appplant.cordova.plugin.background-mode/APPBackgroundMode.m"; sourceTree = "<group>"; };
		0424C16017964C28825AA669 /* CDVVibration.h */ = {isa = PBXFileReference; explicitFileType = undefined; fileEncoding = 4; includeInIndex = 0; lastKnownFileType = sourcecode.c.h; name = CDVVibration.h; path = "cordova-plugin-vibration/CDVVibration.h"; sourceTree = "<group>"; };
		05269A97B07D4CF6BD4D9B12 /* libGTM_NSStringHTML.a */ = {isa = PBXFileReference; explicitFileType = undefined; fileEncoding = 9; includeInIndex = 0; lastKnownFileType = archive.ar; name = libGTM_NSStringHTML.a; path = "SafeDriver/Plugins/phonegap-plugin-push/GCM/Libraries/libGTM_NSStringHTML.a"; sourceTree = "<group>"; };
		06B72A5D0A854ED7B8387597 /* GAI.h */ = {isa = PBXFileReference; explicitFileType = undefined; fileEncoding = 4; includeInIndex = 0; lastKnownFileType = sourcecode.c.h; name = GAI.h; path = "cordova-plugin-google-analytics/GAI.h"; sourceTree = "<group>"; };
		0A5AD32836B044478D7A25CE /* UniversalAnalyticsPlugin.m */ = {isa = PBXFileReference; explicitFileType = undefined; fileEncoding = 4; includeInIndex = 0; lastKnownFileType = sourcecode.c.objc; name = UniversalAnalyticsPlugin.m; path = "cordova-plugin-google-analytics/UniversalAnalyticsPlugin.m"; sourceTree = "<group>"; };
		0A7712CD65AB427D8B0D2820 /* CoreLocation.framework */ = {isa = PBXFileReference; explicitFileType = undefined; fileEncoding = 9; includeInIndex = 0; lastKnownFileType = wrapper.framework; name = CoreLocation.framework; path = System/Library/Frameworks/CoreLocation.framework; sourceTree = SDKROOT; };
		0AD1284B8B4F4543905FEA20 /* CDVDevice.m */ = {isa = PBXFileReference; explicitFileType = undefined; fileEncoding = 4; includeInIndex = 0; lastKnownFileType = sourcecode.c.objc; name = CDVDevice.m; path = "cordova-plugin-device/CDVDevice.m"; sourceTree = "<group>"; };
		0EE4051E139B4A65BBBBA672 /* CDVFile.h */ = {isa = PBXFileReference; explicitFileType = undefined; fileEncoding = 4; includeInIndex = 0; lastKnownFileType = sourcecode.c.h; name = CDVFile.h; path = "cordova-plugin-file/CDVFile.h"; sourceTree = "<group>"; };
		0F750061AE564A14883BA764 /* APPAppEventDelegate.h */ = {isa = PBXFileReference; explicitFileType = undefined; fileEncoding = 4; includeInIndex = 0; lastKnownFileType = sourcecode.c.h; name = APPAppEventDelegate.h; path = "cordova-plugin-app-event/APPAppEventDelegate.h"; sourceTree = "<group>"; };
		0FC02123370446778E5A94D9 /* libGTM_NSScannerJSON.a */ = {isa = PBXFileReference; explicitFileType = undefined; fileEncoding = 9; includeInIndex = 0; lastKnownFileType = archive.ar; name = libGTM_NSScannerJSON.a; path = "SafeDriver/Plugins/phonegap-plugin-push/GCM/Libraries/libGTM_NSScannerJSON.a"; sourceTree = "<group>"; };
		124B5EE6F4B9487D82437C6F /* GGLErrorCode.h */ = {isa = PBXFileReference; explicitFileType = undefined; fileEncoding = 4; includeInIndex = 0; lastKnownFileType = sourcecode.c.h; name = GGLErrorCode.h; path = "phonegap-plugin-push/GCM/Headers/GGLErrorCode.h"; sourceTree = "<group>"; };
		1781F5915E02475E89DFF99E /* CDVDevice.h */ = {isa = PBXFileReference; explicitFileType = undefined; fileEncoding = 4; includeInIndex = 0; lastKnownFileType = sourcecode.c.h; name = CDVDevice.h; path = "cordova-plugin-device/CDVDevice.h"; sourceTree = "<group>"; };
		1D3623240D0F684500981E51 /* AppDelegate.h */ = {isa = PBXFileReference; fileEncoding = 4; lastKnownFileType = sourcecode.c.h; path = AppDelegate.h; sourceTree = "<group>"; };
		1D3623250D0F684500981E51 /* AppDelegate.m */ = {isa = PBXFileReference; fileEncoding = 4; lastKnownFileType = sourcecode.c.objc; path = AppDelegate.m; sourceTree = "<group>"; };
		1D6058910D05DD3D006BFB54 /* SafeDriver.app */ = {isa = PBXFileReference; explicitFileType = wrapper.application; includeInIndex = 0; path = SafeDriver.app; sourceTree = BUILT_PRODUCTS_DIR; };
		1DBE62AAAD7045C1B6C7E582 /* libGTMSessionFetcher_core.a */ = {isa = PBXFileReference; explicitFileType = undefined; fileEncoding = 9; includeInIndex = 0; lastKnownFileType = archive.ar; name = libGTMSessionFetcher_core.a; path = "SafeDriver/Plugins/phonegap-plugin-push/GCM/Libraries/libGTMSessionFetcher_core.a"; sourceTree = "<group>"; };
		1F49F964E8DE461991012178 /* FileUtility.h */ = {isa = PBXFileReference; explicitFileType = undefined; fileEncoding = 4; includeInIndex = 0; lastKnownFileType = sourcecode.c.h; name = FileUtility.h; path = cc.fovea.cordova.purchase/FileUtility.h; sourceTree = "<group>"; };
		2042C305D128432AAE61A431 /* FileUtility.m */ = {isa = PBXFileReference; explicitFileType = undefined; fileEncoding = 4; includeInIndex = 0; lastKnownFileType = sourcecode.c.objc; name = FileUtility.m; path = cc.fovea.cordova.purchase/FileUtility.m; sourceTree = "<group>"; };
		21775C8C36FB4561995D6F21 /* GoogleCloudMessaging.h */ = {isa = PBXFileReference; explicitFileType = undefined; fileEncoding = 4; includeInIndex = 0; lastKnownFileType = sourcecode.c.h; name = GoogleCloudMessaging.h; path = "phonegap-plugin-push/GCM/Headers/GoogleCloudMessaging.h"; sourceTree = "<group>"; };
		21CB7F64D1CC404F92E58C0F /* CDVLocationManager.h */ = {isa = PBXFileReference; explicitFileType = undefined; fileEncoding = 4; includeInIndex = 0; lastKnownFileType = sourcecode.c.h; name = CDVLocationManager.h; path = com.unarin.cordova.beacon/CDVLocationManager.h; sourceTree = "<group>"; };
		234BCA4F25A644F0893F2EB1 /* SKProduct+LocalizedPrice.m */ = {isa = PBXFileReference; explicitFileType = undefined; fileEncoding = 4; includeInIndex = 0; lastKnownFileType = sourcecode.c.objc; name = "SKProduct+LocalizedPrice.m"; path = "cc.fovea.cordova.purchase/SKProduct+LocalizedPrice.m"; sourceTree = "<group>"; };
		299C4966CA4D4B4385D20B91 /* CDVStatusBar.h */ = {isa = PBXFileReference; explicitFileType = undefined; fileEncoding = 4; includeInIndex = 0; lastKnownFileType = sourcecode.c.h; name = CDVStatusBar.h; path = "cordova-plugin-statusbar/CDVStatusBar.h"; sourceTree = "<group>"; };
		29B97316FDCFA39411CA2CEA /* main.m */ = {isa = PBXFileReference; fileEncoding = 4; lastKnownFileType = sourcecode.c.objc; path = main.m; sourceTree = "<group>"; };
		2E534454AB78426E984EC034 /* AppDelegate+APPAppEvent.m */ = {isa = PBXFileReference; explicitFileType = undefined; fileEncoding = 4; includeInIndex = 0; lastKnownFileType = sourcecode.c.objc; name = "AppDelegate+APPAppEvent.m"; path = "cordova-plugin-app-event/AppDelegate+APPAppEvent.m"; sourceTree = "<group>"; };
		2E6DFED7ED224553AD3C611C /* GGLInstanceIDConfig.h */ = {isa = PBXFileReference; explicitFileType = undefined; fileEncoding = 4; includeInIndex = 0; lastKnownFileType = sourcecode.c.h; name = GGLInstanceIDConfig.h; path = "phonegap-plugin-push/GCM/Headers/GGLInstanceIDConfig.h"; sourceTree = "<group>"; };
		2EF953206D244E60A77105DC /* AVFoundation.framework */ = {isa = PBXFileReference; explicitFileType = undefined; fileEncoding = 9; includeInIndex = 0; lastKnownFileType = wrapper.framework; name = AVFoundation.framework; path = System/Library/Frameworks/AVFoundation.framework; sourceTree = SDKROOT; };
		301BF52D109A57CC0062928A /* CordovaLib.xcodeproj */ = {isa = PBXFileReference; lastKnownFileType = "wrapper.pb-project"; name = CordovaLib.xcodeproj; path = CordovaLib/CordovaLib.xcodeproj; sourceTree = "<group>"; };
		301BF56E109A69640062928A /* www */ = {isa = PBXFileReference; lastKnownFileType = folder; path = www; sourceTree = SOURCE_ROOT; };
		302D95EE14D2391D003F00A1 /* MainViewController.h */ = {isa = PBXFileReference; fileEncoding = 4; lastKnownFileType = sourcecode.c.h; path = MainViewController.h; sourceTree = "<group>"; };
		302D95EF14D2391D003F00A1 /* MainViewController.m */ = {isa = PBXFileReference; fileEncoding = 4; lastKnownFileType = sourcecode.c.objc; path = MainViewController.m; sourceTree = "<group>"; };
		302D95F014D2391D003F00A1 /* MainViewController.xib */ = {isa = PBXFileReference; fileEncoding = 4; lastKnownFileType = file.xib; path = MainViewController.xib; sourceTree = "<group>"; };
		3047A50F1AB8059700498E2A /* build-debug.xcconfig */ = {isa = PBXFileReference; fileEncoding = 4; lastKnownFileType = text.xcconfig; name = "build-debug.xcconfig"; path = "cordova/build-debug.xcconfig"; sourceTree = SOURCE_ROOT; };
		3047A5101AB8059700498E2A /* build-release.xcconfig */ = {isa = PBXFileReference; fileEncoding = 4; lastKnownFileType = text.xcconfig; name = "build-release.xcconfig"; path = "cordova/build-release.xcconfig"; sourceTree = SOURCE_ROOT; };
		3047A5111AB8059700498E2A /* build.xcconfig */ = {isa = PBXFileReference; fileEncoding = 4; lastKnownFileType = text.xcconfig; name = build.xcconfig; path = cordova/build.xcconfig; sourceTree = SOURCE_ROOT; };
		30C8DEB6CFB64714B67C11E9 /* libGTMSessionFetcher_full.a */ = {isa = PBXFileReference; explicitFileType = undefined; fileEncoding = 9; includeInIndex = 0; lastKnownFileType = archive.ar; name = libGTMSessionFetcher_full.a; path = "SafeDriver/Plugins/phonegap-plugin-push/GCM/Libraries/libGTMSessionFetcher_full.a"; sourceTree = "<group>"; };
		32BA399A23374E019CDADF65 /* UIApplication+APPLocalNotification.h */ = {isa = PBXFileReference; explicitFileType = undefined; fileEncoding = 4; includeInIndex = 0; lastKnownFileType = sourcecode.c.h; name = "UIApplication+APPLocalNotification.h"; path = "de.appplant.cordova.plugin.local-notification/UIApplication+APPLocalNotification.h"; sourceTree = "<group>"; };
		32CA4F630368D1EE00C91783 /* SafeDriver-Prefix.pch */ = {isa = PBXFileReference; fileEncoding = 4; lastKnownFileType = sourcecode.c.h; path = "SafeDriver-Prefix.pch"; sourceTree = "<group>"; };
		353506C037354D8CBE1E72CA /* GAIEcommerceProductAction.h */ = {isa = PBXFileReference; explicitFileType = undefined; fileEncoding = 4; includeInIndex = 0; lastKnownFileType = sourcecode.c.h; name = GAIEcommerceProductAction.h; path = "cordova-plugin-google-analytics/GAIEcommerceProductAction.h"; sourceTree = "<group>"; };
		36014F7AA3DB41C78B4FEF34 /* UILocalNotification+APPLocalNotification.h */ = {isa = PBXFileReference; explicitFileType = undefined; fileEncoding = 4; includeInIndex = 0; lastKnownFileType = sourcecode.c.h; name = "UILocalNotification+APPLocalNotification.h"; path = "de.appplant.cordova.plugin.local-notification/UILocalNotification+APPLocalNotification.h"; sourceTree = "<group>"; };
		37354AAF201F4A55AFEBBDF4 /* GCMReceiverDelegate.h */ = {isa = PBXFileReference; explicitFileType = undefined; fileEncoding = 4; includeInIndex = 0; lastKnownFileType = sourcecode.c.h; name = GCMReceiverDelegate.h; path = "phonegap-plugin-push/GCM/Headers/GCMReceiverDelegate.h"; sourceTree = "<group>"; };
		392FD177C6A340008CD461F7 /* GAIEcommercePromotion.h */ = {isa = PBXFileReference; explicitFileType = undefined; fileEncoding = 4; includeInIndex = 0; lastKnownFileType = sourcecode.c.h; name = GAIEcommercePromotion.h; path = "cordova-plugin-google-analytics/GAIEcommercePromotion.h"; sourceTree = "<group>"; };
		3972261F42A44690863029A4 /* GCMConfig.h */ = {isa = PBXFileReference; explicitFileType = undefined; fileEncoding = 4; includeInIndex = 0; lastKnownFileType = sourcecode.c.h; name = GCMConfig.h; path = "phonegap-plugin-push/GCM/Headers/GCMConfig.h"; sourceTree = "<group>"; };
		399E56318D8F46B7B2815AC2 /* libGTM_StringEncoding.a */ = {isa = PBXFileReference; explicitFileType = undefined; fileEncoding = 9; includeInIndex = 0; lastKnownFileType = archive.ar; name = libGTM_StringEncoding.a; path = "SafeDriver/Plugins/phonegap-plugin-push/GCM/Libraries/libGTM_StringEncoding.a"; sourceTree = "<group>"; };
		3D903C5B1CCEF03A0035CFB2 /* paper.png */ = {isa = PBXFileReference; lastKnownFileType = image.png; path = paper.png; sourceTree = "<group>"; };
		3D903C5C1CCEF03A0035CFB2 /* toggle.png */ = {isa = PBXFileReference; lastKnownFileType = image.png; path = toggle.png; sourceTree = "<group>"; };
		3E0ED4DD29004E229416D175 /* UILocalNotification+APPLocalNotification.m */ = {isa = PBXFileReference; explicitFileType = undefined; fileEncoding = 4; includeInIndex = 0; lastKnownFileType = sourcecode.c.objc; name = "UILocalNotification+APPLocalNotification.m"; path = "de.appplant.cordova.plugin.local-notification/UILocalNotification+APPLocalNotification.m"; sourceTree = "<group>"; };
		3EC8553E37984BE28C3BA5A3 /* GCMService.h */ = {isa = PBXFileReference; explicitFileType = undefined; fileEncoding = 4; includeInIndex = 0; lastKnownFileType = sourcecode.c.h; name = GCMService.h; path = "phonegap-plugin-push/GCM/Headers/GCMService.h"; sourceTree = "<group>"; };
		3F1C6E956B2A4BBB9105C287 /* APPLocalNotificationOptions.h */ = {isa = PBXFileReference; explicitFileType = undefined; fileEncoding = 4; includeInIndex = 0; lastKnownFileType = sourcecode.c.h; name = APPLocalNotificationOptions.h; path = "de.appplant.cordova.plugin.local-notification/APPLocalNotificationOptions.h"; sourceTree = "<group>"; };
		43FF261E5DCF4F5B9A81DF97 /* CDVConnection.m */ = {isa = PBXFileReference; explicitFileType = undefined; fileEncoding = 4; includeInIndex = 0; lastKnownFileType = sourcecode.c.objc; name = CDVConnection.m; path = "cordova-plugin-network-information/CDVConnection.m"; sourceTree = "<group>"; };
		443E405D9EB5491EA65F6467 /* libGTM_NSDictionary+URLArguments.a */ = {isa = PBXFileReference; explicitFileType = undefined; fileEncoding = 9; includeInIndex = 0; lastKnownFileType = archive.ar; name = "libGTM_NSDictionary+URLArguments.a"; path = "SafeDriver/Plugins/phonegap-plugin-push/GCM/Libraries/libGTM_NSDictionary+URLArguments.a"; sourceTree = "<group>"; };
		465998D7FF4041E58C3E311C /* GAIEcommerceProduct.h */ = {isa = PBXFileReference; explicitFileType = undefined; fileEncoding = 4; includeInIndex = 0; lastKnownFileType = sourcecode.c.h; name = GAIEcommerceProduct.h; path = "cordova-plugin-google-analytics/GAIEcommerceProduct.h"; sourceTree = "<group>"; };
		4D74254B351E4ABBB751C1A0 /* CDVPlugin+APPAppEvent.h */ = {isa = PBXFileReference; explicitFileType = undefined; fileEncoding = 4; includeInIndex = 0; lastKnownFileType = sourcecode.c.h; name = "CDVPlugin+APPAppEvent.h"; path = "cordova-plugin-app-event/CDVPlugin+APPAppEvent.h"; sourceTree = "<group>"; };
		53C8F29E9AE2497EB43ACE24 /* libz.tbd */ = {isa = PBXFileReference; explicitFileType = undefined; fileEncoding = 9; includeInIndex = 0; lastKnownFileType = unknown; path = libz.tbd; sourceTree = "<group>"; };
		56A313FDA65A427ABF9E959C /* InAppPurchase.h */ = {isa = PBXFileReference; explicitFileType = undefined; fileEncoding = 4; includeInIndex = 0; lastKnownFileType = sourcecode.c.h; name = InAppPurchase.h; path = cc.fovea.cordova.purchase/InAppPurchase.h; sourceTree = "<group>"; };
		58C276555DBB419B82017295 /* StoreKit.framework */ = {isa = PBXFileReference; explicitFileType = undefined; fileEncoding = 9; includeInIndex = 0; lastKnownFileType = wrapper.framework; name = StoreKit.framework; path = System/Library/Frameworks/StoreKit.framework; sourceTree = SDKROOT; };
		5A34242B420A4BD5AA88B08F /* APPLocalNotification.h */ = {isa = PBXFileReference; explicitFileType = undefined; fileEncoding = 4; includeInIndex = 0; lastKnownFileType = sourcecode.c.h; name = APPLocalNotification.h; path = "de.appplant.cordova.plugin.local-notification/APPLocalNotification.h"; sourceTree = "<group>"; };
		5EC189323A084DB6A83E22D9 /* CDVNotification.bundle */ = {isa = PBXFileReference; explicitFileType = undefined; fileEncoding = 9; includeInIndex = 0; lastKnownFileType = "wrapper.plug-in"; path = CDVNotification.bundle; sourceTree = "<group>"; };
		600BAE8C48CB46158C336C20 /* SKProduct+LocalizedPrice.h */ = {isa = PBXFileReference; explicitFileType = undefined; fileEncoding = 4; includeInIndex = 0; lastKnownFileType = sourcecode.c.h; name = "SKProduct+LocalizedPrice.h"; path = "cc.fovea.cordova.purchase/SKProduct+LocalizedPrice.h"; sourceTree = "<group>"; };
		611E5BA8DDEB4DE29C6AB337 /* AppDelegate+notification.m */ = {isa = PBXFileReference; explicitFileType = undefined; fileEncoding = 4; includeInIndex = 0; lastKnownFileType = sourcecode.c.objc; name = "AppDelegate+notification.m"; path = "phonegap-plugin-push/AppDelegate+notification.m"; sourceTree = "<group>"; };
		614DF6152897401E85E24CBD /* appbeep.wav */ = {isa = PBXFileReference; explicitFileType = undefined; fileEncoding = 9; includeInIndex = 0; lastKnownFileType = unknown; path = appbeep.wav; sourceTree = "<group>"; };
		61EC03CB5CB4447994F553EB /* CDVConnection.h */ = {isa = PBXFileReference; explicitFileType = undefined; fileEncoding = 4; includeInIndex = 0; lastKnownFileType = sourcecode.c.h; name = CDVConnection.h; path = "cordova-plugin-network-information/CDVConnection.h"; sourceTree = "<group>"; };
		64608BDF1B9740CAA7CD98D5 /* CDVSound.h */ = {isa = PBXFileReference; explicitFileType = undefined; fileEncoding = 4; includeInIndex = 0; lastKnownFileType = sourcecode.c.h; name = CDVSound.h; path = "cordova-plugin-media/CDVSound.h"; sourceTree = "<group>"; };
		6469303584E14B2B8C83772F /* CDVWKWebViewUIDelegate.h */ = {isa = PBXFileReference; explicitFileType = undefined; fileEncoding = 4; includeInIndex = 0; lastKnownFileType = sourcecode.c.h; name = CDVWKWebViewUIDelegate.h; path = "cordova-plugin-wkwebview-engine/CDVWKWebViewUIDelegate.h"; sourceTree = "<group>"; };
		651BA6CC55B247ABB1F9A561 /* libGTM_NSData+zlib.a */ = {isa = PBXFileReference; explicitFileType = undefined; fileEncoding = 9; includeInIndex = 0; lastKnownFileType = archive.ar; name = "libGTM_NSData+zlib.a"; path = "SafeDriver/Plugins/phonegap-plugin-push/GCM/Libraries/libGTM_NSData+zlib.a"; sourceTree = "<group>"; };
		65C066FD1AEA451A864424A7 /* CDVBackgroundGeoLocation.m */ = {isa = PBXFileReference; explicitFileType = undefined; fileEncoding = 4; includeInIndex = 0; lastKnownFileType = sourcecode.c.objc; name = CDVBackgroundGeoLocation.m; path = "cordova-plugin-mauron85-background-geolocation/CDVBackgroundGeoLocation.m"; sourceTree = "<group>"; };
		6B8D9121842B42E7B5528370 /* ThreeDeeTouch.m */ = {isa = PBXFileReference; explicitFileType = undefined; fileEncoding = 4; includeInIndex = 0; lastKnownFileType = sourcecode.c.objc; name = ThreeDeeTouch.m; path = "cordova-plugin-3dtouch/ThreeDeeTouch.m"; sourceTree = "<group>"; };
		6DA5FEE210A54B37B19A51D1 /* libGTM_core.a */ = {isa = PBXFileReference; explicitFileType = undefined; fileEncoding = 9; includeInIndex = 0; lastKnownFileType = archive.ar; name = libGTM_core.a; path = "SafeDriver/Plugins/phonegap-plugin-push/GCM/Libraries/libGTM_core.a"; sourceTree = "<group>"; };
		6FBF8A2C1343422BB51A9EB1 /* CDVStatusBar.m */ = {isa = PBXFileReference; explicitFileType = undefined; fileEncoding = 4; includeInIndex = 0; lastKnownFileType = sourcecode.c.objc; name = CDVStatusBar.m; path = "cordova-plugin-statusbar/CDVStatusBar.m"; sourceTree = "<group>"; };
		747099D2CBBB4732A050C43D /* libGTM_SystemVersion.a */ = {isa = PBXFileReference; explicitFileType = undefined; fileEncoding = 9; includeInIndex = 0; lastKnownFileType = archive.ar; name = libGTM_SystemVersion.a; path = "SafeDriver/Plugins/phonegap-plugin-push/GCM/Libraries/libGTM_SystemVersion.a"; sourceTree = "<group>"; };
		77D10E61A0E5410188CD8CC1 /* CDVFile.m */ = {isa = PBXFileReference; explicitFileType = undefined; fileEncoding = 4; includeInIndex = 0; lastKnownFileType = sourcecode.c.objc; name = CDVFile.m; path = "cordova-plugin-file/CDVFile.m"; sourceTree = "<group>"; };
		79CD51282B9041E18941031E /* GAIFields.h */ = {isa = PBXFileReference; explicitFileType = undefined; fileEncoding = 4; includeInIndex = 0; lastKnownFileType = sourcecode.c.h; name = GAIFields.h; path = "cordova-plugin-google-analytics/GAIFields.h"; sourceTree = "<group>"; };
		7E863033B69A4C44A50622C5 /* ThreeDeeTouch.h */ = {isa = PBXFileReference; explicitFileType = undefined; fileEncoding = 4; includeInIndex = 0; lastKnownFileType = sourcecode.c.h; name = ThreeDeeTouch.h; path = "cordova-plugin-3dtouch/ThreeDeeTouch.h"; sourceTree = "<group>"; };
		8328F028182C49B18D1BA31E /* CDVSound.m */ = {isa = PBXFileReference; explicitFileType = undefined; fileEncoding = 4; includeInIndex = 0; lastKnownFileType = sourcecode.c.objc; name = CDVSound.m; path = "cordova-plugin-media/CDVSound.m"; sourceTree = "<group>"; };
		83E318FF49614D5A9ABF8B43 /* UIApplication+APPLocalNotification.m */ = {isa = PBXFileReference; explicitFileType = undefined; fileEncoding = 4; includeInIndex = 0; lastKnownFileType = sourcecode.c.objc; name = "UIApplication+APPLocalNotification.m"; path = "de.appplant.cordova.plugin.local-notification/UIApplication+APPLocalNotification.m"; sourceTree = "<group>"; };
		85F7A5B18FCB4892A62425CC /* AppDelegate+notification.h */ = {isa = PBXFileReference; explicitFileType = undefined; fileEncoding = 4; includeInIndex = 0; lastKnownFileType = sourcecode.c.h; name = "AppDelegate+notification.h"; path = "phonegap-plugin-push/AppDelegate+notification.h"; sourceTree = "<group>"; };
		88DA24CF5ED24050BA486848 /* CDVWKWebViewUIDelegate.m */ = {isa = PBXFileReference; explicitFileType = undefined; fileEncoding = 4; includeInIndex = 0; lastKnownFileType = sourcecode.c.objc; name = CDVWKWebViewUIDelegate.m; path = "cordova-plugin-wkwebview-engine/CDVWKWebViewUIDelegate.m"; sourceTree = "<group>"; };
		8A33A4773783469BB87D2AB9 /* PowerManagement.h */ = {isa = PBXFileReference; explicitFileType = undefined; fileEncoding = 4; includeInIndex = 0; lastKnownFileType = sourcecode.c.h; name = PowerManagement.h; path = "cordova-plugin-powermanagement/PowerManagement.h"; sourceTree = "<group>"; };
		8A97FAAB928140E2AED01E01 /* APPLocalNotification.m */ = {isa = PBXFileReference; explicitFileType = undefined; fileEncoding = 4; includeInIndex = 0; lastKnownFileType = sourcecode.c.objc; name = APPLocalNotification.m; path = "de.appplant.cordova.plugin.local-notification/APPLocalNotification.m"; sourceTree = "<group>"; };
		8D1107310486CEB800E47090 /* SafeDriver-Info.plist */ = {isa = PBXFileReference; fileEncoding = 4; lastKnownFileType = text.plist.xml; name = "SafeDriver-Info.plist"; path = "SafeDriver/SafeDriver-Info.plist"; plistStructureDefinitionIdentifier = "com.apple.xcode.plist.structure-definition.iphone.info-plist"; sourceTree = SOURCE_ROOT; };
		8DFFABA09F6C4283BB9D98C9 /* AppDelegate+threedeetouch.m */ = {isa = PBXFileReference; explicitFileType = undefined; fileEncoding = 4; includeInIndex = 0; lastKnownFileType = sourcecode.c.objc; name = "AppDelegate+threedeetouch.m"; path = "cordova-plugin-3dtouch/AppDelegate+threedeetouch.m"; sourceTree = "<group>"; };
		8E889B54BC4C4A7C84D8ED70 /* libsqlite3.tbd */ = {isa = PBXFileReference; explicitFileType = undefined; fileEncoding = 9; includeInIndex = 0; lastKnownFileType = unknown; path = libsqlite3.tbd; sourceTree = "<group>"; };
		8EECBC9DD2914623ACBE9BFB /* CDVWKWebViewEngine.m */ = {isa = PBXFileReference; explicitFileType = undefined; fileEncoding = 4; includeInIndex = 0; lastKnownFileType = sourcecode.c.objc; name = CDVWKWebViewEngine.m; path = "cordova-plugin-wkwebview-engine/CDVWKWebViewEngine.m"; sourceTree = "<group>"; };
		91DF8C829E804EE38F1BA10E /* CDVReachability.m */ = {isa = PBXFileReference; explicitFileType = undefined; fileEncoding = 4; includeInIndex = 0; lastKnownFileType = sourcecode.c.objc; name = CDVReachability.m; path = "cordova-plugin-network-information/CDVReachability.m"; sourceTree = "<group>"; };
		962E027FF9914B27968950EA /* CDVReachability.h */ = {isa = PBXFileReference; explicitFileType = undefined; fileEncoding = 4; includeInIndex = 0; lastKnownFileType = sourcecode.c.h; name = CDVReachability.h; path = "cordova-plugin-network-information/CDVReachability.h"; sourceTree = "<group>"; };
		966EB895B1204B2EBD8F9DDE /* GAITrackedViewController.h */ = {isa = PBXFileReference; explicitFileType = undefined; fileEncoding = 4; includeInIndex = 0; lastKnownFileType = sourcecode.c.h; name = GAITrackedViewController.h; path = "cordova-plugin-google-analytics/GAITrackedViewController.h"; sourceTree = "<group>"; };
		97C2A551E36C4D539CB15041 /* libGTMStackTrace.a */ = {isa = PBXFileReference; explicitFileType = undefined; fileEncoding = 9; includeInIndex = 0; lastKnownFileType = archive.ar; name = libGTMStackTrace.a; path = "SafeDriver/Plugins/phonegap-plugin-push/GCM/Libraries/libGTMStackTrace.a"; sourceTree = "<group>"; };
		9B79FDD267314CE9B55FBAA9 /* CDVWKWebViewEngine.h */ = {isa = PBXFileReference; explicitFileType = undefined; fileEncoding = 4; includeInIndex = 0; lastKnownFileType = sourcecode.c.h; name = CDVWKWebViewEngine.h; path = "cordova-plugin-wkwebview-engine/CDVWKWebViewEngine.h"; sourceTree = "<group>"; };
		9B89AB95C63F449384F7EDD0 /* GGLInstanceID.h */ = {isa = PBXFileReference; explicitFileType = undefined; fileEncoding = 4; includeInIndex = 0; lastKnownFileType = sourcecode.c.h; name = GGLInstanceID.h; path = "phonegap-plugin-push/GCM/Headers/GGLInstanceID.h"; sourceTree = "<group>"; };
		9BB751669E2245E1A4EDF869 /* GAITracker.h */ = {isa = PBXFileReference; explicitFileType = undefined; fileEncoding = 4; includeInIndex = 0; lastKnownFileType = sourcecode.c.h; name = GAITracker.h; path = "cordova-plugin-google-analytics/GAITracker.h"; sourceTree = "<group>"; };
		9C08DE68B82F43FEA71190CB /* GGLInstanceIDDelegate.h */ = {isa = PBXFileReference; explicitFileType = undefined; fileEncoding = 4; includeInIndex = 0; lastKnownFileType = sourcecode.c.h; name = GGLInstanceIDDelegate.h; path = "phonegap-plugin-push/GCM/Headers/GGLInstanceIDDelegate.h"; sourceTree = "<group>"; };
		9C2D61B5C0834F98B16762A6 /* APPBackgroundMode.h */ = {isa = PBXFileReference; explicitFileType = undefined; fileEncoding = 4; includeInIndex = 0; lastKnownFileType = sourcecode.c.h; name = APPBackgroundMode.h; path = "de.appplant.cordova.plugin.background-mode/APPBackgroundMode.h"; sourceTree = "<group>"; };
		9E24BED3EAE941059BBB7387 /* CDVGlobalization.h */ = {isa = PBXFileReference; explicitFileType = undefined; fileEncoding = 4; includeInIndex = 0; lastKnownFileType = sourcecode.c.h; name = CDVGlobalization.h; path = "cordova-plugin-globalization/CDVGlobalization.h"; sourceTree = "<group>"; };
		9EE8B37A6DA8401BAE1610CA /* CDVLocalFilesystem.m */ = {isa = PBXFileReference; explicitFileType = undefined; fileEncoding = 4; includeInIndex = 0; lastKnownFileType = sourcecode.c.objc; name = CDVLocalFilesystem.m; path = "cordova-plugin-file/CDVLocalFilesystem.m"; sourceTree = "<group>"; };
		9FA2F6A3892A489C87B9B753 /* LMLogger.m */ = {isa = PBXFileReference; explicitFileType = undefined; fileEncoding = 4; includeInIndex = 0; lastKnownFileType = sourcecode.c.objc; name = LMLogger.m; path = com.unarin.cordova.beacon/LMLogger.m; sourceTree = "<group>"; };
		A037ABD51E2C4D6597116497 /* AudioToolbox.framework */ = {isa = PBXFileReference; explicitFileType = undefined; fileEncoding = 9; includeInIndex = 0; lastKnownFileType = wrapper.framework; name = AudioToolbox.framework; path = System/Library/Frameworks/AudioToolbox.framework; sourceTree = SDKROOT; };
		A2600D5045894FA7A368FF8C /* libz.dylib */ = {isa = PBXFileReference; explicitFileType = undefined; fileEncoding = 9; includeInIndex = 0; lastKnownFileType = "compiled.mach-o.dylib"; name = libz.dylib; path = usr/lib/libz.dylib; sourceTree = SDKROOT; };
		A34451C1588E4690A3DD49D7 /* libProtocolBuffers.a */ = {isa = PBXFileReference; explicitFileType = undefined; fileEncoding = 9; includeInIndex = 0; lastKnownFileType = archive.ar; name = libProtocolBuffers.a; path = "SafeDriver/Plugins/phonegap-plugin-push/GCM/Libraries/libProtocolBuffers.a"; sourceTree = "<group>"; };
		A6B1D3564DD543ABADB8D05F /* InAppPurchase.m */ = {isa = PBXFileReference; explicitFileType = undefined; fileEncoding = 4; includeInIndex = 0; lastKnownFileType = sourcecode.c.objc; name = InAppPurchase.m; path = cc.fovea.cordova.purchase/InAppPurchase.m; sourceTree = "<group>"; };
		A6BB635B76B144FD9FD9639E /* CDVBackgroundGeoLocation.h */ = {isa = PBXFileReference; explicitFileType = undefined; fileEncoding = 4; includeInIndex = 0; lastKnownFileType = sourcecode.c.h; name = CDVBackgroundGeoLocation.h; path = "cordova-plugin-mauron85-background-geolocation/CDVBackgroundGeoLocation.h"; sourceTree = "<group>"; };
		A91EDFC3BC26482782AAB51D /* CDVNotification.m */ = {isa = PBXFileReference; explicitFileType = undefined; fileEncoding = 4; includeInIndex = 0; lastKnownFileType = sourcecode.c.objc; name = CDVNotification.m; path = "cordova-plugin-dialogs/CDVNotification.m"; sourceTree = "<group>"; };
		A9F5498364FA41F4869FD90E /* GCMPubSub.h */ = {isa = PBXFileReference; explicitFileType = undefined; fileEncoding = 4; includeInIndex = 0; lastKnownFileType = sourcecode.c.h; name = GCMPubSub.h; path = "phonegap-plugin-push/GCM/Headers/GCMPubSub.h"; sourceTree = "<group>"; };
		AA1B0186EBD14430B10EC567 /* UniversalAnalyticsPlugin.h */ = {isa = PBXFileReference; explicitFileType = undefined; fileEncoding = 4; includeInIndex = 0; lastKnownFileType = sourcecode.c.h; name = UniversalAnalyticsPlugin.h; path = "cordova-plugin-google-analytics/UniversalAnalyticsPlugin.h"; sourceTree = "<group>"; };
		AA44C668F21B40ECBFB39C97 /* GGLContext+CloudMessaging.h */ = {isa = PBXFileReference; explicitFileType = undefined; fileEncoding = 4; includeInIndex = 0; lastKnownFileType = sourcecode.c.h; name = "GGLContext+CloudMessaging.h"; path = "phonegap-plugin-push/GCM/Headers/GGLContext+CloudMessaging.h"; sourceTree = "<group>"; };
		AD7A9F90C6ED4F9C90FAAC79 /* libGTM_DebugUtils.a */ = {isa = PBXFileReference; explicitFileType = undefined; fileEncoding = 9; includeInIndex = 0; lastKnownFileType = archive.ar; name = libGTM_DebugUtils.a; path = "SafeDriver/Plugins/phonegap-plugin-push/GCM/Libraries/libGTM_DebugUtils.a"; sourceTree = "<group>"; };
		AEDE8F30DA4C465FAC8C0255 /* CoreData.framework */ = {isa = PBXFileReference; explicitFileType = undefined; fileEncoding = 9; includeInIndex = 0; lastKnownFileType = wrapper.framework; name = CoreData.framework; path = System/Library/Frameworks/CoreData.framework; sourceTree = SDKROOT; };
		B2FD51C493C94A0D9E891A75 /* CDVAssetLibraryFilesystem.h */ = {isa = PBXFileReference; explicitFileType = undefined; fileEncoding = 4; includeInIndex = 0; lastKnownFileType = sourcecode.c.h; name = CDVAssetLibraryFilesystem.h; path = "cordova-plugin-file/CDVAssetLibraryFilesystem.h"; sourceTree = "<group>"; };
		B400BFDA09F5440D9A00DA08 /* libGIP_Reachability.a */ = {isa = PBXFileReference; explicitFileType = undefined; fileEncoding = 9; includeInIndex = 0; lastKnownFileType = archive.ar; name = libGIP_Reachability.a; path = "SafeDriver/Plugins/phonegap-plugin-push/GCM/Libraries/libGIP_Reachability.a"; sourceTree = "<group>"; };
		B65AC241D1FC45A399F3B96D /* libsqlite3.dylib */ = {isa = PBXFileReference; explicitFileType = undefined; fileEncoding = 9; includeInIndex = 0; lastKnownFileType = "compiled.mach-o.dylib"; name = libsqlite3.dylib; path = usr/lib/libsqlite3.dylib; sourceTree = SDKROOT; };
		B736FF58E8AD45218AA3A071 /* libGGLCore.a */ = {isa = PBXFileReference; explicitFileType = undefined; fileEncoding = 9; includeInIndex = 0; lastKnownFileType = archive.ar; name = libGGLCore.a; path = "SafeDriver/Plugins/phonegap-plugin-push/GCM/Libraries/libGGLCore.a"; sourceTree = "<group>"; };
		BAB5242A7BBE4078A6C8F5B3 /* PushPlugin.h */ = {isa = PBXFileReference; explicitFileType = undefined; fileEncoding = 4; includeInIndex = 0; lastKnownFileType = sourcecode.c.h; name = PushPlugin.h; path = "phonegap-plugin-push/PushPlugin.h"; sourceTree = "<group>"; };
		BB7A66899332471DB8A0D75A /* AppDelegate+threedeetouch.h */ = {isa = PBXFileReference; explicitFileType = undefined; fileEncoding = 4; includeInIndex = 0; lastKnownFileType = sourcecode.c.h; name = "AppDelegate+threedeetouch.h"; path = "cordova-plugin-3dtouch/AppDelegate+threedeetouch.h"; sourceTree = "<group>"; };
		BEAAEDEA7ECA4C0987F38DAE /* CoreTelephony.framework */ = {isa = PBXFileReference; explicitFileType = undefined; fileEncoding = 9; includeInIndex = 0; lastKnownFileType = wrapper.framework; name = CoreTelephony.framework; path = System/Library/Frameworks/CoreTelephony.framework; sourceTree = SDKROOT; };
		C0BA0FC889AB4B8FB15A4159 /* PushPlugin.m */ = {isa = PBXFileReference; explicitFileType = undefined; fileEncoding = 4; includeInIndex = 0; lastKnownFileType = sourcecode.c.objc; name = PushPlugin.m; path = "phonegap-plugin-push/PushPlugin.m"; sourceTree = "<group>"; };
		C24A058B82B4471FB7831C82 /* AppDelegate+CDVLocationManager.m */ = {isa = PBXFileReference; explicitFileType = undefined; fileEncoding = 4; includeInIndex = 0; lastKnownFileType = sourcecode.c.objc; name = "AppDelegate+CDVLocationManager.m"; path = "com.unarin.cordova.beacon/AppDelegate+CDVLocationManager.m"; sourceTree = "<group>"; };
		C30106805B7E4306944E8C22 /* YoikScreenOrientation.h */ = {isa = PBXFileReference; explicitFileType = undefined; fileEncoding = 4; includeInIndex = 0; lastKnownFileType = sourcecode.c.h; name = YoikScreenOrientation.h; path = "cordova-plugin-screen-orientation/YoikScreenOrientation.h"; sourceTree = "<group>"; };
		C712D6DF08D34DFE900A1090 /* CDVLocation.h */ = {isa = PBXFileReference; explicitFileType = undefined; fileEncoding = 4; includeInIndex = 0; lastKnownFileType = sourcecode.c.h; name = CDVLocation.h; path = "cordova-plugin-geolocation/CDVLocation.h"; sourceTree = "<group>"; };
		CADE8232525D4B1B9A5E618A /* libGSDK_Overload.a */ = {isa = PBXFileReference; explicitFileType = undefined; fileEncoding = 9; includeInIndex = 0; lastKnownFileType = archive.ar; name = libGSDK_Overload.a; path = "SafeDriver/Plugins/phonegap-plugin-push/GCM/Libraries/libGSDK_Overload.a"; sourceTree = "<group>"; };
		CB6D6CBEE52F4265AB222113 /* CDVLocation.m */ = {isa = PBXFileReference; explicitFileType = undefined; fileEncoding = 4; includeInIndex = 0; lastKnownFileType = sourcecode.c.objc; name = CDVLocation.m; path = "cordova-plugin-geolocation/CDVLocation.m"; sourceTree = "<group>"; };
		CCF81D38439549988F9E7381 /* libGGLInstanceIDLib.a */ = {isa = PBXFileReference; explicitFileType = undefined; fileEncoding = 9; includeInIndex = 0; lastKnownFileType = archive.ar; name = libGGLInstanceIDLib.a; path = "SafeDriver/Plugins/phonegap-plugin-push/GCM/Libraries/libGGLInstanceIDLib.a"; sourceTree = "<group>"; };
		CD4D85A8A39249C38409CEDD /* libGcmLib.a */ = {isa = PBXFileReference; explicitFileType = undefined; fileEncoding = 9; includeInIndex = 0; lastKnownFileType = archive.ar; name = libGcmLib.a; path = "SafeDriver/Plugins/phonegap-plugin-push/GCM/Libraries/libGcmLib.a"; sourceTree = "<group>"; };
		CF8122DB003D46FF8EB5939D /* libGTM_AddressBook.a */ = {isa = PBXFileReference; explicitFileType = undefined; fileEncoding = 9; includeInIndex = 0; lastKnownFileType = archive.ar; name = libGTM_AddressBook.a; path = "SafeDriver/Plugins/phonegap-plugin-push/GCM/Libraries/libGTM_AddressBook.a"; sourceTree = "<group>"; };
		D09987DD402547B3A75961C3 /* GAILogger.h */ = {isa = PBXFileReference; explicitFileType = undefined; fileEncoding = 4; includeInIndex = 0; lastKnownFileType = sourcecode.c.h; name = GAILogger.h; path = "cordova-plugin-google-analytics/GAILogger.h"; sourceTree = "<group>"; };
		D1A4BE0D86CE4A0BA54C3AE3 /* libGoogleAnalyticsServices.a */ = {isa = PBXFileReference; explicitFileType = undefined; fileEncoding = 9; includeInIndex = 0; lastKnownFileType = archive.ar; name = libGoogleAnalyticsServices.a; path = "SafeDriver/Plugins/cordova-plugin-google-analytics/libGoogleAnalyticsServices.a"; sourceTree = "<group>"; };
		D2517ED051334EA2A2F4D955 /* GGLInstanceIDHeaders.h */ = {isa = PBXFileReference; explicitFileType = undefined; fileEncoding = 4; includeInIndex = 0; lastKnownFileType = sourcecode.c.h; name = GGLInstanceIDHeaders.h; path = "phonegap-plugin-push/GCM/Headers/GGLInstanceIDHeaders.h"; sourceTree = "<group>"; };
		D31A369A62924E3697CBBF75 /* CDVNotification.h */ = {isa = PBXFileReference; explicitFileType = undefined; fileEncoding = 4; includeInIndex = 0; lastKnownFileType = sourcecode.c.h; name = CDVNotification.h; path = "cordova-plugin-dialogs/CDVNotification.h"; sourceTree = "<group>"; };
		D4B65B6582FE4E9CBEBA41C1 /* YoikScreenOrientation.m */ = {isa = PBXFileReference; explicitFileType = undefined; fileEncoding = 4; includeInIndex = 0; lastKnownFileType = sourcecode.c.objc; name = YoikScreenOrientation.m; path = "cordova-plugin-screen-orientation/YoikScreenOrientation.m"; sourceTree = "<group>"; };
		D4D65AF136B443FE91A80CD6 /* libGTM_Regex.a */ = {isa = PBXFileReference; explicitFileType = undefined; fileEncoding = 9; includeInIndex = 0; lastKnownFileType = archive.ar; name = libGTM_Regex.a; path = "SafeDriver/Plugins/phonegap-plugin-push/GCM/Libraries/libGTM_Regex.a"; sourceTree = "<group>"; };
		D6D9A09D868F4D4E85E82CEA /* libGTM_GTMURLBuilder.a */ = {isa = PBXFileReference; explicitFileType = undefined; fileEncoding = 9; includeInIndex = 0; lastKnownFileType = archive.ar; name = libGTM_GTMURLBuilder.a; path = "SafeDriver/Plugins/phonegap-plugin-push/GCM/Libraries/libGTM_GTMURLBuilder.a"; sourceTree = "<group>"; };
		D8A4F2FFA6344AAFA00E9D92 /* SystemConfiguration.framework */ = {isa = PBXFileReference; explicitFileType = undefined; fileEncoding = 9; includeInIndex = 0; lastKnownFileType = wrapper.framework; name = SystemConfiguration.framework; path = System/Library/Frameworks/SystemConfiguration.framework; sourceTree = SDKROOT; };
		D8B02909F1AF4D40B4D0A385 /* Core.h */ = {isa = PBXFileReference; explicitFileType = undefined; fileEncoding = 4; includeInIndex = 0; lastKnownFileType = sourcecode.c.h; name = Core.h; path = "phonegap-plugin-push/GCM/Headers/Core.h"; sourceTree = "<group>"; };
		DA1C67EFE7C04F7DAC33232A /* CoreBluetooth.framework */ = {isa = PBXFileReference; explicitFileType = undefined; fileEncoding = 9; includeInIndex = 0; lastKnownFileType = wrapper.framework; name = CoreBluetooth.framework; path = System/Library/Frameworks/CoreBluetooth.framework; sourceTree = SDKROOT; };
		DF30491ABC39410BA08DF24C /* GAIDictionaryBuilder.h */ = {isa = PBXFileReference; explicitFileType = undefined; fileEncoding = 4; includeInIndex = 0; lastKnownFileType = sourcecode.c.h; name = GAIDictionaryBuilder.h; path = "cordova-plugin-google-analytics/GAIDictionaryBuilder.h"; sourceTree = "<group>"; };
		DF8243036B984E4C935B3CBB /* libGTM_NSStringXML.a */ = {isa = PBXFileReference; explicitFileType = undefined; fileEncoding = 9; includeInIndex = 0; lastKnownFileType = archive.ar; name = libGTM_NSStringXML.a; path = "SafeDriver/Plugins/phonegap-plugin-push/GCM/Libraries/libGTM_NSStringXML.a"; sourceTree = "<group>"; };
		E140ECAF832F44DA9B233C82 /* libGTM_KVO.a */ = {isa = PBXFileReference; explicitFileType = undefined; fileEncoding = 9; includeInIndex = 0; lastKnownFileType = archive.ar; name = libGTM_KVO.a; path = "SafeDriver/Plugins/phonegap-plugin-push/GCM/Libraries/libGTM_KVO.a"; sourceTree = "<group>"; };
		E472DED2A697455AACDD06E9 /* PowerManagement.m */ = {isa = PBXFileReference; explicitFileType = undefined; fileEncoding = 4; includeInIndex = 0; lastKnownFileType = sourcecode.c.objc; name = PowerManagement.m; path = "cordova-plugin-powermanagement/PowerManagement.m"; sourceTree = "<group>"; };
		E48CA32004F949E9B792FE95 /* AppDelegate+CDVLocationManager.h */ = {isa = PBXFileReference; explicitFileType = undefined; fileEncoding = 4; includeInIndex = 0; lastKnownFileType = sourcecode.c.h; name = "AppDelegate+CDVLocationManager.h"; path = "com.unarin.cordova.beacon/AppDelegate+CDVLocationManager.h"; sourceTree = "<group>"; };
		E4A478216E0E4CA3901A17F4 /* CDVPlugin+APPAppEvent.m */ = {isa = PBXFileReference; explicitFileType = undefined; fileEncoding = 4; includeInIndex = 0; lastKnownFileType = sourcecode.c.objc; name = "CDVPlugin+APPAppEvent.m"; path = "cordova-plugin-app-event/CDVPlugin+APPAppEvent.m"; sourceTree = "<group>"; };
		E72CB313BEC44597986BCA5B /* GAIEcommerceFields.h */ = {isa = PBXFileReference; explicitFileType = undefined; fileEncoding = 4; includeInIndex = 0; lastKnownFileType = sourcecode.c.h; name = GAIEcommerceFields.h; path = "cordova-plugin-google-analytics/GAIEcommerceFields.h"; sourceTree = "<group>"; };
		E86317A9E23945E099298DB1 /* WebKit.framework */ = {isa = PBXFileReference; explicitFileType = undefined; fileEncoding = 9; includeInIndex = 0; lastKnownFileType = wrapper.framework; name = WebKit.framework; path = System/Library/Frameworks/WebKit.framework; sourceTree = SDKROOT; };
		EB87FDF31871DA8E0020F90C /* www */ = {isa = PBXFileReference; lastKnownFileType = folder; name = www; path = ../../www; sourceTree = "<group>"; };
		EB87FDF41871DAF40020F90C /* config.xml */ = {isa = PBXFileReference; lastKnownFileType = text.xml; name = config.xml; path = ../../config.xml; sourceTree = "<group>"; };
		EB8E24F8FB2C45918E731EC1 /* CDVLocalFilesystem.h */ = {isa = PBXFileReference; explicitFileType = undefined; fileEncoding = 4; includeInIndex = 0; lastKnownFileType = sourcecode.c.h; name = CDVLocalFilesystem.h; path = "cordova-plugin-file/CDVLocalFilesystem.h"; sourceTree = "<group>"; };
		EB911614B9664159A0BED79F /* CDVLocationManager.m */ = {isa = PBXFileReference; explicitFileType = undefined; fileEncoding = 4; includeInIndex = 0; lastKnownFileType = sourcecode.c.objc; name = CDVLocationManager.m; path = com.unarin.cordova.beacon/CDVLocationManager.m; sourceTree = "<group>"; };
		ECC22B38820847EA9D3FA23A /* CDVVibration.m */ = {isa = PBXFileReference; explicitFileType = undefined; fileEncoding = 4; includeInIndex = 0; lastKnownFileType = sourcecode.c.objc; name = CDVVibration.m; path = "cordova-plugin-vibration/CDVVibration.m"; sourceTree = "<group>"; };
		ED33DF2A687741AEAF9F8254 /* Bridging-Header.h */ = {isa = PBXFileReference; fileEncoding = 4; lastKnownFileType = sourcecode.c.h; path = "Bridging-Header.h"; sourceTree = "<group>"; };
		EEF1C6A16DE44DFEBB80DFDC /* libGGLCloudMessaging.a */ = {isa = PBXFileReference; explicitFileType = undefined; fileEncoding = 9; includeInIndex = 0; lastKnownFileType = archive.ar; name = libGGLCloudMessaging.a; path = "SafeDriver/Plugins/phonegap-plugin-push/GCM/Libraries/libGGLCloudMessaging.a"; sourceTree = "<group>"; };
		EFE104B8B172447899229BAB /* AddressBook.framework */ = {isa = PBXFileReference; explicitFileType = undefined; fileEncoding = 9; includeInIndex = 0; lastKnownFileType = wrapper.framework; name = AddressBook.framework; path = System/Library/Frameworks/AddressBook.framework; sourceTree = SDKROOT; };
		F3303FAB1301487F9615FF6C /* LMLogger.h */ = {isa = PBXFileReference; explicitFileType = undefined; fileEncoding = 4; includeInIndex = 0; lastKnownFileType = sourcecode.c.h; name = LMLogger.h; path = com.unarin.cordova.beacon/LMLogger.h; sourceTree = "<group>"; };
		F4677DB8A2C74D969BC531D2 /* CDVAssetLibraryFilesystem.m */ = {isa = PBXFileReference; explicitFileType = undefined; fileEncoding = 4; includeInIndex = 0; lastKnownFileType = sourcecode.c.objc; name = CDVAssetLibraryFilesystem.m; path = "cordova-plugin-file/CDVAssetLibraryFilesystem.m"; sourceTree = "<group>"; };
		F7826B934DB7498D83799A79 /* CloudMessaging.h */ = {isa = PBXFileReference; explicitFileType = undefined; fileEncoding = 4; includeInIndex = 0; lastKnownFileType = sourcecode.c.h; name = CloudMessaging.h; path = "phonegap-plugin-push/GCM/Headers/CloudMessaging.h"; sourceTree = "<group>"; };
		F840E1F0165FE0F500CFE078 /* config.xml */ = {isa = PBXFileReference; lastKnownFileType = text.xml; name = config.xml; path = SafeDriver/config.xml; sourceTree = "<group>"; };
		F8C8AC5B18134682B2A5033A /* CDVGlobalization.m */ = {isa = PBXFileReference; explicitFileType = undefined; fileEncoding = 4; includeInIndex = 0; lastKnownFileType = sourcecode.c.objc; name = CDVGlobalization.m; path = "cordova-plugin-globalization/CDVGlobalization.m"; sourceTree = "<group>"; };
		F9982C8F094E40E5AF61CF78 /* libGTM_RoundedRectPath.a */ = {isa = PBXFileReference; explicitFileType = undefined; fileEncoding = 9; includeInIndex = 0; lastKnownFileType = archive.ar; name = libGTM_RoundedRectPath.a; path = "SafeDriver/Plugins/phonegap-plugin-push/GCM/Libraries/libGTM_RoundedRectPath.a"; sourceTree = "<group>"; };
		FA716256FE4A43599345359F /* AppDelegate+APPAppEvent.h */ = {isa = PBXFileReference; explicitFileType = undefined; fileEncoding = 4; includeInIndex = 0; lastKnownFileType = sourcecode.c.h; name = "AppDelegate+APPAppEvent.h"; path = "cordova-plugin-app-event/AppDelegate+APPAppEvent.h"; sourceTree = "<group>"; };
		FAC4F80144E34AD9BE42AF37 /* GGLConfiguration.h */ = {isa = PBXFileReference; explicitFileType = undefined; fileEncoding = 4; includeInIndex = 0; lastKnownFileType = sourcecode.c.h; name = GGLConfiguration.h; path = "phonegap-plugin-push/GCM/Headers/GGLConfiguration.h"; sourceTree = "<group>"; };
		FD67D608690E42AC97E4507E /* GGLContext.h */ = {isa = PBXFileReference; explicitFileType = undefined; fileEncoding = 4; includeInIndex = 0; lastKnownFileType = sourcecode.c.h; name = GGLContext.h; path = "phonegap-plugin-push/GCM/Headers/GGLContext.h"; sourceTree = "<group>"; };
		FF9FE9F86F5349238B74C346 /* libGTM_iPhone.a */ = {isa = PBXFileReference; explicitFileType = undefined; fileEncoding = 9; includeInIndex = 0; lastKnownFileType = archive.ar; name = libGTM_iPhone.a; path = "SafeDriver/Plugins/phonegap-plugin-push/GCM/Libraries/libGTM_iPhone.a"; sourceTree = "<group>"; };
/* End PBXFileReference section */

/* Begin PBXFrameworksBuildPhase section */
		1D60588F0D05DD3D006BFB54 /* Frameworks */ = {
			isa = PBXFrameworksBuildPhase;
			buildActionMask = 2147483647;
			files = (
				301BF552109A68D80062928A /* libCordova.a in Frameworks */,
				98CC594598194877B6169872 /* StoreKit.framework in Frameworks */,
				395A6624B17A4351AD0CB89B /* CoreBluetooth.framework in Frameworks */,
				76F79EEAF5F44D87B81A9812 /* CoreLocation.framework in Frameworks */,
				BC165CAB299C494CA880EC8C /* AudioToolbox.framework in Frameworks */,
				26C8A49739F342E68683ED45 /* libGoogleAnalyticsServices.a in Frameworks */,
				240AD332FF0942338DEA68DD /* SystemConfiguration.framework in Frameworks */,
				C766FFAF4E614C8A850BBB5C /* CoreData.framework in Frameworks */,
				CDB832CF251A4A9999AD10B2 /* libz.dylib in Frameworks */,
				8B7C8D5CF2F84C44ABC96475 /* libsqlite3.dylib in Frameworks */,
				F068FE476E744E7BB45AEA84 /* AVFoundation.framework in Frameworks */,
				D0A7FA81AA0C4A8E99CC9248 /* CoreTelephony.framework in Frameworks */,
				4F8999D740154E7CB7160F8A /* WebKit.framework in Frameworks */,
				68421BF8E9944F35907D1479 /* libGGLCloudMessaging.a in Frameworks */,
				B64C5D6682A64E3EAD4DE99C /* libGGLCore.a in Frameworks */,
				5DC40547823D40B69657FE97 /* libGGLInstanceIDLib.a in Frameworks */,
				872C6B6E5E234BF4B019DC24 /* libGIP_Reachability.a in Frameworks */,
				3C93BC6E75FD489BA2D757E3 /* libGSDK_Overload.a in Frameworks */,
				FA956368EDE24797812F0C23 /* libGTMSessionFetcher_core.a in Frameworks */,
				B3B8B23DD50F438C841363AD /* libGTMSessionFetcher_full.a in Frameworks */,
				B75CCFAE21D840EFBE21C51E /* libGTMStackTrace.a in Frameworks */,
				00747B77286C4D22821B6D85 /* libGTM_AddressBook.a in Frameworks */,
				52559139113F4B53A4947734 /* libGTM_DebugUtils.a in Frameworks */,
				EFD18CE6C4BD483483DE05F1 /* libGTM_GTMURLBuilder.a in Frameworks */,
				06FF1DA44EA646D0A7CEFA67 /* libGTM_KVO.a in Frameworks */,
				F84025F8A7A2418EB4FB6C16 /* libGTM_NSData+zlib.a in Frameworks */,
				99156E94510B408AA675F7CA /* libGTM_NSDictionary+URLArguments.a in Frameworks */,
				92E4B0C771A04BA0B754054E /* libGTM_NSScannerJSON.a in Frameworks */,
				3A28B6ED15104A949906C487 /* libGTM_NSStringHTML.a in Frameworks */,
				25C7DBF62032435EA42AB944 /* libGTM_NSStringXML.a in Frameworks */,
				F0C7CDBC147F4728BA7C410D /* libGTM_Regex.a in Frameworks */,
				733CCAC7202640ADA6C0FD81 /* libGTM_RoundedRectPath.a in Frameworks */,
				1595D220539F4A09B262EEB7 /* libGTM_StringEncoding.a in Frameworks */,
				D13A82036C6A49F9BA1A9C26 /* libGTM_SystemVersion.a in Frameworks */,
				084DCD170F9C47E684481930 /* libGTM_UIFont+LineHeight.a in Frameworks */,
				969B79303B0B42E4BBFF0B81 /* libGTM_core.a in Frameworks */,
				B7F4383DFE3348E4AF3EC742 /* libGTM_iPhone.a in Frameworks */,
				431CC582A1674014B00DE568 /* libGcmLib.a in Frameworks */,
				BEBB02C6AC684705888D4457 /* libProtocolBuffers.a in Frameworks */,
				9A1431A7015940FD9F79FD6F /* AddressBook.framework in Frameworks */,
				A4B15E20C55548A68EB772D0 /* libsqlite3.tbd in Frameworks */,
				FB0BAB836A95458BAC8FF297 /* libz.tbd in Frameworks */,
			);
			runOnlyForDeploymentPostprocessing = 0;
		};
/* End PBXFrameworksBuildPhase section */

/* Begin PBXGroup section */
		080E96DDFE201D6D7F000001 /* Classes */ = {
			isa = PBXGroup;
			children = (
				302D95EE14D2391D003F00A1 /* MainViewController.h */,
				302D95EF14D2391D003F00A1 /* MainViewController.m */,
				302D95F014D2391D003F00A1 /* MainViewController.xib */,
				1D3623240D0F684500981E51 /* AppDelegate.h */,
				1D3623250D0F684500981E51 /* AppDelegate.m */,
			);
			name = Classes;
			path = SafeDriver/Classes;
			sourceTree = SOURCE_ROOT;
		};
		19C28FACFE9D520D11CA2CBB /* Products */ = {
			isa = PBXGroup;
			children = (
				1D6058910D05DD3D006BFB54 /* SafeDriver.app */,
			);
			name = Products;
			sourceTree = "<group>";
		};
		29B97314FDCFA39411CA2CEA /* CustomTemplate */ = {
			isa = PBXGroup;
			children = (
				EB87FDF41871DAF40020F90C /* config.xml */,
				EB87FDF31871DA8E0020F90C /* www */,
				EB87FDF11871DA420020F90C /* Staging */,
				301BF52D109A57CC0062928A /* CordovaLib.xcodeproj */,
				080E96DDFE201D6D7F000001 /* Classes */,
				307C750510C5A3420062BCA9 /* Plugins */,
				29B97315FDCFA39411CA2CEA /* Other Sources */,
				29B97317FDCFA39411CA2CEA /* Resources */,
				29B97323FDCFA39411CA2CEA /* Frameworks */,
				19C28FACFE9D520D11CA2CBB /* Products */,
			);
			name = CustomTemplate;
			sourceTree = "<group>";
		};
		29B97315FDCFA39411CA2CEA /* Other Sources */ = {
			isa = PBXGroup;
			children = (
				32CA4F630368D1EE00C91783 /* SafeDriver-Prefix.pch */,
				29B97316FDCFA39411CA2CEA /* main.m */,
				ED33DF2A687741AEAF9F8254 /* Bridging-Header.h */,
			);
			name = "Other Sources";
			path = SafeDriver;
			sourceTree = "<group>";
		};
		29B97317FDCFA39411CA2CEA /* Resources */ = {
			isa = PBXGroup;
			children = (
				3D903C5B1CCEF03A0035CFB2 /* paper.png */,
				3D903C5C1CCEF03A0035CFB2 /* toggle.png */,
				0207DA571B56EA530066E2B4 /* Images.xcassets */,
				3047A50E1AB8057F00498E2A /* config */,
				8D1107310486CEB800E47090 /* SafeDriver-Info.plist */,
				5EC189323A084DB6A83E22D9 /* CDVNotification.bundle */,
				614DF6152897401E85E24CBD /* appbeep.wav */,
			);
			name = Resources;
			path = SafeDriver/Resources;
			sourceTree = "<group>";
		};
		29B97323FDCFA39411CA2CEA /* Frameworks */ = {
			isa = PBXGroup;
			children = (
				58C276555DBB419B82017295 /* StoreKit.framework */,
				DA1C67EFE7C04F7DAC33232A /* CoreBluetooth.framework */,
				0A7712CD65AB427D8B0D2820 /* CoreLocation.framework */,
				A037ABD51E2C4D6597116497 /* AudioToolbox.framework */,
				D1A4BE0D86CE4A0BA54C3AE3 /* libGoogleAnalyticsServices.a */,
				D8A4F2FFA6344AAFA00E9D92 /* SystemConfiguration.framework */,
				AEDE8F30DA4C465FAC8C0255 /* CoreData.framework */,
				A2600D5045894FA7A368FF8C /* libz.dylib */,
				B65AC241D1FC45A399F3B96D /* libsqlite3.dylib */,
				2EF953206D244E60A77105DC /* AVFoundation.framework */,
				BEAAEDEA7ECA4C0987F38DAE /* CoreTelephony.framework */,
				E86317A9E23945E099298DB1 /* WebKit.framework */,
				EEF1C6A16DE44DFEBB80DFDC /* libGGLCloudMessaging.a */,
				B736FF58E8AD45218AA3A071 /* libGGLCore.a */,
				CCF81D38439549988F9E7381 /* libGGLInstanceIDLib.a */,
				B400BFDA09F5440D9A00DA08 /* libGIP_Reachability.a */,
				CADE8232525D4B1B9A5E618A /* libGSDK_Overload.a */,
				1DBE62AAAD7045C1B6C7E582 /* libGTMSessionFetcher_core.a */,
				30C8DEB6CFB64714B67C11E9 /* libGTMSessionFetcher_full.a */,
				97C2A551E36C4D539CB15041 /* libGTMStackTrace.a */,
				CF8122DB003D46FF8EB5939D /* libGTM_AddressBook.a */,
				AD7A9F90C6ED4F9C90FAAC79 /* libGTM_DebugUtils.a */,
				D6D9A09D868F4D4E85E82CEA /* libGTM_GTMURLBuilder.a */,
				E140ECAF832F44DA9B233C82 /* libGTM_KVO.a */,
				651BA6CC55B247ABB1F9A561 /* libGTM_NSData+zlib.a */,
				443E405D9EB5491EA65F6467 /* libGTM_NSDictionary+URLArguments.a */,
				0FC02123370446778E5A94D9 /* libGTM_NSScannerJSON.a */,
				05269A97B07D4CF6BD4D9B12 /* libGTM_NSStringHTML.a */,
				DF8243036B984E4C935B3CBB /* libGTM_NSStringXML.a */,
				D4D65AF136B443FE91A80CD6 /* libGTM_Regex.a */,
				F9982C8F094E40E5AF61CF78 /* libGTM_RoundedRectPath.a */,
				399E56318D8F46B7B2815AC2 /* libGTM_StringEncoding.a */,
				747099D2CBBB4732A050C43D /* libGTM_SystemVersion.a */,
				0378886A1A7F456588861332 /* libGTM_UIFont+LineHeight.a */,
				6DA5FEE210A54B37B19A51D1 /* libGTM_core.a */,
				FF9FE9F86F5349238B74C346 /* libGTM_iPhone.a */,
				CD4D85A8A39249C38409CEDD /* libGcmLib.a */,
				A34451C1588E4690A3DD49D7 /* libProtocolBuffers.a */,
				EFE104B8B172447899229BAB /* AddressBook.framework */,
				8E889B54BC4C4A7C84D8ED70 /* libsqlite3.tbd */,
				53C8F29E9AE2497EB43ACE24 /* libz.tbd */,
			);
			name = Frameworks;
			sourceTree = "<group>";
		};
		301BF52E109A57CC0062928A /* Products */ = {
			isa = PBXGroup;
			children = (
				301BF535109A57CC0062928A /* libCordova.a */,
			);
			name = Products;
			sourceTree = "<group>";
		};
		3047A50E1AB8057F00498E2A /* config */ = {
			isa = PBXGroup;
			children = (
				3047A50F1AB8059700498E2A /* build-debug.xcconfig */,
				3047A5101AB8059700498E2A /* build-release.xcconfig */,
				3047A5111AB8059700498E2A /* build.xcconfig */,
			);
			name = config;
			sourceTree = "<group>";
		};
		307C750510C5A3420062BCA9 /* Plugins */ = {
			isa = PBXGroup;
			children = (
				A6B1D3564DD543ABADB8D05F /* InAppPurchase.m */,
				234BCA4F25A644F0893F2EB1 /* SKProduct+LocalizedPrice.m */,
				2042C305D128432AAE61A431 /* FileUtility.m */,
				56A313FDA65A427ABF9E959C /* InAppPurchase.h */,
				600BAE8C48CB46158C336C20 /* SKProduct+LocalizedPrice.h */,
				1F49F964E8DE461991012178 /* FileUtility.h */,
				EB911614B9664159A0BED79F /* CDVLocationManager.m */,
				C24A058B82B4471FB7831C82 /* AppDelegate+CDVLocationManager.m */,
				9FA2F6A3892A489C87B9B753 /* LMLogger.m */,
				21CB7F64D1CC404F92E58C0F /* CDVLocationManager.h */,
				E48CA32004F949E9B792FE95 /* AppDelegate+CDVLocationManager.h */,
				F3303FAB1301487F9615FF6C /* LMLogger.h */,
				6B8D9121842B42E7B5528370 /* ThreeDeeTouch.m */,
				8DFFABA09F6C4283BB9D98C9 /* AppDelegate+threedeetouch.m */,
				7E863033B69A4C44A50622C5 /* ThreeDeeTouch.h */,
				BB7A66899332471DB8A0D75A /* AppDelegate+threedeetouch.h */,
				2E534454AB78426E984EC034 /* AppDelegate+APPAppEvent.m */,
				E4A478216E0E4CA3901A17F4 /* CDVPlugin+APPAppEvent.m */,
				FA716256FE4A43599345359F /* AppDelegate+APPAppEvent.h */,
				4D74254B351E4ABBB751C1A0 /* CDVPlugin+APPAppEvent.h */,
				0F750061AE564A14883BA764 /* APPAppEventDelegate.h */,
				0AD1284B8B4F4543905FEA20 /* CDVDevice.m */,
				1781F5915E02475E89DFF99E /* CDVDevice.h */,
				A91EDFC3BC26482782AAB51D /* CDVNotification.m */,
				D31A369A62924E3697CBBF75 /* CDVNotification.h */,
				77D10E61A0E5410188CD8CC1 /* CDVFile.m */,
				9EE8B37A6DA8401BAE1610CA /* CDVLocalFilesystem.m */,
				F4677DB8A2C74D969BC531D2 /* CDVAssetLibraryFilesystem.m */,
				0EE4051E139B4A65BBBBA672 /* CDVFile.h */,
				EB8E24F8FB2C45918E731EC1 /* CDVLocalFilesystem.h */,
				B2FD51C493C94A0D9E891A75 /* CDVAssetLibraryFilesystem.h */,
				CB6D6CBEE52F4265AB222113 /* CDVLocation.m */,
				C712D6DF08D34DFE900A1090 /* CDVLocation.h */,
				F8C8AC5B18134682B2A5033A /* CDVGlobalization.m */,
				9E24BED3EAE941059BBB7387 /* CDVGlobalization.h */,
				0A5AD32836B044478D7A25CE /* UniversalAnalyticsPlugin.m */,
				AA1B0186EBD14430B10EC567 /* UniversalAnalyticsPlugin.h */,
				DF30491ABC39410BA08DF24C /* GAIDictionaryBuilder.h */,
				79CD51282B9041E18941031E /* GAIFields.h */,
				D09987DD402547B3A75961C3 /* GAILogger.h */,
				966EB895B1204B2EBD8F9DDE /* GAITrackedViewController.h */,
				06B72A5D0A854ED7B8387597 /* GAI.h */,
				9BB751669E2245E1A4EDF869 /* GAITracker.h */,
				E72CB313BEC44597986BCA5B /* GAIEcommerceFields.h */,
				465998D7FF4041E58C3E311C /* GAIEcommerceProduct.h */,
				353506C037354D8CBE1E72CA /* GAIEcommerceProductAction.h */,
				392FD177C6A340008CD461F7 /* GAIEcommercePromotion.h */,
				65C066FD1AEA451A864424A7 /* CDVBackgroundGeoLocation.m */,
				A6BB635B76B144FD9FD9639E /* CDVBackgroundGeoLocation.h */,
				8328F028182C49B18D1BA31E /* CDVSound.m */,
				64608BDF1B9740CAA7CD98D5 /* CDVSound.h */,
				43FF261E5DCF4F5B9A81DF97 /* CDVConnection.m */,
				91DF8C829E804EE38F1BA10E /* CDVReachability.m */,
				61EC03CB5CB4447994F553EB /* CDVConnection.h */,
				962E027FF9914B27968950EA /* CDVReachability.h */,
				E472DED2A697455AACDD06E9 /* PowerManagement.m */,
				8A33A4773783469BB87D2AB9 /* PowerManagement.h */,
				D4B65B6582FE4E9CBEBA41C1 /* YoikScreenOrientation.m */,
				C30106805B7E4306944E8C22 /* YoikScreenOrientation.h */,
				6FBF8A2C1343422BB51A9EB1 /* CDVStatusBar.m */,
				299C4966CA4D4B4385D20B91 /* CDVStatusBar.h */,
				ECC22B38820847EA9D3FA23A /* CDVVibration.m */,
				0424C16017964C28825AA669 /* CDVVibration.h */,
				8EECBC9DD2914623ACBE9BFB /* CDVWKWebViewEngine.m */,
				88DA24CF5ED24050BA486848 /* CDVWKWebViewUIDelegate.m */,
				9B79FDD267314CE9B55FBAA9 /* CDVWKWebViewEngine.h */,
				6469303584E14B2B8C83772F /* CDVWKWebViewUIDelegate.h */,
				0398C4ABF0754971980FC8E6 /* APPBackgroundMode.m */,
				9C2D61B5C0834F98B16762A6 /* APPBackgroundMode.h */,
				8A97FAAB928140E2AED01E01 /* APPLocalNotification.m */,
				037266D6C99B4ED0ADF9185A /* APPLocalNotificationOptions.m */,
				83E318FF49614D5A9ABF8B43 /* UIApplication+APPLocalNotification.m */,
				3E0ED4DD29004E229416D175 /* UILocalNotification+APPLocalNotification.m */,
				5A34242B420A4BD5AA88B08F /* APPLocalNotification.h */,
				3F1C6E956B2A4BBB9105C287 /* APPLocalNotificationOptions.h */,
				32BA399A23374E019CDADF65 /* UIApplication+APPLocalNotification.h */,
				36014F7AA3DB41C78B4FEF34 /* UILocalNotification+APPLocalNotification.h */,
				611E5BA8DDEB4DE29C6AB337 /* AppDelegate+notification.m */,
				C0BA0FC889AB4B8FB15A4159 /* PushPlugin.m */,
				85F7A5B18FCB4892A62425CC /* AppDelegate+notification.h */,
				BAB5242A7BBE4078A6C8F5B3 /* PushPlugin.h */,
				9B89AB95C63F449384F7EDD0 /* GGLInstanceID.h */,
				2E6DFED7ED224553AD3C611C /* GGLInstanceIDConfig.h */,
				9C08DE68B82F43FEA71190CB /* GGLInstanceIDDelegate.h */,
				D2517ED051334EA2A2F4D955 /* GGLInstanceIDHeaders.h */,
				F7826B934DB7498D83799A79 /* CloudMessaging.h */,
				AA44C668F21B40ECBFB39C97 /* GGLContext+CloudMessaging.h */,
				D8B02909F1AF4D40B4D0A385 /* Core.h */,
				FAC4F80144E34AD9BE42AF37 /* GGLConfiguration.h */,
				FD67D608690E42AC97E4507E /* GGLContext.h */,
				124B5EE6F4B9487D82437C6F /* GGLErrorCode.h */,
				3972261F42A44690863029A4 /* GCMConfig.h */,
				A9F5498364FA41F4869FD90E /* GCMPubSub.h */,
				37354AAF201F4A55AFEBBDF4 /* GCMReceiverDelegate.h */,
				3EC8553E37984BE28C3BA5A3 /* GCMService.h */,
				21775C8C36FB4561995D6F21 /* GoogleCloudMessaging.h */,
			);
			name = Plugins;
			path = SafeDriver/Plugins;
			sourceTree = SOURCE_ROOT;
		};
		EB87FDF11871DA420020F90C /* Staging */ = {
			isa = PBXGroup;
			children = (
				F840E1F0165FE0F500CFE078 /* config.xml */,
				301BF56E109A69640062928A /* www */,
			);
			name = Staging;
			sourceTree = "<group>";
		};
/* End PBXGroup section */

/* Begin PBXNativeTarget section */
		1D6058900D05DD3D006BFB54 /* SafeDriver */ = {
			isa = PBXNativeTarget;
			buildConfigurationList = 1D6058960D05DD3E006BFB54 /* Build configuration list for PBXNativeTarget "SafeDriver" */;
			buildPhases = (
				304B58A110DAC018002A0835 /* Copy www directory */,
				1D60588D0D05DD3D006BFB54 /* Resources */,
				1D60588E0D05DD3D006BFB54 /* Sources */,
				1D60588F0D05DD3D006BFB54 /* Frameworks */,
			);
			buildRules = (
			);
			dependencies = (
				301BF551109A68C00062928A /* PBXTargetDependency */,
			);
			name = SafeDriver;
			productName = SafeDriver;
			productReference = 1D6058910D05DD3D006BFB54 /* SafeDriver.app */;
			productType = "com.apple.product-type.application";
		};
/* End PBXNativeTarget section */

/* Begin PBXProject section */
		29B97313FDCFA39411CA2CEA /* Project object */ = {
			isa = PBXProject;
			attributes = {
				LastUpgradeCheck = 510;
			};
			buildConfigurationList = C01FCF4E08A954540054247B /* Build configuration list for PBXProject "SafeDriver" */;
			compatibilityVersion = "Xcode 3.2";
			developmentRegion = English;
			hasScannedForEncodings = 1;
			knownRegions = (
				en,
			);
			mainGroup = 29B97314FDCFA39411CA2CEA /* CustomTemplate */;
			projectDirPath = "";
			projectReferences = (
				{
					ProductGroup = 301BF52E109A57CC0062928A /* Products */;
					ProjectRef = 301BF52D109A57CC0062928A /* CordovaLib.xcodeproj */;
				},
			);
			projectRoot = "";
			targets = (
				1D6058900D05DD3D006BFB54 /* SafeDriver */,
			);
		};
/* End PBXProject section */

/* Begin PBXReferenceProxy section */
		301BF535109A57CC0062928A /* libCordova.a */ = {
			isa = PBXReferenceProxy;
			fileType = archive.ar;
			path = libCordova.a;
			remoteRef = 301BF534109A57CC0062928A /* PBXContainerItemProxy */;
			sourceTree = BUILT_PRODUCTS_DIR;
		};
/* End PBXReferenceProxy section */

/* Begin PBXResourcesBuildPhase section */
		1D60588D0D05DD3D006BFB54 /* Resources */ = {
			isa = PBXResourcesBuildPhase;
			buildActionMask = 2147483647;
			files = (
				302D95F214D2391D003F00A1 /* MainViewController.xib in Resources */,
				3047A5131AB8059700498E2A /* build-release.xcconfig in Resources */,
				3047A5141AB8059700498E2A /* build.xcconfig in Resources */,
				0207DA581B56EA530066E2B4 /* Images.xcassets in Resources */,
				3D903C5D1CCEF03A0035CFB2 /* paper.png in Resources */,
				3D903C5E1CCEF03A0035CFB2 /* toggle.png in Resources */,
				3047A5121AB8059700498E2A /* build-debug.xcconfig in Resources */,
				2B6567E31C5148F4B9AE726F /* CDVNotification.bundle in Resources */,
				FD5D56F9499C4553A2CD021C /* appbeep.wav in Resources */,
			);
			runOnlyForDeploymentPostprocessing = 0;
		};
/* End PBXResourcesBuildPhase section */

/* Begin PBXShellScriptBuildPhase section */
		304B58A110DAC018002A0835 /* Copy www directory */ = {
			isa = PBXShellScriptBuildPhase;
			buildActionMask = 2147483647;
			files = (
			);
			inputPaths = (
			);
			name = "Copy www directory";
			outputPaths = (
			);
			runOnlyForDeploymentPostprocessing = 0;
			shellPath = /bin/sh;
			shellScript = "NODEJS_PATH=/usr/local/bin; NVM_NODE_PATH=~/.nvm/versions/node/`nvm version 2>/dev/null`/bin; N_NODE_PATH=`find /usr/local/n/versions/node/* -maxdepth 0 -type d 2>/dev/null | tail -1`/bin; XCODE_NODE_PATH=`xcode-select --print-path`/usr/share/xcs/Node/bin; PATH=$NODEJS_PATH:$NVM_NODE_PATH:$N_NODE_PATH:$XCODE_NODE_PATH:$PATH && node cordova/lib/copy-www-build-step.js";
			showEnvVarsInLog = 0;
		};
/* End PBXShellScriptBuildPhase section */

/* Begin PBXSourcesBuildPhase section */
		1D60588E0D05DD3D006BFB54 /* Sources */ = {
			isa = PBXSourcesBuildPhase;
			buildActionMask = 2147483647;
			files = (
				1D60589B0D05DD56006BFB54 /* main.m in Sources */,
				1D3623260D0F684500981E51 /* AppDelegate.m in Sources */,
				302D95F114D2391D003F00A1 /* MainViewController.m in Sources */,
				591A2B88268C439AB833D873 /* InAppPurchase.m in Sources */,
				31678CE758954820B9F5D45C /* SKProduct+LocalizedPrice.m in Sources */,
				898BE36BC6454DF8898CB578 /* FileUtility.m in Sources */,
				E554D78F25C945109444973A /* CDVLocationManager.m in Sources */,
				E69A262C1FD4450396B83C43 /* AppDelegate+CDVLocationManager.m in Sources */,
				5734DAF9DD1D4374A3778950 /* LMLogger.m in Sources */,
				BD21C0E488734707AA87A7E1 /* ThreeDeeTouch.m in Sources */,
				C4D90888709D473F89422172 /* AppDelegate+threedeetouch.m in Sources */,
				C06A9AA48CD740B7A7AB6ED1 /* AppDelegate+APPAppEvent.m in Sources */,
				2D6B5078D1B447F7BA9FE7C9 /* CDVPlugin+APPAppEvent.m in Sources */,
				C3F0F20A738941D69BD5E69C /* CDVDevice.m in Sources */,
				D3C4A43635C84CE19A177CD4 /* CDVNotification.m in Sources */,
				C816F20B59E04ED096FF4FFF /* CDVFile.m in Sources */,
				905B3A7850504F6C9986954E /* CDVLocalFilesystem.m in Sources */,
				637AB0F77E6D4B07BBEC309D /* CDVAssetLibraryFilesystem.m in Sources */,
				0954AD31180D47AD92B59779 /* CDVLocation.m in Sources */,
				483BC8D943774E07905123E3 /* CDVGlobalization.m in Sources */,
				2E1091D1D0F64CF5B6C83964 /* UniversalAnalyticsPlugin.m in Sources */,
				ED0CC4CDFE314E999E3B3C8C /* CDVBackgroundGeoLocation.m in Sources */,
				DCAC3523FC844277B84E61F0 /* CDVSound.m in Sources */,
				38C9499C98E94960931A3677 /* CDVConnection.m in Sources */,
				FFDDBAEEC2D5486C815A6032 /* CDVReachability.m in Sources */,
				8C01AE0524EE492C928BC495 /* PowerManagement.m in Sources */,
				0BF085BC719F49079627F1ED /* YoikScreenOrientation.m in Sources */,
				A601F23C4B4846E0B37E4B78 /* CDVStatusBar.m in Sources */,
				3B222E472DB04FD587B66729 /* CDVVibration.m in Sources */,
				998EB3E4089647C58C9BB430 /* CDVWKWebViewEngine.m in Sources */,
				9DCEB1D21C554031AEE10C55 /* CDVWKWebViewUIDelegate.m in Sources */,
				DCA9E30BF8B3466C8CD285D6 /* APPBackgroundMode.m in Sources */,
				A7F05DAB8B184BA5BFDB429C /* APPLocalNotification.m in Sources */,
				17DFE493BC22463AA66F4EE7 /* APPLocalNotificationOptions.m in Sources */,
				EF7EC118703A46DE91FC137D /* UIApplication+APPLocalNotification.m in Sources */,
				416E69623C5C4583BFFFA487 /* UILocalNotification+APPLocalNotification.m in Sources */,
				D78F848DE6C64B66BC36B7BD /* AppDelegate+notification.m in Sources */,
				824095185A2F4E14B7FAD6A3 /* PushPlugin.m in Sources */,
			);
			runOnlyForDeploymentPostprocessing = 0;
		};
/* End PBXSourcesBuildPhase section */

/* Begin PBXTargetDependency section */
		301BF551109A68C00062928A /* PBXTargetDependency */ = {
			isa = PBXTargetDependency;
			name = CordovaLib;
			targetProxy = 301BF550109A68C00062928A /* PBXContainerItemProxy */;
		};
/* End PBXTargetDependency section */

/* Begin XCBuildConfiguration section */
		1D6058940D05DD3E006BFB54 /* Debug */ = {
			isa = XCBuildConfiguration;
			baseConfigurationReference = 3047A50F1AB8059700498E2A /* build-debug.xcconfig */;
			buildSettings = {
				ALWAYS_SEARCH_USER_PATHS = NO;
				ASSETCATALOG_COMPILER_APPICON_NAME = AppIcon;
				ASSETCATALOG_COMPILER_LAUNCHIMAGE_NAME = LaunchImage;
				CLANG_ENABLE_MODULES = YES;
				CLANG_ENABLE_OBJC_ARC = YES;
				COPY_PHASE_STRIP = NO;
				GCC_DYNAMIC_NO_PIC = NO;
				GCC_OPTIMIZATION_LEVEL = 0;
				GCC_PRECOMPILE_PREFIX_HEADER = YES;
				GCC_PREFIX_HEADER = "SafeDriver/SafeDriver-Prefix.pch";
				GCC_THUMB_SUPPORT = NO;
				GCC_VERSION = "";
				INFOPLIST_FILE = "SafeDriver/SafeDriver-Info.plist";
				IPHONEOS_DEPLOYMENT_TARGET = 8.0;
				LD_RUNPATH_SEARCH_PATHS = "@executable_path/Frameworks";
				LIBRARY_SEARCH_PATHS = (
					"$(inherited)",
					"\"$(SRCROOT)/SafeDriver/Plugins/cordova-plugin-google-analytics\"",
					"\"$(SRCROOT)/SafeDriver/Plugins/phonegap-plugin-push/GCM/Libraries\"",
					"\"$(SRCROOT)/SafeDriver/Plugins/phonegap-plugin-push/GCM/Libraries\"",
					"\"$(SRCROOT)/SafeDriver/Plugins/phonegap-plugin-push/GCM/Libraries\"",
					"\"$(SRCROOT)/SafeDriver/Plugins/phonegap-plugin-push/GCM/Libraries\"",
					"\"$(SRCROOT)/SafeDriver/Plugins/phonegap-plugin-push/GCM/Libraries\"",
					"\"$(SRCROOT)/SafeDriver/Plugins/phonegap-plugin-push/GCM/Libraries\"",
					"\"$(SRCROOT)/SafeDriver/Plugins/phonegap-plugin-push/GCM/Libraries\"",
					"\"$(SRCROOT)/SafeDriver/Plugins/phonegap-plugin-push/GCM/Libraries\"",
					"\"$(SRCROOT)/SafeDriver/Plugins/phonegap-plugin-push/GCM/Libraries\"",
					"\"$(SRCROOT)/SafeDriver/Plugins/phonegap-plugin-push/GCM/Libraries\"",
					"\"$(SRCROOT)/SafeDriver/Plugins/phonegap-plugin-push/GCM/Libraries\"",
					"\"$(SRCROOT)/SafeDriver/Plugins/phonegap-plugin-push/GCM/Libraries\"",
					"\"$(SRCROOT)/SafeDriver/Plugins/phonegap-plugin-push/GCM/Libraries\"",
					"\"$(SRCROOT)/SafeDriver/Plugins/phonegap-plugin-push/GCM/Libraries\"",
					"\"$(SRCROOT)/SafeDriver/Plugins/phonegap-plugin-push/GCM/Libraries\"",
					"\"$(SRCROOT)/SafeDriver/Plugins/phonegap-plugin-push/GCM/Libraries\"",
					"\"$(SRCROOT)/SafeDriver/Plugins/phonegap-plugin-push/GCM/Libraries\"",
					"\"$(SRCROOT)/SafeDriver/Plugins/phonegap-plugin-push/GCM/Libraries\"",
					"\"$(SRCROOT)/SafeDriver/Plugins/phonegap-plugin-push/GCM/Libraries\"",
					"\"$(SRCROOT)/SafeDriver/Plugins/phonegap-plugin-push/GCM/Libraries\"",
					"\"$(SRCROOT)/SafeDriver/Plugins/phonegap-plugin-push/GCM/Libraries\"",
					"\"$(SRCROOT)/SafeDriver/Plugins/phonegap-plugin-push/GCM/Libraries\"",
					"\"$(SRCROOT)/SafeDriver/Plugins/phonegap-plugin-push/GCM/Libraries\"",
					"\"$(SRCROOT)/SafeDriver/Plugins/phonegap-plugin-push/GCM/Libraries\"",
					"\"$(SRCROOT)/SafeDriver/Plugins/phonegap-plugin-push/GCM/Libraries\"",
					"\"$(SRCROOT)/SafeDriver/Plugins/phonegap-plugin-push/GCM/Libraries\"",
				);
				PRODUCT_NAME = SafeDriver;
				TARGETED_DEVICE_FAMILY = "1,2";
			};
			name = Debug;
		};
		1D6058950D05DD3E006BFB54 /* Release */ = {
			isa = XCBuildConfiguration;
			baseConfigurationReference = 3047A5101AB8059700498E2A /* build-release.xcconfig */;
			buildSettings = {
				ALWAYS_SEARCH_USER_PATHS = NO;
				ASSETCATALOG_COMPILER_APPICON_NAME = AppIcon;
				ASSETCATALOG_COMPILER_LAUNCHIMAGE_NAME = LaunchImage;
				CLANG_ENABLE_MODULES = YES;
				CLANG_ENABLE_OBJC_ARC = YES;
				COPY_PHASE_STRIP = YES;
				GCC_PRECOMPILE_PREFIX_HEADER = YES;
				GCC_PREFIX_HEADER = "SafeDriver/SafeDriver-Prefix.pch";
				GCC_THUMB_SUPPORT = NO;
				GCC_VERSION = "";
				INFOPLIST_FILE = "SafeDriver/SafeDriver-Info.plist";
				IPHONEOS_DEPLOYMENT_TARGET = 8.0;
				LIBRARY_SEARCH_PATHS = (
					"$(inherited)",
					"\"$(SRCROOT)/SafeDriver/Plugins/cordova-plugin-google-analytics\"",
					"\"$(SRCROOT)/SafeDriver/Plugins/phonegap-plugin-push/GCM/Libraries\"",
					"\"$(SRCROOT)/SafeDriver/Plugins/phonegap-plugin-push/GCM/Libraries\"",
					"\"$(SRCROOT)/SafeDriver/Plugins/phonegap-plugin-push/GCM/Libraries\"",
					"\"$(SRCROOT)/SafeDriver/Plugins/phonegap-plugin-push/GCM/Libraries\"",
					"\"$(SRCROOT)/SafeDriver/Plugins/phonegap-plugin-push/GCM/Libraries\"",
					"\"$(SRCROOT)/SafeDriver/Plugins/phonegap-plugin-push/GCM/Libraries\"",
					"\"$(SRCROOT)/SafeDriver/Plugins/phonegap-plugin-push/GCM/Libraries\"",
					"\"$(SRCROOT)/SafeDriver/Plugins/phonegap-plugin-push/GCM/Libraries\"",
					"\"$(SRCROOT)/SafeDriver/Plugins/phonegap-plugin-push/GCM/Libraries\"",
					"\"$(SRCROOT)/SafeDriver/Plugins/phonegap-plugin-push/GCM/Libraries\"",
					"\"$(SRCROOT)/SafeDriver/Plugins/phonegap-plugin-push/GCM/Libraries\"",
					"\"$(SRCROOT)/SafeDriver/Plugins/phonegap-plugin-push/GCM/Libraries\"",
					"\"$(SRCROOT)/SafeDriver/Plugins/phonegap-plugin-push/GCM/Libraries\"",
					"\"$(SRCROOT)/SafeDriver/Plugins/phonegap-plugin-push/GCM/Libraries\"",
					"\"$(SRCROOT)/SafeDriver/Plugins/phonegap-plugin-push/GCM/Libraries\"",
					"\"$(SRCROOT)/SafeDriver/Plugins/phonegap-plugin-push/GCM/Libraries\"",
					"\"$(SRCROOT)/SafeDriver/Plugins/phonegap-plugin-push/GCM/Libraries\"",
					"\"$(SRCROOT)/SafeDriver/Plugins/phonegap-plugin-push/GCM/Libraries\"",
					"\"$(SRCROOT)/SafeDriver/Plugins/phonegap-plugin-push/GCM/Libraries\"",
					"\"$(SRCROOT)/SafeDriver/Plugins/phonegap-plugin-push/GCM/Libraries\"",
					"\"$(SRCROOT)/SafeDriver/Plugins/phonegap-plugin-push/GCM/Libraries\"",
					"\"$(SRCROOT)/SafeDriver/Plugins/phonegap-plugin-push/GCM/Libraries\"",
					"\"$(SRCROOT)/SafeDriver/Plugins/phonegap-plugin-push/GCM/Libraries\"",
					"\"$(SRCROOT)/SafeDriver/Plugins/phonegap-plugin-push/GCM/Libraries\"",
					"\"$(SRCROOT)/SafeDriver/Plugins/phonegap-plugin-push/GCM/Libraries\"",
					"\"$(SRCROOT)/SafeDriver/Plugins/phonegap-plugin-push/GCM/Libraries\"",
				);
				PRODUCT_NAME = SafeDriver;
				TARGETED_DEVICE_FAMILY = "1,2";
			};
			name = Release;
		};
		C01FCF4F08A954540054247B /* Debug */ = {
			isa = XCBuildConfiguration;
			baseConfigurationReference = 3047A5111AB8059700498E2A /* build.xcconfig */;
			buildSettings = {
				CLANG_ENABLE_MODULES = YES;
				CLANG_ENABLE_OBJC_ARC = YES;
				CLANG_WARN_BOOL_CONVERSION = YES;
				CLANG_WARN_CONSTANT_CONVERSION = YES;
				CLANG_WARN_EMPTY_BODY = YES;
				CLANG_WARN_ENUM_CONVERSION = YES;
				CLANG_WARN_INT_CONVERSION = YES;
				CLANG_WARN__DUPLICATE_METHOD_MATCH = YES;
				GCC_C_LANGUAGE_STANDARD = c99;
				GCC_THUMB_SUPPORT = NO;
				GCC_VERSION = "";
				GCC_WARN_ABOUT_RETURN_TYPE = YES;
				GCC_WARN_UNDECLARED_SELECTOR = YES;
				GCC_WARN_UNINITIALIZED_AUTOS = YES;
				GCC_WARN_UNUSED_FUNCTION = YES;
				GCC_WARN_UNUSED_VARIABLE = YES;
				IPHONEOS_DEPLOYMENT_TARGET = 8.0;
				ONLY_ACTIVE_ARCH = YES;
				SDKROOT = iphoneos;
				SKIP_INSTALL = NO;
				TARGETED_DEVICE_FAMILY = "1,2";
			};
			name = Debug;
		};
		C01FCF5008A954540054247B /* Release */ = {
			isa = XCBuildConfiguration;
			baseConfigurationReference = 3047A5111AB8059700498E2A /* build.xcconfig */;
			buildSettings = {
				CLANG_ENABLE_MODULES = YES;
				CLANG_ENABLE_OBJC_ARC = YES;
				CLANG_WARN_BOOL_CONVERSION = YES;
				CLANG_WARN_CONSTANT_CONVERSION = YES;
				CLANG_WARN_EMPTY_BODY = YES;
				CLANG_WARN_ENUM_CONVERSION = YES;
				CLANG_WARN_INT_CONVERSION = YES;
				CLANG_WARN__DUPLICATE_METHOD_MATCH = YES;
				GCC_C_LANGUAGE_STANDARD = c99;
				GCC_THUMB_SUPPORT = NO;
				GCC_VERSION = "";
				GCC_WARN_ABOUT_RETURN_TYPE = YES;
				GCC_WARN_UNDECLARED_SELECTOR = YES;
				GCC_WARN_UNINITIALIZED_AUTOS = YES;
				GCC_WARN_UNUSED_FUNCTION = YES;
				GCC_WARN_UNUSED_VARIABLE = YES;
				IPHONEOS_DEPLOYMENT_TARGET = 8.0;
				SDKROOT = iphoneos;
				SKIP_INSTALL = NO;
				TARGETED_DEVICE_FAMILY = "1,2";
			};
			name = Release;
		};
/* End XCBuildConfiguration section */

/* Begin XCConfigurationList section */
		1D6058960D05DD3E006BFB54 /* Build configuration list for PBXNativeTarget "SafeDriver" */ = {
			isa = XCConfigurationList;
			buildConfigurations = (
				1D6058940D05DD3E006BFB54 /* Debug */,
				1D6058950D05DD3E006BFB54 /* Release */,
			);
			defaultConfigurationIsVisible = 0;
			defaultConfigurationName = Release;
		};
		C01FCF4E08A954540054247B /* Build configuration list for PBXProject "SafeDriver" */ = {
			isa = XCConfigurationList;
			buildConfigurations = (
				C01FCF4F08A954540054247B /* Debug */,
				C01FCF5008A954540054247B /* Release */,
			);
			defaultConfigurationIsVisible = 0;
			defaultConfigurationName = Release;
		};
/* End XCConfigurationList section */
	};
	rootObject = 29B97313FDCFA39411CA2CEA /* Project object */;
}
