// !$*UTF8*$!
{
	archiveVersion = 1;
	classes = {
	};
	objectVersion = 46;
	objects = {
/* Begin PBXBuildFile section */
		019ED11D6CDC45F281F5DA1C /* libProtocolBuffers.a in Frameworks */ = {isa = PBXBuildFile; fileRef = 102885A37D764F01987A6D7C /* libProtocolBuffers.a */; };
		01EFAC5B31914B6B9DF72F40 /* libGTM_AddressBook.a in Frameworks */ = {isa = PBXBuildFile; fileRef = 35BB75B1F14042F7A94AF4E0 /* libGTM_AddressBook.a */; };
		0207DA581B56EA530066E2B4 /* Images.xcassets in Resources */ = {isa = PBXBuildFile; fileRef = 0207DA571B56EA530066E2B4 /* Images.xcassets */; };
		08EF21F8750243ECB32A13A6 /* CDVConnection.m in Sources */ = {isa = PBXBuildFile; fileRef = 043038F4F5094283822B46C5 /* CDVConnection.m */; };
		10E58568479D49038274C1FF /* CDVGlobalization.m in Sources */ = {isa = PBXBuildFile; fileRef = 243BDE10C7C54CB1AD9A9C03 /* CDVGlobalization.m */; };
		119DB39B97694A3FAC2B3B40 /* UIApplication+APPLocalNotification.m in Sources */ = {isa = PBXBuildFile; fileRef = 219C718BFC12419399DB4C8A /* UIApplication+APPLocalNotification.m */; };
		13149C8B5932437899A32A20 /* CDVDevice.m in Sources */ = {isa = PBXBuildFile; fileRef = A0968BA70F5C4AFD9A8DA33D /* CDVDevice.m */; };
		1B91B32821514F25890246E3 /* CDVPlugin+APPAppEvent.m in Sources */ = {isa = PBXBuildFile; fileRef = 620AD4EFF1D24FFFACA9EE0A /* CDVPlugin+APPAppEvent.m */; };
		1D3623260D0F684500981E51 /* AppDelegate.m in Sources */ = {isa = PBXBuildFile; fileRef = 1D3623250D0F684500981E51 /* AppDelegate.m */; };
		1D60589B0D05DD56006BFB54 /* main.m in Sources */ = {isa = PBXBuildFile; fileRef = 29B97316FDCFA39411CA2CEA /* main.m */; };
		1E716781D3644B9F89C54E30 /* libGTM_KVO.a in Frameworks */ = {isa = PBXBuildFile; fileRef = 8C2CE94656CA4F66997A9BF8 /* libGTM_KVO.a */; };
		277C30899B6542138380C81E /* libGTMSessionFetcher_full.a in Frameworks */ = {isa = PBXBuildFile; fileRef = 7BE92C3A09D94BC19BAE6035 /* libGTMSessionFetcher_full.a */; };
		285CBBB361F645E9ADBA7F80 /* libGTM_core.a in Frameworks */ = {isa = PBXBuildFile; fileRef = 3658302DDC5848AD865F1B90 /* libGTM_core.a */; };
		301BF552109A68D80062928A /* libCordova.a in Frameworks */ = {isa = PBXBuildFile; fileRef = 301BF535109A57CC0062928A /* libCordova.a */; };
		302D95F114D2391D003F00A1 /* MainViewController.m in Sources */ = {isa = PBXBuildFile; fileRef = 302D95EF14D2391D003F00A1 /* MainViewController.m */; };
		302D95F214D2391D003F00A1 /* MainViewController.xib in Resources */ = {isa = PBXBuildFile; fileRef = 302D95F014D2391D003F00A1 /* MainViewController.xib */; };
		3047A5121AB8059700498E2A /* build-debug.xcconfig in Resources */ = {isa = PBXBuildFile; fileRef = 3047A50F1AB8059700498E2A /* build-debug.xcconfig */; };
		3047A5131AB8059700498E2A /* build-release.xcconfig in Resources */ = {isa = PBXBuildFile; fileRef = 3047A5101AB8059700498E2A /* build-release.xcconfig */; };
		3047A5141AB8059700498E2A /* build.xcconfig in Resources */ = {isa = PBXBuildFile; fileRef = 3047A5111AB8059700498E2A /* build.xcconfig */; };
		30C927DC38CA49F7A8EEB5F1 /* CDVReachability.m in Sources */ = {isa = PBXBuildFile; fileRef = FABDEC8A4C3542358D5A3222 /* CDVReachability.m */; };
		36A8CB344EB1440193AD3A06 /* libGSDK_Overload.a in Frameworks */ = {isa = PBXBuildFile; fileRef = 3AA95013542B405A98C08ED6 /* libGSDK_Overload.a */; };
		36BD36190D7644CCA9AEF3E6 /* libGTMSessionFetcher_core.a in Frameworks */ = {isa = PBXBuildFile; fileRef = EF8E8B3A8BAB4E6B86492D65 /* libGTMSessionFetcher_core.a */; };
		37569B75BDD04A509C994129 /* libGTM_DebugUtils.a in Frameworks */ = {isa = PBXBuildFile; fileRef = 5F90C6F0D57E40EF8609ACBA /* libGTM_DebugUtils.a */; };
		39B3F93C8011484099BEF51A /* CoreTelephony.framework in Frameworks */ = {isa = PBXBuildFile; fileRef = 4FEC9252986D4B579A5A399B /* CoreTelephony.framework */; };
		3DC981321C6C71180005639A /* Brynderwyn Hills.gpx in Resources */ = {isa = PBXBuildFile; fileRef = 3DC981251C6C71180005639A /* Brynderwyn Hills.gpx */; };
		3DC981331C6C71180005639A /* CROWN.gpx in Resources */ = {isa = PBXBuildFile; fileRef = 3DC981261C6C71180005639A /* CROWN.gpx */; };
		3DC981341C6C71180005639A /* Desert Road.gpx in Resources */ = {isa = PBXBuildFile; fileRef = 3DC981271C6C71180005639A /* Desert Road.gpx */; };
		3DC981351C6C71180005639A /* DevilsStaircase.gpx in Resources */ = {isa = PBXBuildFile; fileRef = 3DC981281C6C71180005639A /* DevilsStaircase.gpx */; };
		3DC981361C6C71180005639A /* Dome Valley.gpx in Resources */ = {isa = PBXBuildFile; fileRef = 3DC981291C6C71180005639A /* Dome Valley.gpx */; };
		3DC981371C6C71180005639A /* Kaimai SH29.gpx in Resources */ = {isa = PBXBuildFile; fileRef = 3DC9812A1C6C71180005639A /* Kaimai SH29.gpx */; };
		3DC981381C6C71180005639A /* Karangahake.gpx in Resources */ = {isa = PBXBuildFile; fileRef = 3DC9812B1C6C71180005639A /* Karangahake.gpx */; };
		3DC981391C6C71180005639A /* KGorge.gpx in Resources */ = {isa = PBXBuildFile; fileRef = 3DC9812C1C6C71180005639A /* KGorge.gpx */; };
		3DC9813A1C6C71180005639A /* LindisPass.gpx in Resources */ = {isa = PBXBuildFile; fileRef = 3DC9812D1C6C71180005639A /* LindisPass.gpx */; };
		3DC9813B1C6C71180005639A /* Milford.gpx in Resources */ = {isa = PBXBuildFile; fileRef = 3DC9812E1C6C71180005639A /* Milford.gpx */; };
		3DC9813C1C6C71180005639A /* Rimutaka.gpx in Resources */ = {isa = PBXBuildFile; fileRef = 3DC9812F1C6C71180005639A /* Rimutaka.gpx */; };
		3DC9813D1C6C71180005639A /* SH2.gpx in Resources */ = {isa = PBXBuildFile; fileRef = 3DC981301C6C71180005639A /* SH2.gpx */; };
		3DC9813E1C6C71180005639A /* Taupo - Napier.gpx in Resources */ = {isa = PBXBuildFile; fileRef = 3DC981311C6C71180005639A /* Taupo - Napier.gpx */; };
		41F5BD5F389E43D09AD53BEE /* libGTM_StringEncoding.a in Frameworks */ = {isa = PBXBuildFile; fileRef = D63ACD2631854288AB164EE7 /* libGTM_StringEncoding.a */; };
		42E4C53DC3CA4AEC84F7076C /* AppDelegate+notification.m in Sources */ = {isa = PBXBuildFile; fileRef = 19306B7277CA4A36A5FFF55B /* AppDelegate+notification.m */; };
		4B0C09CFB8EE4DF2B5ACBF14 /* PushPlugin.m in Sources */ = {isa = PBXBuildFile; fileRef = C93CF4A94F294E99940A0B7C /* PushPlugin.m */; };
		5539D328868A4486BC48B661 /* libGTM_NSScannerJSON.a in Frameworks */ = {isa = PBXBuildFile; fileRef = E0EB2E6F370A4D67B0D37E33 /* libGTM_NSScannerJSON.a */; };
		5554CB21278A409CB13C781D /* CDVNotification.bundle in Resources */ = {isa = PBXBuildFile; fileRef = A929426859D84594BCDD7E81 /* CDVNotification.bundle */; };
		61CFD32930C04100AEE64B28 /* AppDelegate+CDVLocationManager.m in Sources */ = {isa = PBXBuildFile; fileRef = 02EE9DBB9C154336B3101EC8 /* AppDelegate+CDVLocationManager.m */; };
		6A50A38E07CB44BB81C78F5C /* CDVBackgroundGeoLocation.m in Sources */ = {isa = PBXBuildFile; fileRef = 15CFDD0BB000471ABB5DF51E /* CDVBackgroundGeoLocation.m */; };
		6D848BEEC29149AE8874E183 /* APPBackgroundMode.m in Sources */ = {isa = PBXBuildFile; fileRef = 8FB9AB5677844FA7B8F6BEE3 /* APPBackgroundMode.m */; };
		753C7C5CF1CA4113A920BFE9 /* LMLogger.m in Sources */ = {isa = PBXBuildFile; fileRef = 39356C9FDC9D4467B59B305B /* LMLogger.m */; };
		753D8B5B134044A8B6886461 /* libGTM_UIFont+LineHeight.a in Frameworks */ = {isa = PBXBuildFile; fileRef = DBCF7AA0AC274703AEF320A6 /* libGTM_UIFont+LineHeight.a */; };
		78413317C57645219BB1DC28 /* CDVAssetLibraryFilesystem.m in Sources */ = {isa = PBXBuildFile; fileRef = E7461484FC264ECF9DD2584B /* CDVAssetLibraryFilesystem.m */; };
		7DE95D5CADFC41FAA6F00846 /* libGTM_GTMURLBuilder.a in Frameworks */ = {isa = PBXBuildFile; fileRef = BA9DAC676AE54A2683EA4ED4 /* libGTM_GTMURLBuilder.a */; };
		7EF98FE21829487F9B8488FD /* APPLocalNotificationOptions.m in Sources */ = {isa = PBXBuildFile; fileRef = 68A47AC6044B486593FC9F15 /* APPLocalNotificationOptions.m */; };
		82BB29BCC9F24AF4B07EB02D /* CDVFile.m in Sources */ = {isa = PBXBuildFile; fileRef = 17BF922C17C444DB985E4A08 /* CDVFile.m */; };
		84A198E49AAE43F9BEC5E1D2 /* SystemConfiguration.framework in Frameworks */ = {isa = PBXBuildFile; fileRef = DCEAC444AFEF4A749B3A4758 /* SystemConfiguration.framework */; settings = {ATTRIBUTES = (Weak, ); }; };
		8519F2E5AADE449FA57B6FA3 /* libGTM_SystemVersion.a in Frameworks */ = {isa = PBXBuildFile; fileRef = 7556B89F7C1842D2811C294D /* libGTM_SystemVersion.a */; };
		8D7BA51CB9C64BE981BD83FA /* libGTM_RoundedRectPath.a in Frameworks */ = {isa = PBXBuildFile; fileRef = A4E0DD1D67BA4B4AA6AB52A6 /* libGTM_RoundedRectPath.a */; };
		9001DBA289674269851932AB /* appbeep.wav in Resources */ = {isa = PBXBuildFile; fileRef = 997B89A1D6A54A74A1B5CE13 /* appbeep.wav */; };
		960A069A4270472D88976EA7 /* libGIP_Reachability.a in Frameworks */ = {isa = PBXBuildFile; fileRef = BE7EBECFDBE2452CB979FAEE /* libGIP_Reachability.a */; };
		98098111369D4F25B424717F /* CDVWKWebViewUIDelegate.m in Sources */ = {isa = PBXBuildFile; fileRef = 141D24E6408B4EC496F0BE2F /* CDVWKWebViewUIDelegate.m */; };
		A1B1722B6A854E2485220052 /* libGcmLib.a in Frameworks */ = {isa = PBXBuildFile; fileRef = 93D83F0FB76F41C99E7AF99A /* libGcmLib.a */; };
		A52A97435A684BBF99925E8F /* CDVWKWebViewEngine.m in Sources */ = {isa = PBXBuildFile; fileRef = 76C81EB1916D423990899F29 /* CDVWKWebViewEngine.m */; };
		A65947A63D4443E8860F86F2 /* AVFoundation.framework in Frameworks */ = {isa = PBXBuildFile; fileRef = 6D931CCE02DF4218A1AA998B /* AVFoundation.framework */; settings = {ATTRIBUTES = (Weak, ); }; };
		A85B6C125E4245C6B4B7F6E9 /* libGTM_NSStringHTML.a in Frameworks */ = {isa = PBXBuildFile; fileRef = 5A86B3DE276F4E52831658DF /* libGTM_NSStringHTML.a */; };
		AA65237F7ED042D8AB339051 /* libGTM_NSStringXML.a in Frameworks */ = {isa = PBXBuildFile; fileRef = E4E6B46CB6C94D6F8D063A86 /* libGTM_NSStringXML.a */; };
		AD3A335A53B549EAA70CFFFD /* CoreLocation.framework in Frameworks */ = {isa = PBXBuildFile; fileRef = CECA2D773C944573AB9B31A1 /* CoreLocation.framework */; };
		AFD5376CD3DA4E13BF6937EC /* libz.tbd in Frameworks */ = {isa = PBXBuildFile; fileRef = 442F5F7C91C14977A93DA670 /* libz.tbd */; };
		B36E45119BF74FAA83C0844D /* libGTM_Regex.a in Frameworks */ = {isa = PBXBuildFile; fileRef = A34C103F91874CFCB13EE4EE /* libGTM_Regex.a */; };
		B3F0B6F30E17461786B7C53C /* CDVSound.m in Sources */ = {isa = PBXBuildFile; fileRef = 5E2BB8A6AEC14349BE5B2105 /* CDVSound.m */; };
		B639B440809046A09FCE3E35 /* APPLocalNotification.m in Sources */ = {isa = PBXBuildFile; fileRef = 0A0D244ED8E1478AA1732518 /* APPLocalNotification.m */; };
		B9CB27A32BF341CCAA369D49 /* AddressBook.framework in Frameworks */ = {isa = PBXBuildFile; fileRef = 9BBBDFD1E7FF477A93152BB3 /* AddressBook.framework */; };
		BA7751AEC635444D9D303428 /* libGTM_iPhone.a in Frameworks */ = {isa = PBXBuildFile; fileRef = EE30908147BC4D4EBDC89B9D /* libGTM_iPhone.a */; };
		BA929D2D81564A619801555B /* CDVLocalFilesystem.m in Sources */ = {isa = PBXBuildFile; fileRef = 6074A9D9044C465D83DECEB1 /* CDVLocalFilesystem.m */; };
		C4D86EE4E5B949E585E03823 /* UILocalNotification+APPLocalNotification.m in Sources */ = {isa = PBXBuildFile; fileRef = 03F28C6A79314D2EAC317677 /* UILocalNotification+APPLocalNotification.m */; };
		C7C5644DBF9E4F949D804466 /* CDVLocation.m in Sources */ = {isa = PBXBuildFile; fileRef = 62EA30DBA8044AB483D28958 /* CDVLocation.m */; };
		CB4C6ABA83F04A03B68FD7F7 /* CDVNotification.m in Sources */ = {isa = PBXBuildFile; fileRef = F169B3DE943A4AA983B64D0E /* CDVNotification.m */; };
		CBC8364E9F414328850F2BC4 /* libGTM_NSDictionary+URLArguments.a in Frameworks */ = {isa = PBXBuildFile; fileRef = 357E6C40A22A4D709430FE97 /* libGTM_NSDictionary+URLArguments.a */; };
		D1271FCAB41947289FEF15EB /* libGGLCloudMessaging.a in Frameworks */ = {isa = PBXBuildFile; fileRef = 52CE5542B027416480AB2096 /* libGGLCloudMessaging.a */; };
		D2555FF28706489687A5D469 /* libGGLCore.a in Frameworks */ = {isa = PBXBuildFile; fileRef = 42490C8716194F178F58E4CE /* libGGLCore.a */; };
		D66C01E53C264ECD95B9F891 /* CDVLocationManager.m in Sources */ = {isa = PBXBuildFile; fileRef = 6984A8660F70459B89B7C8F8 /* CDVLocationManager.m */; };
		E117D85C76854280A61E7041 /* AudioToolbox.framework in Frameworks */ = {isa = PBXBuildFile; fileRef = 8ACE9763F88843E392AC3DE3 /* AudioToolbox.framework */; settings = {ATTRIBUTES = (Weak, ); }; };
		E143C4241EC24629B901082E /* WebKit.framework in Frameworks */ = {isa = PBXBuildFile; fileRef = 359A375528454116A870B6A2 /* WebKit.framework */; settings = {ATTRIBUTES = (Weak, ); }; };
		E1BC017E829F4B16A0EE095A /* CDVStatusBar.m in Sources */ = {isa = PBXBuildFile; fileRef = D8B82255C90E43B8B17A513F /* CDVStatusBar.m */; };
		E56EE30613A94DAEBEEDF99E /* CDVVibration.m in Sources */ = {isa = PBXBuildFile; fileRef = B57FC9C55FE447FF8D25E69A /* CDVVibration.m */; };
		E9F8A0727E2D4EB4B1E68C85 /* libGTM_NSData+zlib.a in Frameworks */ = {isa = PBXBuildFile; fileRef = 7463BD75A23D47E3AFFDA956 /* libGTM_NSData+zlib.a */; };
		F3B0F8F1644D4E7A91D2DF2A /* libGGLInstanceIDLib.a in Frameworks */ = {isa = PBXBuildFile; fileRef = D99D0EC91E49401A9E371FA8 /* libGGLInstanceIDLib.a */; };
		F4DC45B18988490A964CB8F1 /* libGTMStackTrace.a in Frameworks */ = {isa = PBXBuildFile; fileRef = C277644BF8DA4238B7DB3DA1 /* libGTMStackTrace.a */; };
		F52ACACB0E8A482C9293F051 /* AppDelegate+APPAppEvent.m in Sources */ = {isa = PBXBuildFile; fileRef = FE7D8127CA3C4E35B368A3BC /* AppDelegate+APPAppEvent.m */; };
		FA488A30FD4442B3B142F825 /* CoreBluetooth.framework in Frameworks */ = {isa = PBXBuildFile; fileRef = 31D7F39131294508A89EAD14 /* CoreBluetooth.framework */; };
		FD9E67494109479195762E36 /* libsqlite3.tbd in Frameworks */ = {isa = PBXBuildFile; fileRef = E8A1F1401176410AB62F4A62 /* libsqlite3.tbd */; };
<<<<<<< HEAD
		672CDB36FF33442385EF3B57 /* PowerManagement.m in Sources */ = {isa = PBXBuildFile; fileRef = 6F6BAB1708604FEC8208E072 /* PowerManagement.m */; };
		5E0A89516BCD49539ED303D0 /* InAppPurchase.m in Sources */ = {isa = PBXBuildFile; fileRef = CBE0E2A83F8F406CA4564278 /* InAppPurchase.m */; };
		93C94D670D97478CA2C983FE /* SKProduct+LocalizedPrice.m in Sources */ = {isa = PBXBuildFile; fileRef = 6DD504CA9D454B9AADAC057C /* SKProduct+LocalizedPrice.m */; };
		68B9D73CE53B49CBA1C0AC7E /* FileUtility.m in Sources */ = {isa = PBXBuildFile; fileRef = 27EA427453E242319F5CC195 /* FileUtility.m */; };
		68BB66A5E0EA4E6D934956C4 /* StoreKit.framework in Frameworks */ = {isa = PBXBuildFile; fileRef = D0225D54A04546E6BB573D1A /* StoreKit.framework */; };
=======
		B7D91AD1F34A448D85A8CF9B /* PowerManagement.m in Sources */ = {isa = PBXBuildFile; fileRef = 11107771FB57469CA3F482E8 /* PowerManagement.m */; };
>>>>>>> master
/* End PBXBuildFile section */

/* Begin PBXContainerItemProxy section */
		301BF534109A57CC0062928A /* PBXContainerItemProxy */ = {
			isa = PBXContainerItemProxy;
			containerPortal = 301BF52D109A57CC0062928A /* CordovaLib.xcodeproj */;
			proxyType = 2;
			remoteGlobalIDString = D2AAC07E0554694100DB518D;
			remoteInfo = CordovaLib;
		};
		301BF550109A68C00062928A /* PBXContainerItemProxy */ = {
			isa = PBXContainerItemProxy;
			containerPortal = 301BF52D109A57CC0062928A /* CordovaLib.xcodeproj */;
			proxyType = 1;
			remoteGlobalIDString = D2AAC07D0554694100DB518D;
			remoteInfo = CordovaLib;
		};
/* End PBXContainerItemProxy section */

/* Begin PBXFileReference section */
		0207DA571B56EA530066E2B4 /* Images.xcassets */ = {isa = PBXFileReference; lastKnownFileType = folder.assetcatalog; name = Images.xcassets; path = SafeDriver/Images.xcassets; sourceTree = SOURCE_ROOT; };
		02EE9DBB9C154336B3101EC8 /* AppDelegate+CDVLocationManager.m */ = {isa = PBXFileReference; explicitFileType = undefined; fileEncoding = 4; includeInIndex = 0; lastKnownFileType = sourcecode.c.objc; name = "AppDelegate+CDVLocationManager.m"; path = "com.unarin.cordova.beacon/AppDelegate+CDVLocationManager.m"; sourceTree = "<group>"; };
		03965FB0795D44CDBFC961DB /* CDVConnection.h */ = {isa = PBXFileReference; explicitFileType = undefined; fileEncoding = 4; includeInIndex = 0; lastKnownFileType = sourcecode.c.h; name = CDVConnection.h; path = "cordova-plugin-network-information/CDVConnection.h"; sourceTree = "<group>"; };
		03F28C6A79314D2EAC317677 /* UILocalNotification+APPLocalNotification.m */ = {isa = PBXFileReference; explicitFileType = undefined; fileEncoding = 4; includeInIndex = 0; lastKnownFileType = sourcecode.c.objc; name = "UILocalNotification+APPLocalNotification.m"; path = "de.appplant.cordova.plugin.local-notification/UILocalNotification+APPLocalNotification.m"; sourceTree = "<group>"; };
		043038F4F5094283822B46C5 /* CDVConnection.m */ = {isa = PBXFileReference; explicitFileType = undefined; fileEncoding = 4; includeInIndex = 0; lastKnownFileType = sourcecode.c.objc; name = CDVConnection.m; path = "cordova-plugin-network-information/CDVConnection.m"; sourceTree = "<group>"; };
		0A0D244ED8E1478AA1732518 /* APPLocalNotification.m */ = {isa = PBXFileReference; explicitFileType = undefined; fileEncoding = 4; includeInIndex = 0; lastKnownFileType = sourcecode.c.objc; name = APPLocalNotification.m; path = "de.appplant.cordova.plugin.local-notification/APPLocalNotification.m"; sourceTree = "<group>"; };
		0B5236AC8E66414DBF730363 /* CloudMessaging.h */ = {isa = PBXFileReference; explicitFileType = undefined; fileEncoding = 4; includeInIndex = 0; lastKnownFileType = sourcecode.c.h; name = CloudMessaging.h; path = "phonegap-plugin-push/GCM/Headers/CloudMessaging.h"; sourceTree = "<group>"; };
		0BF10884428C423597F7A9B8 /* GGLInstanceIDHeaders.h */ = {isa = PBXFileReference; explicitFileType = undefined; fileEncoding = 4; includeInIndex = 0; lastKnownFileType = sourcecode.c.h; name = GGLInstanceIDHeaders.h; path = "phonegap-plugin-push/GCM/Headers/GGLInstanceIDHeaders.h"; sourceTree = "<group>"; };
		102885A37D764F01987A6D7C /* libProtocolBuffers.a */ = {isa = PBXFileReference; explicitFileType = undefined; fileEncoding = 9; includeInIndex = 0; lastKnownFileType = archive.ar; name = libProtocolBuffers.a; path = "SafeDriver/Plugins/phonegap-plugin-push/GCM/Libraries/libProtocolBuffers.a"; sourceTree = "<group>"; };
		1352860ECCBE4055A65CE36C /* CDVWKWebViewEngine.h */ = {isa = PBXFileReference; explicitFileType = undefined; fileEncoding = 4; includeInIndex = 0; lastKnownFileType = sourcecode.c.h; name = CDVWKWebViewEngine.h; path = "cordova-plugin-wkwebview-engine/CDVWKWebViewEngine.h"; sourceTree = "<group>"; };
		141D24E6408B4EC496F0BE2F /* CDVWKWebViewUIDelegate.m */ = {isa = PBXFileReference; explicitFileType = undefined; fileEncoding = 4; includeInIndex = 0; lastKnownFileType = sourcecode.c.objc; name = CDVWKWebViewUIDelegate.m; path = "cordova-plugin-wkwebview-engine/CDVWKWebViewUIDelegate.m"; sourceTree = "<group>"; };
		15CFDD0BB000471ABB5DF51E /* CDVBackgroundGeoLocation.m */ = {isa = PBXFileReference; explicitFileType = undefined; fileEncoding = 4; includeInIndex = 0; lastKnownFileType = sourcecode.c.objc; name = CDVBackgroundGeoLocation.m; path = "cordova-plugin-mauron85-background-geolocation/CDVBackgroundGeoLocation.m"; sourceTree = "<group>"; };
		16A9792919C04AF7BCB173FC /* AppDelegate+APPAppEvent.h */ = {isa = PBXFileReference; explicitFileType = undefined; fileEncoding = 4; includeInIndex = 0; lastKnownFileType = sourcecode.c.h; name = "AppDelegate+APPAppEvent.h"; path = "cordova-plugin-app-event/AppDelegate+APPAppEvent.h"; sourceTree = "<group>"; };
		17BF922C17C444DB985E4A08 /* CDVFile.m */ = {isa = PBXFileReference; explicitFileType = undefined; fileEncoding = 4; includeInIndex = 0; lastKnownFileType = sourcecode.c.objc; name = CDVFile.m; path = "cordova-plugin-file/CDVFile.m"; sourceTree = "<group>"; };
		19306B7277CA4A36A5FFF55B /* AppDelegate+notification.m */ = {isa = PBXFileReference; explicitFileType = undefined; fileEncoding = 4; includeInIndex = 0; lastKnownFileType = sourcecode.c.objc; name = "AppDelegate+notification.m"; path = "phonegap-plugin-push/AppDelegate+notification.m"; sourceTree = "<group>"; };
		1B6449BE87874B90AED7478D /* CDVBackgroundGeoLocation.h */ = {isa = PBXFileReference; explicitFileType = undefined; fileEncoding = 4; includeInIndex = 0; lastKnownFileType = sourcecode.c.h; name = CDVBackgroundGeoLocation.h; path = "cordova-plugin-mauron85-background-geolocation/CDVBackgroundGeoLocation.h"; sourceTree = "<group>"; };
		1D3623240D0F684500981E51 /* AppDelegate.h */ = {isa = PBXFileReference; fileEncoding = 4; lastKnownFileType = sourcecode.c.h; path = AppDelegate.h; sourceTree = "<group>"; };
		1D3623250D0F684500981E51 /* AppDelegate.m */ = {isa = PBXFileReference; fileEncoding = 4; lastKnownFileType = sourcecode.c.objc; path = AppDelegate.m; sourceTree = "<group>"; };
		1D6058910D05DD3D006BFB54 /* SafeDriver.app */ = {isa = PBXFileReference; explicitFileType = wrapper.application; includeInIndex = 0; path = SafeDriver.app; sourceTree = BUILT_PRODUCTS_DIR; };
		2143628507514EF28309C54C /* APPBackgroundMode.h */ = {isa = PBXFileReference; explicitFileType = undefined; fileEncoding = 4; includeInIndex = 0; lastKnownFileType = sourcecode.c.h; name = APPBackgroundMode.h; path = "de.appplant.cordova.plugin.background-mode/APPBackgroundMode.h"; sourceTree = "<group>"; };
		219C718BFC12419399DB4C8A /* UIApplication+APPLocalNotification.m */ = {isa = PBXFileReference; explicitFileType = undefined; fileEncoding = 4; includeInIndex = 0; lastKnownFileType = sourcecode.c.objc; name = "UIApplication+APPLocalNotification.m"; path = "de.appplant.cordova.plugin.local-notification/UIApplication+APPLocalNotification.m"; sourceTree = "<group>"; };
		243BDE10C7C54CB1AD9A9C03 /* CDVGlobalization.m */ = {isa = PBXFileReference; explicitFileType = undefined; fileEncoding = 4; includeInIndex = 0; lastKnownFileType = sourcecode.c.objc; name = CDVGlobalization.m; path = "cordova-plugin-globalization/CDVGlobalization.m"; sourceTree = "<group>"; };
		27243B1416C449F88657977C /* CDVPlugin+APPAppEvent.h */ = {isa = PBXFileReference; explicitFileType = undefined; fileEncoding = 4; includeInIndex = 0; lastKnownFileType = sourcecode.c.h; name = "CDVPlugin+APPAppEvent.h"; path = "cordova-plugin-app-event/CDVPlugin+APPAppEvent.h"; sourceTree = "<group>"; };
		28E5A731592E41E3BD7FB331 /* GGLContext+CloudMessaging.h */ = {isa = PBXFileReference; explicitFileType = undefined; fileEncoding = 4; includeInIndex = 0; lastKnownFileType = sourcecode.c.h; name = "GGLContext+CloudMessaging.h"; path = "phonegap-plugin-push/GCM/Headers/GGLContext+CloudMessaging.h"; sourceTree = "<group>"; };
		29B97316FDCFA39411CA2CEA /* main.m */ = {isa = PBXFileReference; fileEncoding = 4; lastKnownFileType = sourcecode.c.objc; path = main.m; sourceTree = "<group>"; };
		29F4EFC07C7F4D31A0FF989A /* CDVFile.h */ = {isa = PBXFileReference; explicitFileType = undefined; fileEncoding = 4; includeInIndex = 0; lastKnownFileType = sourcecode.c.h; name = CDVFile.h; path = "cordova-plugin-file/CDVFile.h"; sourceTree = "<group>"; };
		301BF52D109A57CC0062928A /* CordovaLib.xcodeproj */ = {isa = PBXFileReference; lastKnownFileType = "wrapper.pb-project"; name = CordovaLib.xcodeproj; path = CordovaLib/CordovaLib.xcodeproj; sourceTree = "<group>"; };
		301BF56E109A69640062928A /* www */ = {isa = PBXFileReference; lastKnownFileType = folder; path = www; sourceTree = SOURCE_ROOT; };
		302A368528B84295B07B9533 /* GGLInstanceIDDelegate.h */ = {isa = PBXFileReference; explicitFileType = undefined; fileEncoding = 4; includeInIndex = 0; lastKnownFileType = sourcecode.c.h; name = GGLInstanceIDDelegate.h; path = "phonegap-plugin-push/GCM/Headers/GGLInstanceIDDelegate.h"; sourceTree = "<group>"; };
		302D95EE14D2391D003F00A1 /* MainViewController.h */ = {isa = PBXFileReference; fileEncoding = 4; lastKnownFileType = sourcecode.c.h; path = MainViewController.h; sourceTree = "<group>"; };
		302D95EF14D2391D003F00A1 /* MainViewController.m */ = {isa = PBXFileReference; fileEncoding = 4; lastKnownFileType = sourcecode.c.objc; path = MainViewController.m; sourceTree = "<group>"; };
		302D95F014D2391D003F00A1 /* MainViewController.xib */ = {isa = PBXFileReference; fileEncoding = 4; lastKnownFileType = file.xib; path = MainViewController.xib; sourceTree = "<group>"; };
		3047A50F1AB8059700498E2A /* build-debug.xcconfig */ = {isa = PBXFileReference; fileEncoding = 4; lastKnownFileType = text.xcconfig; name = "build-debug.xcconfig"; path = "cordova/build-debug.xcconfig"; sourceTree = SOURCE_ROOT; };
		3047A5101AB8059700498E2A /* build-release.xcconfig */ = {isa = PBXFileReference; fileEncoding = 4; lastKnownFileType = text.xcconfig; name = "build-release.xcconfig"; path = "cordova/build-release.xcconfig"; sourceTree = SOURCE_ROOT; };
		3047A5111AB8059700498E2A /* build.xcconfig */ = {isa = PBXFileReference; fileEncoding = 4; lastKnownFileType = text.xcconfig; name = build.xcconfig; path = cordova/build.xcconfig; sourceTree = SOURCE_ROOT; };
		31D7F39131294508A89EAD14 /* CoreBluetooth.framework */ = {isa = PBXFileReference; explicitFileType = undefined; fileEncoding = 9; includeInIndex = 0; lastKnownFileType = wrapper.framework; name = CoreBluetooth.framework; path = System/Library/Frameworks/CoreBluetooth.framework; sourceTree = SDKROOT; };
		3283368DFAC34C51988B6FC4 /* CDVSound.h */ = {isa = PBXFileReference; explicitFileType = undefined; fileEncoding = 4; includeInIndex = 0; lastKnownFileType = sourcecode.c.h; name = CDVSound.h; path = "cordova-plugin-media/CDVSound.h"; sourceTree = "<group>"; };
		32CA4F630368D1EE00C91783 /* SafeDriver-Prefix.pch */ = {isa = PBXFileReference; fileEncoding = 4; lastKnownFileType = sourcecode.c.h; path = "SafeDriver-Prefix.pch"; sourceTree = "<group>"; };
		357E6C40A22A4D709430FE97 /* libGTM_NSDictionary+URLArguments.a */ = {isa = PBXFileReference; explicitFileType = undefined; fileEncoding = 9; includeInIndex = 0; lastKnownFileType = archive.ar; name = "libGTM_NSDictionary+URLArguments.a"; path = "SafeDriver/Plugins/phonegap-plugin-push/GCM/Libraries/libGTM_NSDictionary+URLArguments.a"; sourceTree = "<group>"; };
		359A375528454116A870B6A2 /* WebKit.framework */ = {isa = PBXFileReference; explicitFileType = undefined; fileEncoding = 9; includeInIndex = 0; lastKnownFileType = wrapper.framework; name = WebKit.framework; path = System/Library/Frameworks/WebKit.framework; sourceTree = SDKROOT; };
		35BB75B1F14042F7A94AF4E0 /* libGTM_AddressBook.a */ = {isa = PBXFileReference; explicitFileType = undefined; fileEncoding = 9; includeInIndex = 0; lastKnownFileType = archive.ar; name = libGTM_AddressBook.a; path = "SafeDriver/Plugins/phonegap-plugin-push/GCM/Libraries/libGTM_AddressBook.a"; sourceTree = "<group>"; };
		3658302DDC5848AD865F1B90 /* libGTM_core.a */ = {isa = PBXFileReference; explicitFileType = undefined; fileEncoding = 9; includeInIndex = 0; lastKnownFileType = archive.ar; name = libGTM_core.a; path = "SafeDriver/Plugins/phonegap-plugin-push/GCM/Libraries/libGTM_core.a"; sourceTree = "<group>"; };
		37F663DCFC9B4E708982A025 /* APPAppEventDelegate.h */ = {isa = PBXFileReference; explicitFileType = undefined; fileEncoding = 4; includeInIndex = 0; lastKnownFileType = sourcecode.c.h; name = APPAppEventDelegate.h; path = "cordova-plugin-app-event/APPAppEventDelegate.h"; sourceTree = "<group>"; };
		39356C9FDC9D4467B59B305B /* LMLogger.m */ = {isa = PBXFileReference; explicitFileType = undefined; fileEncoding = 4; includeInIndex = 0; lastKnownFileType = sourcecode.c.objc; name = LMLogger.m; path = com.unarin.cordova.beacon/LMLogger.m; sourceTree = "<group>"; };
		3AA95013542B405A98C08ED6 /* libGSDK_Overload.a */ = {isa = PBXFileReference; explicitFileType = undefined; fileEncoding = 9; includeInIndex = 0; lastKnownFileType = archive.ar; name = libGSDK_Overload.a; path = "SafeDriver/Plugins/phonegap-plugin-push/GCM/Libraries/libGSDK_Overload.a"; sourceTree = "<group>"; };
		3DC981251C6C71180005639A /* Brynderwyn Hills.gpx */ = {isa = PBXFileReference; fileEncoding = 4; lastKnownFileType = text.xml; path = "Brynderwyn Hills.gpx"; sourceTree = "<group>"; };
		3DC981261C6C71180005639A /* CROWN.gpx */ = {isa = PBXFileReference; fileEncoding = 4; lastKnownFileType = text.xml; path = CROWN.gpx; sourceTree = "<group>"; };
		3DC981271C6C71180005639A /* Desert Road.gpx */ = {isa = PBXFileReference; fileEncoding = 4; lastKnownFileType = text.xml; path = "Desert Road.gpx"; sourceTree = "<group>"; };
		3DC981281C6C71180005639A /* DevilsStaircase.gpx */ = {isa = PBXFileReference; fileEncoding = 4; lastKnownFileType = text.xml; path = DevilsStaircase.gpx; sourceTree = "<group>"; };
		3DC981291C6C71180005639A /* Dome Valley.gpx */ = {isa = PBXFileReference; fileEncoding = 4; lastKnownFileType = text.xml; path = "Dome Valley.gpx"; sourceTree = "<group>"; };
		3DC9812A1C6C71180005639A /* Kaimai SH29.gpx */ = {isa = PBXFileReference; fileEncoding = 4; lastKnownFileType = text.xml; path = "Kaimai SH29.gpx"; sourceTree = "<group>"; };
		3DC9812B1C6C71180005639A /* Karangahake.gpx */ = {isa = PBXFileReference; fileEncoding = 4; lastKnownFileType = text.xml; path = Karangahake.gpx; sourceTree = "<group>"; };
		3DC9812C1C6C71180005639A /* KGorge.gpx */ = {isa = PBXFileReference; fileEncoding = 4; lastKnownFileType = text.xml; path = KGorge.gpx; sourceTree = "<group>"; };
		3DC9812D1C6C71180005639A /* LindisPass.gpx */ = {isa = PBXFileReference; fileEncoding = 4; lastKnownFileType = text.xml; path = LindisPass.gpx; sourceTree = "<group>"; };
		3DC9812E1C6C71180005639A /* Milford.gpx */ = {isa = PBXFileReference; fileEncoding = 4; lastKnownFileType = text.xml; path = Milford.gpx; sourceTree = "<group>"; };
		3DC9812F1C6C71180005639A /* Rimutaka.gpx */ = {isa = PBXFileReference; fileEncoding = 4; lastKnownFileType = text.xml; path = Rimutaka.gpx; sourceTree = "<group>"; };
		3DC981301C6C71180005639A /* SH2.gpx */ = {isa = PBXFileReference; fileEncoding = 4; lastKnownFileType = text.xml; path = SH2.gpx; sourceTree = "<group>"; };
		3DC981311C6C71180005639A /* Taupo - Napier.gpx */ = {isa = PBXFileReference; fileEncoding = 4; lastKnownFileType = text.xml; path = "Taupo - Napier.gpx"; sourceTree = "<group>"; };
		42490C8716194F178F58E4CE /* libGGLCore.a */ = {isa = PBXFileReference; explicitFileType = undefined; fileEncoding = 9; includeInIndex = 0; lastKnownFileType = archive.ar; name = libGGLCore.a; path = "SafeDriver/Plugins/phonegap-plugin-push/GCM/Libraries/libGGLCore.a"; sourceTree = "<group>"; };
		442F5F7C91C14977A93DA670 /* libz.tbd */ = {isa = PBXFileReference; explicitFileType = undefined; fileEncoding = 9; includeInIndex = 0; lastKnownFileType = unknown; path = libz.tbd; sourceTree = "<group>"; };
		4E855A55F01843E2ABB00102 /* CDVVibration.h */ = {isa = PBXFileReference; explicitFileType = undefined; fileEncoding = 4; includeInIndex = 0; lastKnownFileType = sourcecode.c.h; name = CDVVibration.h; path = "cordova-plugin-vibration/CDVVibration.h"; sourceTree = "<group>"; };
		4FEC9252986D4B579A5A399B /* CoreTelephony.framework */ = {isa = PBXFileReference; explicitFileType = undefined; fileEncoding = 9; includeInIndex = 0; lastKnownFileType = wrapper.framework; name = CoreTelephony.framework; path = System/Library/Frameworks/CoreTelephony.framework; sourceTree = SDKROOT; };
		52CE5542B027416480AB2096 /* libGGLCloudMessaging.a */ = {isa = PBXFileReference; explicitFileType = undefined; fileEncoding = 9; includeInIndex = 0; lastKnownFileType = archive.ar; name = libGGLCloudMessaging.a; path = "SafeDriver/Plugins/phonegap-plugin-push/GCM/Libraries/libGGLCloudMessaging.a"; sourceTree = "<group>"; };
		5A86B3DE276F4E52831658DF /* libGTM_NSStringHTML.a */ = {isa = PBXFileReference; explicitFileType = undefined; fileEncoding = 9; includeInIndex = 0; lastKnownFileType = archive.ar; name = libGTM_NSStringHTML.a; path = "SafeDriver/Plugins/phonegap-plugin-push/GCM/Libraries/libGTM_NSStringHTML.a"; sourceTree = "<group>"; };
		5C579783B85D4E478086C197 /* GCMService.h */ = {isa = PBXFileReference; explicitFileType = undefined; fileEncoding = 4; includeInIndex = 0; lastKnownFileType = sourcecode.c.h; name = GCMService.h; path = "phonegap-plugin-push/GCM/Headers/GCMService.h"; sourceTree = "<group>"; };
		5D96C7657F594856BEBE9C55 /* AppDelegate+notification.h */ = {isa = PBXFileReference; explicitFileType = undefined; fileEncoding = 4; includeInIndex = 0; lastKnownFileType = sourcecode.c.h; name = "AppDelegate+notification.h"; path = "phonegap-plugin-push/AppDelegate+notification.h"; sourceTree = "<group>"; };
		5E2BB8A6AEC14349BE5B2105 /* CDVSound.m */ = {isa = PBXFileReference; explicitFileType = undefined; fileEncoding = 4; includeInIndex = 0; lastKnownFileType = sourcecode.c.objc; name = CDVSound.m; path = "cordova-plugin-media/CDVSound.m"; sourceTree = "<group>"; };
		5F90C6F0D57E40EF8609ACBA /* libGTM_DebugUtils.a */ = {isa = PBXFileReference; explicitFileType = undefined; fileEncoding = 9; includeInIndex = 0; lastKnownFileType = archive.ar; name = libGTM_DebugUtils.a; path = "SafeDriver/Plugins/phonegap-plugin-push/GCM/Libraries/libGTM_DebugUtils.a"; sourceTree = "<group>"; };
		605CC71E3B7A45FF9C860701 /* CDVLocationManager.h */ = {isa = PBXFileReference; explicitFileType = undefined; fileEncoding = 4; includeInIndex = 0; lastKnownFileType = sourcecode.c.h; name = CDVLocationManager.h; path = com.unarin.cordova.beacon/CDVLocationManager.h; sourceTree = "<group>"; };
		6074A9D9044C465D83DECEB1 /* CDVLocalFilesystem.m */ = {isa = PBXFileReference; explicitFileType = undefined; fileEncoding = 4; includeInIndex = 0; lastKnownFileType = sourcecode.c.objc; name = CDVLocalFilesystem.m; path = "cordova-plugin-file/CDVLocalFilesystem.m"; sourceTree = "<group>"; };
		620AD4EFF1D24FFFACA9EE0A /* CDVPlugin+APPAppEvent.m */ = {isa = PBXFileReference; explicitFileType = undefined; fileEncoding = 4; includeInIndex = 0; lastKnownFileType = sourcecode.c.objc; name = "CDVPlugin+APPAppEvent.m"; path = "cordova-plugin-app-event/CDVPlugin+APPAppEvent.m"; sourceTree = "<group>"; };
		62EA30DBA8044AB483D28958 /* CDVLocation.m */ = {isa = PBXFileReference; explicitFileType = undefined; fileEncoding = 4; includeInIndex = 0; lastKnownFileType = sourcecode.c.objc; name = CDVLocation.m; path = "cordova-plugin-geolocation/CDVLocation.m"; sourceTree = "<group>"; };
		68A47AC6044B486593FC9F15 /* APPLocalNotificationOptions.m */ = {isa = PBXFileReference; explicitFileType = undefined; fileEncoding = 4; includeInIndex = 0; lastKnownFileType = sourcecode.c.objc; name = APPLocalNotificationOptions.m; path = "de.appplant.cordova.plugin.local-notification/APPLocalNotificationOptions.m"; sourceTree = "<group>"; };
		6984A8660F70459B89B7C8F8 /* CDVLocationManager.m */ = {isa = PBXFileReference; explicitFileType = undefined; fileEncoding = 4; includeInIndex = 0; lastKnownFileType = sourcecode.c.objc; name = CDVLocationManager.m; path = com.unarin.cordova.beacon/CDVLocationManager.m; sourceTree = "<group>"; };
		6A73263D69064BA1A44C5CF5 /* Core.h */ = {isa = PBXFileReference; explicitFileType = undefined; fileEncoding = 4; includeInIndex = 0; lastKnownFileType = sourcecode.c.h; name = Core.h; path = "phonegap-plugin-push/GCM/Headers/Core.h"; sourceTree = "<group>"; };
		6D931CCE02DF4218A1AA998B /* AVFoundation.framework */ = {isa = PBXFileReference; explicitFileType = undefined; fileEncoding = 9; includeInIndex = 0; lastKnownFileType = wrapper.framework; name = AVFoundation.framework; path = System/Library/Frameworks/AVFoundation.framework; sourceTree = SDKROOT; };
		70DAD80384CC4BAB9870A688 /* CDVDevice.h */ = {isa = PBXFileReference; explicitFileType = undefined; fileEncoding = 4; includeInIndex = 0; lastKnownFileType = sourcecode.c.h; name = CDVDevice.h; path = "cordova-plugin-device/CDVDevice.h"; sourceTree = "<group>"; };
		7247DC6FD19447569263DC67 /* CDVReachability.h */ = {isa = PBXFileReference; explicitFileType = undefined; fileEncoding = 4; includeInIndex = 0; lastKnownFileType = sourcecode.c.h; name = CDVReachability.h; path = "cordova-plugin-network-information/CDVReachability.h"; sourceTree = "<group>"; };
		7463BD75A23D47E3AFFDA956 /* libGTM_NSData+zlib.a */ = {isa = PBXFileReference; explicitFileType = undefined; fileEncoding = 9; includeInIndex = 0; lastKnownFileType = archive.ar; name = "libGTM_NSData+zlib.a"; path = "SafeDriver/Plugins/phonegap-plugin-push/GCM/Libraries/libGTM_NSData+zlib.a"; sourceTree = "<group>"; };
		7556B89F7C1842D2811C294D /* libGTM_SystemVersion.a */ = {isa = PBXFileReference; explicitFileType = undefined; fileEncoding = 9; includeInIndex = 0; lastKnownFileType = archive.ar; name = libGTM_SystemVersion.a; path = "SafeDriver/Plugins/phonegap-plugin-push/GCM/Libraries/libGTM_SystemVersion.a"; sourceTree = "<group>"; };
		76C81EB1916D423990899F29 /* CDVWKWebViewEngine.m */ = {isa = PBXFileReference; explicitFileType = undefined; fileEncoding = 4; includeInIndex = 0; lastKnownFileType = sourcecode.c.objc; name = CDVWKWebViewEngine.m; path = "cordova-plugin-wkwebview-engine/CDVWKWebViewEngine.m"; sourceTree = "<group>"; };
		7BE92C3A09D94BC19BAE6035 /* libGTMSessionFetcher_full.a */ = {isa = PBXFileReference; explicitFileType = undefined; fileEncoding = 9; includeInIndex = 0; lastKnownFileType = archive.ar; name = libGTMSessionFetcher_full.a; path = "SafeDriver/Plugins/phonegap-plugin-push/GCM/Libraries/libGTMSessionFetcher_full.a"; sourceTree = "<group>"; };
		863F7EBD895E4C5A9EED121B /* APPLocalNotification.h */ = {isa = PBXFileReference; explicitFileType = undefined; fileEncoding = 4; includeInIndex = 0; lastKnownFileType = sourcecode.c.h; name = APPLocalNotification.h; path = "de.appplant.cordova.plugin.local-notification/APPLocalNotification.h"; sourceTree = "<group>"; };
		8957BA42E7A14000BB53D3CB /* PushPlugin.h */ = {isa = PBXFileReference; explicitFileType = undefined; fileEncoding = 4; includeInIndex = 0; lastKnownFileType = sourcecode.c.h; name = PushPlugin.h; path = "phonegap-plugin-push/PushPlugin.h"; sourceTree = "<group>"; };
		8ACE9763F88843E392AC3DE3 /* AudioToolbox.framework */ = {isa = PBXFileReference; explicitFileType = undefined; fileEncoding = 9; includeInIndex = 0; lastKnownFileType = wrapper.framework; name = AudioToolbox.framework; path = System/Library/Frameworks/AudioToolbox.framework; sourceTree = SDKROOT; };
		8BEFE20A9A724ECF9F456097 /* GoogleCloudMessaging.h */ = {isa = PBXFileReference; explicitFileType = undefined; fileEncoding = 4; includeInIndex = 0; lastKnownFileType = sourcecode.c.h; name = GoogleCloudMessaging.h; path = "phonegap-plugin-push/GCM/Headers/GoogleCloudMessaging.h"; sourceTree = "<group>"; };
		8C2CE94656CA4F66997A9BF8 /* libGTM_KVO.a */ = {isa = PBXFileReference; explicitFileType = undefined; fileEncoding = 9; includeInIndex = 0; lastKnownFileType = archive.ar; name = libGTM_KVO.a; path = "SafeDriver/Plugins/phonegap-plugin-push/GCM/Libraries/libGTM_KVO.a"; sourceTree = "<group>"; };
		8D1107310486CEB800E47090 /* SafeDriver-Info.plist */ = {isa = PBXFileReference; fileEncoding = 4; lastKnownFileType = text.plist.xml; name = "SafeDriver-Info.plist"; path = "SafeDriver/SafeDriver-Info.plist"; plistStructureDefinitionIdentifier = "com.apple.xcode.plist.structure-definition.iphone.info-plist"; sourceTree = SOURCE_ROOT; };
		8FB9AB5677844FA7B8F6BEE3 /* APPBackgroundMode.m */ = {isa = PBXFileReference; explicitFileType = undefined; fileEncoding = 4; includeInIndex = 0; lastKnownFileType = sourcecode.c.objc; name = APPBackgroundMode.m; path = "de.appplant.cordova.plugin.background-mode/APPBackgroundMode.m"; sourceTree = "<group>"; };
		903DD4D0F25942CD9944AAEB /* GGLContext.h */ = {isa = PBXFileReference; explicitFileType = undefined; fileEncoding = 4; includeInIndex = 0; lastKnownFileType = sourcecode.c.h; name = GGLContext.h; path = "phonegap-plugin-push/GCM/Headers/GGLContext.h"; sourceTree = "<group>"; };
		93D83F0FB76F41C99E7AF99A /* libGcmLib.a */ = {isa = PBXFileReference; explicitFileType = undefined; fileEncoding = 9; includeInIndex = 0; lastKnownFileType = archive.ar; name = libGcmLib.a; path = "SafeDriver/Plugins/phonegap-plugin-push/GCM/Libraries/libGcmLib.a"; sourceTree = "<group>"; };
		997B89A1D6A54A74A1B5CE13 /* appbeep.wav */ = {isa = PBXFileReference; explicitFileType = undefined; fileEncoding = 9; includeInIndex = 0; lastKnownFileType = unknown; path = appbeep.wav; sourceTree = "<group>"; };
		9BA7B80EE51A4BF0A2980216 /* GGLErrorCode.h */ = {isa = PBXFileReference; explicitFileType = undefined; fileEncoding = 4; includeInIndex = 0; lastKnownFileType = sourcecode.c.h; name = GGLErrorCode.h; path = "phonegap-plugin-push/GCM/Headers/GGLErrorCode.h"; sourceTree = "<group>"; };
		9BBBDFD1E7FF477A93152BB3 /* AddressBook.framework */ = {isa = PBXFileReference; explicitFileType = undefined; fileEncoding = 9; includeInIndex = 0; lastKnownFileType = wrapper.framework; name = AddressBook.framework; path = System/Library/Frameworks/AddressBook.framework; sourceTree = SDKROOT; };
		9D8DEE44C09F46FFA7D66043 /* CDVLocation.h */ = {isa = PBXFileReference; explicitFileType = undefined; fileEncoding = 4; includeInIndex = 0; lastKnownFileType = sourcecode.c.h; name = CDVLocation.h; path = "cordova-plugin-geolocation/CDVLocation.h"; sourceTree = "<group>"; };
		A0968BA70F5C4AFD9A8DA33D /* CDVDevice.m */ = {isa = PBXFileReference; explicitFileType = undefined; fileEncoding = 4; includeInIndex = 0; lastKnownFileType = sourcecode.c.objc; name = CDVDevice.m; path = "cordova-plugin-device/CDVDevice.m"; sourceTree = "<group>"; };
		A156516E354A49C3ADE1B770 /* CDVAssetLibraryFilesystem.h */ = {isa = PBXFileReference; explicitFileType = undefined; fileEncoding = 4; includeInIndex = 0; lastKnownFileType = sourcecode.c.h; name = CDVAssetLibraryFilesystem.h; path = "cordova-plugin-file/CDVAssetLibraryFilesystem.h"; sourceTree = "<group>"; };
		A34C103F91874CFCB13EE4EE /* libGTM_Regex.a */ = {isa = PBXFileReference; explicitFileType = undefined; fileEncoding = 9; includeInIndex = 0; lastKnownFileType = archive.ar; name = libGTM_Regex.a; path = "SafeDriver/Plugins/phonegap-plugin-push/GCM/Libraries/libGTM_Regex.a"; sourceTree = "<group>"; };
		A4E0DD1D67BA4B4AA6AB52A6 /* libGTM_RoundedRectPath.a */ = {isa = PBXFileReference; explicitFileType = undefined; fileEncoding = 9; includeInIndex = 0; lastKnownFileType = archive.ar; name = libGTM_RoundedRectPath.a; path = "SafeDriver/Plugins/phonegap-plugin-push/GCM/Libraries/libGTM_RoundedRectPath.a"; sourceTree = "<group>"; };
		A5A70515F83E470B8F547591 /* UIApplication+APPLocalNotification.h */ = {isa = PBXFileReference; explicitFileType = undefined; fileEncoding = 4; includeInIndex = 0; lastKnownFileType = sourcecode.c.h; name = "UIApplication+APPLocalNotification.h"; path = "de.appplant.cordova.plugin.local-notification/UIApplication+APPLocalNotification.h"; sourceTree = "<group>"; };
		A929426859D84594BCDD7E81 /* CDVNotification.bundle */ = {isa = PBXFileReference; explicitFileType = undefined; fileEncoding = 9; includeInIndex = 0; lastKnownFileType = "wrapper.plug-in"; path = CDVNotification.bundle; sourceTree = "<group>"; };
		AA15EDF4E1B34B4DA1467B48 /* GGLConfiguration.h */ = {isa = PBXFileReference; explicitFileType = undefined; fileEncoding = 4; includeInIndex = 0; lastKnownFileType = sourcecode.c.h; name = GGLConfiguration.h; path = "phonegap-plugin-push/GCM/Headers/GGLConfiguration.h"; sourceTree = "<group>"; };
		AC39508E875640CEB7B0B656 /* CDVStatusBar.h */ = {isa = PBXFileReference; explicitFileType = undefined; fileEncoding = 4; includeInIndex = 0; lastKnownFileType = sourcecode.c.h; name = CDVStatusBar.h; path = "cordova-plugin-statusbar/CDVStatusBar.h"; sourceTree = "<group>"; };
		B14E002B13A349208BDB333C /* AppDelegate+CDVLocationManager.h */ = {isa = PBXFileReference; explicitFileType = undefined; fileEncoding = 4; includeInIndex = 0; lastKnownFileType = sourcecode.c.h; name = "AppDelegate+CDVLocationManager.h"; path = "com.unarin.cordova.beacon/AppDelegate+CDVLocationManager.h"; sourceTree = "<group>"; };
		B23F07DDFED24B0490D70BBB /* LMLogger.h */ = {isa = PBXFileReference; explicitFileType = undefined; fileEncoding = 4; includeInIndex = 0; lastKnownFileType = sourcecode.c.h; name = LMLogger.h; path = com.unarin.cordova.beacon/LMLogger.h; sourceTree = "<group>"; };
		B32AA29FC65A482DB7A32D10 /* CDVLocalFilesystem.h */ = {isa = PBXFileReference; explicitFileType = undefined; fileEncoding = 4; includeInIndex = 0; lastKnownFileType = sourcecode.c.h; name = CDVLocalFilesystem.h; path = "cordova-plugin-file/CDVLocalFilesystem.h"; sourceTree = "<group>"; };
		B57FC9C55FE447FF8D25E69A /* CDVVibration.m */ = {isa = PBXFileReference; explicitFileType = undefined; fileEncoding = 4; includeInIndex = 0; lastKnownFileType = sourcecode.c.objc; name = CDVVibration.m; path = "cordova-plugin-vibration/CDVVibration.m"; sourceTree = "<group>"; };
		B6610553B2BB40F088F45C25 /* GGLInstanceIDConfig.h */ = {isa = PBXFileReference; explicitFileType = undefined; fileEncoding = 4; includeInIndex = 0; lastKnownFileType = sourcecode.c.h; name = GGLInstanceIDConfig.h; path = "phonegap-plugin-push/GCM/Headers/GGLInstanceIDConfig.h"; sourceTree = "<group>"; };
		BA9DAC676AE54A2683EA4ED4 /* libGTM_GTMURLBuilder.a */ = {isa = PBXFileReference; explicitFileType = undefined; fileEncoding = 9; includeInIndex = 0; lastKnownFileType = archive.ar; name = libGTM_GTMURLBuilder.a; path = "SafeDriver/Plugins/phonegap-plugin-push/GCM/Libraries/libGTM_GTMURLBuilder.a"; sourceTree = "<group>"; };
		BCB25264F0864A3FAAD77835 /* UILocalNotification+APPLocalNotification.h */ = {isa = PBXFileReference; explicitFileType = undefined; fileEncoding = 4; includeInIndex = 0; lastKnownFileType = sourcecode.c.h; name = "UILocalNotification+APPLocalNotification.h"; path = "de.appplant.cordova.plugin.local-notification/UILocalNotification+APPLocalNotification.h"; sourceTree = "<group>"; };
		BE7EBECFDBE2452CB979FAEE /* libGIP_Reachability.a */ = {isa = PBXFileReference; explicitFileType = undefined; fileEncoding = 9; includeInIndex = 0; lastKnownFileType = archive.ar; name = libGIP_Reachability.a; path = "SafeDriver/Plugins/phonegap-plugin-push/GCM/Libraries/libGIP_Reachability.a"; sourceTree = "<group>"; };
		C277644BF8DA4238B7DB3DA1 /* libGTMStackTrace.a */ = {isa = PBXFileReference; explicitFileType = undefined; fileEncoding = 9; includeInIndex = 0; lastKnownFileType = archive.ar; name = libGTMStackTrace.a; path = "SafeDriver/Plugins/phonegap-plugin-push/GCM/Libraries/libGTMStackTrace.a"; sourceTree = "<group>"; };
		C93CF4A94F294E99940A0B7C /* PushPlugin.m */ = {isa = PBXFileReference; explicitFileType = undefined; fileEncoding = 4; includeInIndex = 0; lastKnownFileType = sourcecode.c.objc; name = PushPlugin.m; path = "phonegap-plugin-push/PushPlugin.m"; sourceTree = "<group>"; };
		CAFD6E05BF9C427BA876EFC0 /* GGLInstanceID.h */ = {isa = PBXFileReference; explicitFileType = undefined; fileEncoding = 4; includeInIndex = 0; lastKnownFileType = sourcecode.c.h; name = GGLInstanceID.h; path = "phonegap-plugin-push/GCM/Headers/GGLInstanceID.h"; sourceTree = "<group>"; };
		CC44369BE7E143C5987B1D57 /* APPLocalNotificationOptions.h */ = {isa = PBXFileReference; explicitFileType = undefined; fileEncoding = 4; includeInIndex = 0; lastKnownFileType = sourcecode.c.h; name = APPLocalNotificationOptions.h; path = "de.appplant.cordova.plugin.local-notification/APPLocalNotificationOptions.h"; sourceTree = "<group>"; };
		CECA2D773C944573AB9B31A1 /* CoreLocation.framework */ = {isa = PBXFileReference; explicitFileType = undefined; fileEncoding = 9; includeInIndex = 0; lastKnownFileType = wrapper.framework; name = CoreLocation.framework; path = System/Library/Frameworks/CoreLocation.framework; sourceTree = SDKROOT; };
		D3358CFECD96450A88B599AD /* CDVGlobalization.h */ = {isa = PBXFileReference; explicitFileType = undefined; fileEncoding = 4; includeInIndex = 0; lastKnownFileType = sourcecode.c.h; name = CDVGlobalization.h; path = "cordova-plugin-globalization/CDVGlobalization.h"; sourceTree = "<group>"; };
		D63ACD2631854288AB164EE7 /* libGTM_StringEncoding.a */ = {isa = PBXFileReference; explicitFileType = undefined; fileEncoding = 9; includeInIndex = 0; lastKnownFileType = archive.ar; name = libGTM_StringEncoding.a; path = "SafeDriver/Plugins/phonegap-plugin-push/GCM/Libraries/libGTM_StringEncoding.a"; sourceTree = "<group>"; };
		D8B82255C90E43B8B17A513F /* CDVStatusBar.m */ = {isa = PBXFileReference; explicitFileType = undefined; fileEncoding = 4; includeInIndex = 0; lastKnownFileType = sourcecode.c.objc; name = CDVStatusBar.m; path = "cordova-plugin-statusbar/CDVStatusBar.m"; sourceTree = "<group>"; };
		D99D0EC91E49401A9E371FA8 /* libGGLInstanceIDLib.a */ = {isa = PBXFileReference; explicitFileType = undefined; fileEncoding = 9; includeInIndex = 0; lastKnownFileType = archive.ar; name = libGGLInstanceIDLib.a; path = "SafeDriver/Plugins/phonegap-plugin-push/GCM/Libraries/libGGLInstanceIDLib.a"; sourceTree = "<group>"; };
		DBCF7AA0AC274703AEF320A6 /* libGTM_UIFont+LineHeight.a */ = {isa = PBXFileReference; explicitFileType = undefined; fileEncoding = 9; includeInIndex = 0; lastKnownFileType = archive.ar; name = "libGTM_UIFont+LineHeight.a"; path = "SafeDriver/Plugins/phonegap-plugin-push/GCM/Libraries/libGTM_UIFont+LineHeight.a"; sourceTree = "<group>"; };
		DCEAC444AFEF4A749B3A4758 /* SystemConfiguration.framework */ = {isa = PBXFileReference; explicitFileType = undefined; fileEncoding = 9; includeInIndex = 0; lastKnownFileType = wrapper.framework; name = SystemConfiguration.framework; path = System/Library/Frameworks/SystemConfiguration.framework; sourceTree = SDKROOT; };
		E0EB2E6F370A4D67B0D37E33 /* libGTM_NSScannerJSON.a */ = {isa = PBXFileReference; explicitFileType = undefined; fileEncoding = 9; includeInIndex = 0; lastKnownFileType = archive.ar; name = libGTM_NSScannerJSON.a; path = "SafeDriver/Plugins/phonegap-plugin-push/GCM/Libraries/libGTM_NSScannerJSON.a"; sourceTree = "<group>"; };
		E4E6B46CB6C94D6F8D063A86 /* libGTM_NSStringXML.a */ = {isa = PBXFileReference; explicitFileType = undefined; fileEncoding = 9; includeInIndex = 0; lastKnownFileType = archive.ar; name = libGTM_NSStringXML.a; path = "SafeDriver/Plugins/phonegap-plugin-push/GCM/Libraries/libGTM_NSStringXML.a"; sourceTree = "<group>"; };
		E7461484FC264ECF9DD2584B /* CDVAssetLibraryFilesystem.m */ = {isa = PBXFileReference; explicitFileType = undefined; fileEncoding = 4; includeInIndex = 0; lastKnownFileType = sourcecode.c.objc; name = CDVAssetLibraryFilesystem.m; path = "cordova-plugin-file/CDVAssetLibraryFilesystem.m"; sourceTree = "<group>"; };
		E8A1F1401176410AB62F4A62 /* libsqlite3.tbd */ = {isa = PBXFileReference; explicitFileType = undefined; fileEncoding = 9; includeInIndex = 0; lastKnownFileType = unknown; path = libsqlite3.tbd; sourceTree = "<group>"; };
		E9C8B245F99B49B7B64266F8 /* CDVNotification.h */ = {isa = PBXFileReference; explicitFileType = undefined; fileEncoding = 4; includeInIndex = 0; lastKnownFileType = sourcecode.c.h; name = CDVNotification.h; path = "cordova-plugin-dialogs/CDVNotification.h"; sourceTree = "<group>"; };
		EB87FDF31871DA8E0020F90C /* www */ = {isa = PBXFileReference; lastKnownFileType = folder; name = www; path = ../../www; sourceTree = "<group>"; };
		EB87FDF41871DAF40020F90C /* config.xml */ = {isa = PBXFileReference; lastKnownFileType = text.xml; name = config.xml; path = ../../config.xml; sourceTree = "<group>"; };
		ED33DF2A687741AEAF9F8254 /* Bridging-Header.h */ = {isa = PBXFileReference; fileEncoding = 4; lastKnownFileType = sourcecode.c.h; path = "Bridging-Header.h"; sourceTree = "<group>"; };
		EDA75223D6BD4CCBB0091D26 /* CDVWKWebViewUIDelegate.h */ = {isa = PBXFileReference; explicitFileType = undefined; fileEncoding = 4; includeInIndex = 0; lastKnownFileType = sourcecode.c.h; name = CDVWKWebViewUIDelegate.h; path = "cordova-plugin-wkwebview-engine/CDVWKWebViewUIDelegate.h"; sourceTree = "<group>"; };
		EE30908147BC4D4EBDC89B9D /* libGTM_iPhone.a */ = {isa = PBXFileReference; explicitFileType = undefined; fileEncoding = 9; includeInIndex = 0; lastKnownFileType = archive.ar; name = libGTM_iPhone.a; path = "SafeDriver/Plugins/phonegap-plugin-push/GCM/Libraries/libGTM_iPhone.a"; sourceTree = "<group>"; };
		EF8E8B3A8BAB4E6B86492D65 /* libGTMSessionFetcher_core.a */ = {isa = PBXFileReference; explicitFileType = undefined; fileEncoding = 9; includeInIndex = 0; lastKnownFileType = archive.ar; name = libGTMSessionFetcher_core.a; path = "SafeDriver/Plugins/phonegap-plugin-push/GCM/Libraries/libGTMSessionFetcher_core.a"; sourceTree = "<group>"; };
		F169B3DE943A4AA983B64D0E /* CDVNotification.m */ = {isa = PBXFileReference; explicitFileType = undefined; fileEncoding = 4; includeInIndex = 0; lastKnownFileType = sourcecode.c.objc; name = CDVNotification.m; path = "cordova-plugin-dialogs/CDVNotification.m"; sourceTree = "<group>"; };
		F840E1F0165FE0F500CFE078 /* config.xml */ = {isa = PBXFileReference; lastKnownFileType = text.xml; name = config.xml; path = SafeDriver/config.xml; sourceTree = "<group>"; };
		FA648BF23DC64C8A9A0956FA /* GCMConfig.h */ = {isa = PBXFileReference; explicitFileType = undefined; fileEncoding = 4; includeInIndex = 0; lastKnownFileType = sourcecode.c.h; name = GCMConfig.h; path = "phonegap-plugin-push/GCM/Headers/GCMConfig.h"; sourceTree = "<group>"; };
		FABDEC8A4C3542358D5A3222 /* CDVReachability.m */ = {isa = PBXFileReference; explicitFileType = undefined; fileEncoding = 4; includeInIndex = 0; lastKnownFileType = sourcecode.c.objc; name = CDVReachability.m; path = "cordova-plugin-network-information/CDVReachability.m"; sourceTree = "<group>"; };
		FAF2F738FD5C4D92BA4BCA13 /* GCMPubSub.h */ = {isa = PBXFileReference; explicitFileType = undefined; fileEncoding = 4; includeInIndex = 0; lastKnownFileType = sourcecode.c.h; name = GCMPubSub.h; path = "phonegap-plugin-push/GCM/Headers/GCMPubSub.h"; sourceTree = "<group>"; };
		FD9A933E93C04B45B3ADA4B1 /* GCMReceiverDelegate.h */ = {isa = PBXFileReference; explicitFileType = undefined; fileEncoding = 4; includeInIndex = 0; lastKnownFileType = sourcecode.c.h; name = GCMReceiverDelegate.h; path = "phonegap-plugin-push/GCM/Headers/GCMReceiverDelegate.h"; sourceTree = "<group>"; };
		FE7D8127CA3C4E35B368A3BC /* AppDelegate+APPAppEvent.m */ = {isa = PBXFileReference; explicitFileType = undefined; fileEncoding = 4; includeInIndex = 0; lastKnownFileType = sourcecode.c.objc; name = "AppDelegate+APPAppEvent.m"; path = "cordova-plugin-app-event/AppDelegate+APPAppEvent.m"; sourceTree = "<group>"; };
<<<<<<< HEAD
		6F6BAB1708604FEC8208E072 /* PowerManagement.m */ = {isa = PBXFileReference; name = "PowerManagement.m"; path = "cordova-plugin-powermanagement/PowerManagement.m"; sourceTree = "<group>"; fileEncoding = 4; lastKnownFileType = sourcecode.c.objc; explicitFileType = undefined; includeInIndex = 0; };
		50E6D839C92041BCB6D91BAB /* PowerManagement.h */ = {isa = PBXFileReference; name = "PowerManagement.h"; path = "cordova-plugin-powermanagement/PowerManagement.h"; sourceTree = "<group>"; fileEncoding = 4; lastKnownFileType = sourcecode.c.h; explicitFileType = undefined; includeInIndex = 0; };
		CBE0E2A83F8F406CA4564278 /* InAppPurchase.m */ = {isa = PBXFileReference; name = "InAppPurchase.m"; path = "cc.fovea.cordova.purchase/InAppPurchase.m"; sourceTree = "<group>"; fileEncoding = 4; lastKnownFileType = sourcecode.c.objc; explicitFileType = undefined; includeInIndex = 0; };
		6DD504CA9D454B9AADAC057C /* SKProduct+LocalizedPrice.m */ = {isa = PBXFileReference; name = "SKProduct+LocalizedPrice.m"; path = "cc.fovea.cordova.purchase/SKProduct+LocalizedPrice.m"; sourceTree = "<group>"; fileEncoding = 4; lastKnownFileType = sourcecode.c.objc; explicitFileType = undefined; includeInIndex = 0; };
		27EA427453E242319F5CC195 /* FileUtility.m */ = {isa = PBXFileReference; name = "FileUtility.m"; path = "cc.fovea.cordova.purchase/FileUtility.m"; sourceTree = "<group>"; fileEncoding = 4; lastKnownFileType = sourcecode.c.objc; explicitFileType = undefined; includeInIndex = 0; };
		A976E4DD979B446BA94D5621 /* InAppPurchase.h */ = {isa = PBXFileReference; name = "InAppPurchase.h"; path = "cc.fovea.cordova.purchase/InAppPurchase.h"; sourceTree = "<group>"; fileEncoding = 4; lastKnownFileType = sourcecode.c.h; explicitFileType = undefined; includeInIndex = 0; };
		ADE6B2EE137C4C6290290338 /* SKProduct+LocalizedPrice.h */ = {isa = PBXFileReference; name = "SKProduct+LocalizedPrice.h"; path = "cc.fovea.cordova.purchase/SKProduct+LocalizedPrice.h"; sourceTree = "<group>"; fileEncoding = 4; lastKnownFileType = sourcecode.c.h; explicitFileType = undefined; includeInIndex = 0; };
		0A38689EEDB84BC5BDCCBA21 /* FileUtility.h */ = {isa = PBXFileReference; name = "FileUtility.h"; path = "cc.fovea.cordova.purchase/FileUtility.h"; sourceTree = "<group>"; fileEncoding = 4; lastKnownFileType = sourcecode.c.h; explicitFileType = undefined; includeInIndex = 0; };
		D0225D54A04546E6BB573D1A /* StoreKit.framework */ = {isa = PBXFileReference; name = "StoreKit.framework"; path = "System/Library/Frameworks/StoreKit.framework"; sourceTree = SDKROOT; fileEncoding = undefined; lastKnownFileType = wrapper.framework; explicitFileType = undefined; includeInIndex = 0; };
=======
		11107771FB57469CA3F482E8 /* PowerManagement.m */ = {isa = PBXFileReference; name = "PowerManagement.m"; path = "cordova-plugin-powermanagement/PowerManagement.m"; sourceTree = "<group>"; fileEncoding = 4; lastKnownFileType = sourcecode.c.objc; explicitFileType = undefined; includeInIndex = 0; };
		D2F94978506F4E8E9FDEA9A0 /* PowerManagement.h */ = {isa = PBXFileReference; name = "PowerManagement.h"; path = "cordova-plugin-powermanagement/PowerManagement.h"; sourceTree = "<group>"; fileEncoding = 4; lastKnownFileType = sourcecode.c.h; explicitFileType = undefined; includeInIndex = 0; };
>>>>>>> master
/* End PBXFileReference section */

/* Begin PBXFrameworksBuildPhase section */
		1D60588F0D05DD3D006BFB54 /* Frameworks */ = {
			isa = PBXFrameworksBuildPhase;
			buildActionMask = 2147483647;
			files = (
				301BF552109A68D80062928A /* libCordova.a in Frameworks */,
				FA488A30FD4442B3B142F825 /* CoreBluetooth.framework in Frameworks */,
				AD3A335A53B549EAA70CFFFD /* CoreLocation.framework in Frameworks */,
				E117D85C76854280A61E7041 /* AudioToolbox.framework in Frameworks */,
				A65947A63D4443E8860F86F2 /* AVFoundation.framework in Frameworks */,
				84A198E49AAE43F9BEC5E1D2 /* SystemConfiguration.framework in Frameworks */,
				39B3F93C8011484099BEF51A /* CoreTelephony.framework in Frameworks */,
				D1271FCAB41947289FEF15EB /* libGGLCloudMessaging.a in Frameworks */,
				D2555FF28706489687A5D469 /* libGGLCore.a in Frameworks */,
				F3B0F8F1644D4E7A91D2DF2A /* libGGLInstanceIDLib.a in Frameworks */,
				960A069A4270472D88976EA7 /* libGIP_Reachability.a in Frameworks */,
				36A8CB344EB1440193AD3A06 /* libGSDK_Overload.a in Frameworks */,
				36BD36190D7644CCA9AEF3E6 /* libGTMSessionFetcher_core.a in Frameworks */,
				277C30899B6542138380C81E /* libGTMSessionFetcher_full.a in Frameworks */,
				F4DC45B18988490A964CB8F1 /* libGTMStackTrace.a in Frameworks */,
				01EFAC5B31914B6B9DF72F40 /* libGTM_AddressBook.a in Frameworks */,
				37569B75BDD04A509C994129 /* libGTM_DebugUtils.a in Frameworks */,
				7DE95D5CADFC41FAA6F00846 /* libGTM_GTMURLBuilder.a in Frameworks */,
				1E716781D3644B9F89C54E30 /* libGTM_KVO.a in Frameworks */,
				E9F8A0727E2D4EB4B1E68C85 /* libGTM_NSData+zlib.a in Frameworks */,
				CBC8364E9F414328850F2BC4 /* libGTM_NSDictionary+URLArguments.a in Frameworks */,
				5539D328868A4486BC48B661 /* libGTM_NSScannerJSON.a in Frameworks */,
				A85B6C125E4245C6B4B7F6E9 /* libGTM_NSStringHTML.a in Frameworks */,
				AA65237F7ED042D8AB339051 /* libGTM_NSStringXML.a in Frameworks */,
				B36E45119BF74FAA83C0844D /* libGTM_Regex.a in Frameworks */,
				8D7BA51CB9C64BE981BD83FA /* libGTM_RoundedRectPath.a in Frameworks */,
				41F5BD5F389E43D09AD53BEE /* libGTM_StringEncoding.a in Frameworks */,
				8519F2E5AADE449FA57B6FA3 /* libGTM_SystemVersion.a in Frameworks */,
				753D8B5B134044A8B6886461 /* libGTM_UIFont+LineHeight.a in Frameworks */,
				285CBBB361F645E9ADBA7F80 /* libGTM_core.a in Frameworks */,
				BA7751AEC635444D9D303428 /* libGTM_iPhone.a in Frameworks */,
				A1B1722B6A854E2485220052 /* libGcmLib.a in Frameworks */,
				019ED11D6CDC45F281F5DA1C /* libProtocolBuffers.a in Frameworks */,
				B9CB27A32BF341CCAA369D49 /* AddressBook.framework in Frameworks */,
				FD9E67494109479195762E36 /* libsqlite3.tbd in Frameworks */,
				AFD5376CD3DA4E13BF6937EC /* libz.tbd in Frameworks */,
				E143C4241EC24629B901082E /* WebKit.framework in Frameworks */,
				68BB66A5E0EA4E6D934956C4 /* StoreKit.framework in Frameworks */,
			);
			runOnlyForDeploymentPostprocessing = 0;
		};
/* End PBXFrameworksBuildPhase section */

/* Begin PBXGroup section */
		080E96DDFE201D6D7F000001 /* Classes */ = {
			isa = PBXGroup;
			children = (
				302D95EE14D2391D003F00A1 /* MainViewController.h */,
				302D95EF14D2391D003F00A1 /* MainViewController.m */,
				302D95F014D2391D003F00A1 /* MainViewController.xib */,
				1D3623240D0F684500981E51 /* AppDelegate.h */,
				1D3623250D0F684500981E51 /* AppDelegate.m */,
			);
			name = Classes;
			path = SafeDriver/Classes;
			sourceTree = SOURCE_ROOT;
		};
		19C28FACFE9D520D11CA2CBB /* Products */ = {
			isa = PBXGroup;
			children = (
				1D6058910D05DD3D006BFB54 /* SafeDriver.app */,
			);
			name = Products;
			sourceTree = "<group>";
		};
		29B97314FDCFA39411CA2CEA /* CustomTemplate */ = {
			isa = PBXGroup;
			children = (
				3DC981251C6C71180005639A /* Brynderwyn Hills.gpx */,
				3DC981261C6C71180005639A /* CROWN.gpx */,
				3DC981271C6C71180005639A /* Desert Road.gpx */,
				3DC981281C6C71180005639A /* DevilsStaircase.gpx */,
				3DC981291C6C71180005639A /* Dome Valley.gpx */,
				3DC9812A1C6C71180005639A /* Kaimai SH29.gpx */,
				3DC9812B1C6C71180005639A /* Karangahake.gpx */,
				3DC9812C1C6C71180005639A /* KGorge.gpx */,
				3DC9812D1C6C71180005639A /* LindisPass.gpx */,
				3DC9812E1C6C71180005639A /* Milford.gpx */,
				3DC9812F1C6C71180005639A /* Rimutaka.gpx */,
				3DC981301C6C71180005639A /* SH2.gpx */,
				3DC981311C6C71180005639A /* Taupo - Napier.gpx */,
				EB87FDF41871DAF40020F90C /* config.xml */,
				EB87FDF31871DA8E0020F90C /* www */,
				EB87FDF11871DA420020F90C /* Staging */,
				301BF52D109A57CC0062928A /* CordovaLib.xcodeproj */,
				080E96DDFE201D6D7F000001 /* Classes */,
				307C750510C5A3420062BCA9 /* Plugins */,
				29B97315FDCFA39411CA2CEA /* Other Sources */,
				29B97317FDCFA39411CA2CEA /* Resources */,
				29B97323FDCFA39411CA2CEA /* Frameworks */,
				19C28FACFE9D520D11CA2CBB /* Products */,
			);
			name = CustomTemplate;
			sourceTree = "<group>";
		};
		29B97315FDCFA39411CA2CEA /* Other Sources */ = {
			isa = PBXGroup;
			children = (
				32CA4F630368D1EE00C91783 /* SafeDriver-Prefix.pch */,
				29B97316FDCFA39411CA2CEA /* main.m */,
				ED33DF2A687741AEAF9F8254 /* Bridging-Header.h */,
			);
			name = "Other Sources";
			path = SafeDriver;
			sourceTree = "<group>";
		};
		29B97317FDCFA39411CA2CEA /* Resources */ = {
			isa = PBXGroup;
			children = (
				0207DA571B56EA530066E2B4 /* Images.xcassets */,
				3047A50E1AB8057F00498E2A /* config */,
				8D1107310486CEB800E47090 /* SafeDriver-Info.plist */,
				A929426859D84594BCDD7E81 /* CDVNotification.bundle */,
				997B89A1D6A54A74A1B5CE13 /* appbeep.wav */,
			);
			name = Resources;
			path = SafeDriver/Resources;
			sourceTree = "<group>";
		};
		29B97323FDCFA39411CA2CEA /* Frameworks */ = {
			isa = PBXGroup;
			children = (
				31D7F39131294508A89EAD14 /* CoreBluetooth.framework */,
				CECA2D773C944573AB9B31A1 /* CoreLocation.framework */,
				8ACE9763F88843E392AC3DE3 /* AudioToolbox.framework */,
				6D931CCE02DF4218A1AA998B /* AVFoundation.framework */,
				DCEAC444AFEF4A749B3A4758 /* SystemConfiguration.framework */,
				4FEC9252986D4B579A5A399B /* CoreTelephony.framework */,
				52CE5542B027416480AB2096 /* libGGLCloudMessaging.a */,
				42490C8716194F178F58E4CE /* libGGLCore.a */,
				D99D0EC91E49401A9E371FA8 /* libGGLInstanceIDLib.a */,
				BE7EBECFDBE2452CB979FAEE /* libGIP_Reachability.a */,
				3AA95013542B405A98C08ED6 /* libGSDK_Overload.a */,
				EF8E8B3A8BAB4E6B86492D65 /* libGTMSessionFetcher_core.a */,
				7BE92C3A09D94BC19BAE6035 /* libGTMSessionFetcher_full.a */,
				C277644BF8DA4238B7DB3DA1 /* libGTMStackTrace.a */,
				35BB75B1F14042F7A94AF4E0 /* libGTM_AddressBook.a */,
				5F90C6F0D57E40EF8609ACBA /* libGTM_DebugUtils.a */,
				BA9DAC676AE54A2683EA4ED4 /* libGTM_GTMURLBuilder.a */,
				8C2CE94656CA4F66997A9BF8 /* libGTM_KVO.a */,
				7463BD75A23D47E3AFFDA956 /* libGTM_NSData+zlib.a */,
				357E6C40A22A4D709430FE97 /* libGTM_NSDictionary+URLArguments.a */,
				E0EB2E6F370A4D67B0D37E33 /* libGTM_NSScannerJSON.a */,
				5A86B3DE276F4E52831658DF /* libGTM_NSStringHTML.a */,
				E4E6B46CB6C94D6F8D063A86 /* libGTM_NSStringXML.a */,
				A34C103F91874CFCB13EE4EE /* libGTM_Regex.a */,
				A4E0DD1D67BA4B4AA6AB52A6 /* libGTM_RoundedRectPath.a */,
				D63ACD2631854288AB164EE7 /* libGTM_StringEncoding.a */,
				7556B89F7C1842D2811C294D /* libGTM_SystemVersion.a */,
				DBCF7AA0AC274703AEF320A6 /* libGTM_UIFont+LineHeight.a */,
				3658302DDC5848AD865F1B90 /* libGTM_core.a */,
				EE30908147BC4D4EBDC89B9D /* libGTM_iPhone.a */,
				93D83F0FB76F41C99E7AF99A /* libGcmLib.a */,
				102885A37D764F01987A6D7C /* libProtocolBuffers.a */,
				9BBBDFD1E7FF477A93152BB3 /* AddressBook.framework */,
				E8A1F1401176410AB62F4A62 /* libsqlite3.tbd */,
				442F5F7C91C14977A93DA670 /* libz.tbd */,
				359A375528454116A870B6A2 /* WebKit.framework */,
				D0225D54A04546E6BB573D1A /* StoreKit.framework */,
			);
			name = Frameworks;
			sourceTree = "<group>";
		};
		301BF52E109A57CC0062928A /* Products */ = {
			isa = PBXGroup;
			children = (
				301BF535109A57CC0062928A /* libCordova.a */,
			);
			name = Products;
			sourceTree = "<group>";
		};
		3047A50E1AB8057F00498E2A /* config */ = {
			isa = PBXGroup;
			children = (
				3047A50F1AB8059700498E2A /* build-debug.xcconfig */,
				3047A5101AB8059700498E2A /* build-release.xcconfig */,
				3047A5111AB8059700498E2A /* build.xcconfig */,
			);
			name = config;
			sourceTree = "<group>";
		};
		307C750510C5A3420062BCA9 /* Plugins */ = {
			isa = PBXGroup;
			children = (
				6984A8660F70459B89B7C8F8 /* CDVLocationManager.m */,
				02EE9DBB9C154336B3101EC8 /* AppDelegate+CDVLocationManager.m */,
				39356C9FDC9D4467B59B305B /* LMLogger.m */,
				605CC71E3B7A45FF9C860701 /* CDVLocationManager.h */,
				B14E002B13A349208BDB333C /* AppDelegate+CDVLocationManager.h */,
				B23F07DDFED24B0490D70BBB /* LMLogger.h */,
				A0968BA70F5C4AFD9A8DA33D /* CDVDevice.m */,
				70DAD80384CC4BAB9870A688 /* CDVDevice.h */,
				F169B3DE943A4AA983B64D0E /* CDVNotification.m */,
				E9C8B245F99B49B7B64266F8 /* CDVNotification.h */,
				17BF922C17C444DB985E4A08 /* CDVFile.m */,
				6074A9D9044C465D83DECEB1 /* CDVLocalFilesystem.m */,
				E7461484FC264ECF9DD2584B /* CDVAssetLibraryFilesystem.m */,
				29F4EFC07C7F4D31A0FF989A /* CDVFile.h */,
				B32AA29FC65A482DB7A32D10 /* CDVLocalFilesystem.h */,
				A156516E354A49C3ADE1B770 /* CDVAssetLibraryFilesystem.h */,
				62EA30DBA8044AB483D28958 /* CDVLocation.m */,
				9D8DEE44C09F46FFA7D66043 /* CDVLocation.h */,
				243BDE10C7C54CB1AD9A9C03 /* CDVGlobalization.m */,
				D3358CFECD96450A88B599AD /* CDVGlobalization.h */,
				15CFDD0BB000471ABB5DF51E /* CDVBackgroundGeoLocation.m */,
				1B6449BE87874B90AED7478D /* CDVBackgroundGeoLocation.h */,
				5E2BB8A6AEC14349BE5B2105 /* CDVSound.m */,
				3283368DFAC34C51988B6FC4 /* CDVSound.h */,
				043038F4F5094283822B46C5 /* CDVConnection.m */,
				FABDEC8A4C3542358D5A3222 /* CDVReachability.m */,
				03965FB0795D44CDBFC961DB /* CDVConnection.h */,
				7247DC6FD19447569263DC67 /* CDVReachability.h */,
				D8B82255C90E43B8B17A513F /* CDVStatusBar.m */,
				AC39508E875640CEB7B0B656 /* CDVStatusBar.h */,
				B57FC9C55FE447FF8D25E69A /* CDVVibration.m */,
				4E855A55F01843E2ABB00102 /* CDVVibration.h */,
				8FB9AB5677844FA7B8F6BEE3 /* APPBackgroundMode.m */,
				2143628507514EF28309C54C /* APPBackgroundMode.h */,
				19306B7277CA4A36A5FFF55B /* AppDelegate+notification.m */,
				C93CF4A94F294E99940A0B7C /* PushPlugin.m */,
				5D96C7657F594856BEBE9C55 /* AppDelegate+notification.h */,
				8957BA42E7A14000BB53D3CB /* PushPlugin.h */,
				CAFD6E05BF9C427BA876EFC0 /* GGLInstanceID.h */,
				B6610553B2BB40F088F45C25 /* GGLInstanceIDConfig.h */,
				302A368528B84295B07B9533 /* GGLInstanceIDDelegate.h */,
				0BF10884428C423597F7A9B8 /* GGLInstanceIDHeaders.h */,
				0B5236AC8E66414DBF730363 /* CloudMessaging.h */,
				28E5A731592E41E3BD7FB331 /* GGLContext+CloudMessaging.h */,
				6A73263D69064BA1A44C5CF5 /* Core.h */,
				AA15EDF4E1B34B4DA1467B48 /* GGLConfiguration.h */,
				903DD4D0F25942CD9944AAEB /* GGLContext.h */,
				9BA7B80EE51A4BF0A2980216 /* GGLErrorCode.h */,
				FA648BF23DC64C8A9A0956FA /* GCMConfig.h */,
				FAF2F738FD5C4D92BA4BCA13 /* GCMPubSub.h */,
				FD9A933E93C04B45B3ADA4B1 /* GCMReceiverDelegate.h */,
				5C579783B85D4E478086C197 /* GCMService.h */,
				8BEFE20A9A724ECF9F456097 /* GoogleCloudMessaging.h */,
				76C81EB1916D423990899F29 /* CDVWKWebViewEngine.m */,
				141D24E6408B4EC496F0BE2F /* CDVWKWebViewUIDelegate.m */,
				1352860ECCBE4055A65CE36C /* CDVWKWebViewEngine.h */,
				EDA75223D6BD4CCBB0091D26 /* CDVWKWebViewUIDelegate.h */,
				FE7D8127CA3C4E35B368A3BC /* AppDelegate+APPAppEvent.m */,
				620AD4EFF1D24FFFACA9EE0A /* CDVPlugin+APPAppEvent.m */,
				16A9792919C04AF7BCB173FC /* AppDelegate+APPAppEvent.h */,
				27243B1416C449F88657977C /* CDVPlugin+APPAppEvent.h */,
				37F663DCFC9B4E708982A025 /* APPAppEventDelegate.h */,
				0A0D244ED8E1478AA1732518 /* APPLocalNotification.m */,
				68A47AC6044B486593FC9F15 /* APPLocalNotificationOptions.m */,
				219C718BFC12419399DB4C8A /* UIApplication+APPLocalNotification.m */,
				03F28C6A79314D2EAC317677 /* UILocalNotification+APPLocalNotification.m */,
				863F7EBD895E4C5A9EED121B /* APPLocalNotification.h */,
				CC44369BE7E143C5987B1D57 /* APPLocalNotificationOptions.h */,
				A5A70515F83E470B8F547591 /* UIApplication+APPLocalNotification.h */,
				BCB25264F0864A3FAAD77835 /* UILocalNotification+APPLocalNotification.h */,
<<<<<<< HEAD
				6F6BAB1708604FEC8208E072 /* PowerManagement.m */,
				50E6D839C92041BCB6D91BAB /* PowerManagement.h */,
				CBE0E2A83F8F406CA4564278 /* InAppPurchase.m */,
				6DD504CA9D454B9AADAC057C /* SKProduct+LocalizedPrice.m */,
				27EA427453E242319F5CC195 /* FileUtility.m */,
				A976E4DD979B446BA94D5621 /* InAppPurchase.h */,
				ADE6B2EE137C4C6290290338 /* SKProduct+LocalizedPrice.h */,
				0A38689EEDB84BC5BDCCBA21 /* FileUtility.h */,
=======
				11107771FB57469CA3F482E8 /* PowerManagement.m */,
				D2F94978506F4E8E9FDEA9A0 /* PowerManagement.h */,
>>>>>>> master
			);
			name = Plugins;
			path = SafeDriver/Plugins;
			sourceTree = SOURCE_ROOT;
		};
		EB87FDF11871DA420020F90C /* Staging */ = {
			isa = PBXGroup;
			children = (
				F840E1F0165FE0F500CFE078 /* config.xml */,
				301BF56E109A69640062928A /* www */,
			);
			name = Staging;
			sourceTree = "<group>";
		};
/* End PBXGroup section */

/* Begin PBXNativeTarget section */
		1D6058900D05DD3D006BFB54 /* SafeDriver */ = {
			isa = PBXNativeTarget;
			buildConfigurationList = 1D6058960D05DD3E006BFB54 /* Build configuration list for PBXNativeTarget "SafeDriver" */;
			buildPhases = (
				304B58A110DAC018002A0835 /* Copy www directory */,
				1D60588D0D05DD3D006BFB54 /* Resources */,
				1D60588E0D05DD3D006BFB54 /* Sources */,
				1D60588F0D05DD3D006BFB54 /* Frameworks */,
			);
			buildRules = (
			);
			dependencies = (
				301BF551109A68C00062928A /* PBXTargetDependency */,
			);
			name = SafeDriver;
			productName = SafeDriver;
			productReference = 1D6058910D05DD3D006BFB54 /* SafeDriver.app */;
			productType = "com.apple.product-type.application";
		};
/* End PBXNativeTarget section */

/* Begin PBXProject section */
		29B97313FDCFA39411CA2CEA /* Project object */ = {
			isa = PBXProject;
			attributes = {
				LastUpgradeCheck = 510;
				TargetAttributes = {
					1D6058900D05DD3D006BFB54 = {
						DevelopmentTeam = YBYHDBC82A;
						SystemCapabilities = {
							com.apple.Push = {
								enabled = 1;
							};
						};
					};
				};
			};
			buildConfigurationList = C01FCF4E08A954540054247B /* Build configuration list for PBXProject "SafeDriver" */;
			compatibilityVersion = "Xcode 3.2";
			developmentRegion = English;
			hasScannedForEncodings = 1;
			knownRegions = (
				en,
			);
			mainGroup = 29B97314FDCFA39411CA2CEA /* CustomTemplate */;
			projectDirPath = "";
			projectReferences = (
				{
					ProductGroup = 301BF52E109A57CC0062928A /* Products */;
					ProjectRef = 301BF52D109A57CC0062928A /* CordovaLib.xcodeproj */;
				},
			);
			projectRoot = "";
			targets = (
				1D6058900D05DD3D006BFB54 /* SafeDriver */,
			);
		};
/* End PBXProject section */

/* Begin PBXReferenceProxy section */
		301BF535109A57CC0062928A /* libCordova.a */ = {
			isa = PBXReferenceProxy;
			fileType = archive.ar;
			path = libCordova.a;
			remoteRef = 301BF534109A57CC0062928A /* PBXContainerItemProxy */;
			sourceTree = BUILT_PRODUCTS_DIR;
		};
/* End PBXReferenceProxy section */

/* Begin PBXResourcesBuildPhase section */
		1D60588D0D05DD3D006BFB54 /* Resources */ = {
			isa = PBXResourcesBuildPhase;
			buildActionMask = 2147483647;
			files = (
				3DC981391C6C71180005639A /* KGorge.gpx in Resources */,
				302D95F214D2391D003F00A1 /* MainViewController.xib in Resources */,
				3DC981371C6C71180005639A /* Kaimai SH29.gpx in Resources */,
				3DC9813C1C6C71180005639A /* Rimutaka.gpx in Resources */,
				3DC9813E1C6C71180005639A /* Taupo - Napier.gpx in Resources */,
				3DC981321C6C71180005639A /* Brynderwyn Hills.gpx in Resources */,
				3DC981351C6C71180005639A /* DevilsStaircase.gpx in Resources */,
				3DC9813A1C6C71180005639A /* LindisPass.gpx in Resources */,
				3DC9813B1C6C71180005639A /* Milford.gpx in Resources */,
				3047A5131AB8059700498E2A /* build-release.xcconfig in Resources */,
				3DC9813D1C6C71180005639A /* SH2.gpx in Resources */,
				3DC981341C6C71180005639A /* Desert Road.gpx in Resources */,
				3047A5141AB8059700498E2A /* build.xcconfig in Resources */,
				3DC981361C6C71180005639A /* Dome Valley.gpx in Resources */,
				0207DA581B56EA530066E2B4 /* Images.xcassets in Resources */,
				3DC981331C6C71180005639A /* CROWN.gpx in Resources */,
				3047A5121AB8059700498E2A /* build-debug.xcconfig in Resources */,
				5554CB21278A409CB13C781D /* CDVNotification.bundle in Resources */,
				3DC981381C6C71180005639A /* Karangahake.gpx in Resources */,
				9001DBA289674269851932AB /* appbeep.wav in Resources */,
			);
			runOnlyForDeploymentPostprocessing = 0;
		};
/* End PBXResourcesBuildPhase section */

/* Begin PBXShellScriptBuildPhase section */
		304B58A110DAC018002A0835 /* Copy www directory */ = {
			isa = PBXShellScriptBuildPhase;
			buildActionMask = 2147483647;
			files = (
			);
			inputPaths = (
			);
			name = "Copy www directory";
			outputPaths = (
			);
			runOnlyForDeploymentPostprocessing = 0;
			shellPath = /bin/sh;
			shellScript = "NODEJS_PATH=/usr/local/bin; NVM_NODE_PATH=~/.nvm/versions/node/`nvm version 2>/dev/null`/bin; N_NODE_PATH=`find /usr/local/n/versions/node/* -maxdepth 0 -type d 2>/dev/null | tail -1`/bin; XCODE_NODE_PATH=`xcode-select --print-path`/usr/share/xcs/Node/bin; PATH=$NODEJS_PATH:$NVM_NODE_PATH:$N_NODE_PATH:$XCODE_NODE_PATH:$PATH && node cordova/lib/copy-www-build-step.js";
			showEnvVarsInLog = 0;
		};
/* End PBXShellScriptBuildPhase section */

/* Begin PBXSourcesBuildPhase section */
		1D60588E0D05DD3D006BFB54 /* Sources */ = {
			isa = PBXSourcesBuildPhase;
			buildActionMask = 2147483647;
			files = (
				1D60589B0D05DD56006BFB54 /* main.m in Sources */,
				1D3623260D0F684500981E51 /* AppDelegate.m in Sources */,
				302D95F114D2391D003F00A1 /* MainViewController.m in Sources */,
				D66C01E53C264ECD95B9F891 /* CDVLocationManager.m in Sources */,
				61CFD32930C04100AEE64B28 /* AppDelegate+CDVLocationManager.m in Sources */,
				753C7C5CF1CA4113A920BFE9 /* LMLogger.m in Sources */,
				13149C8B5932437899A32A20 /* CDVDevice.m in Sources */,
				CB4C6ABA83F04A03B68FD7F7 /* CDVNotification.m in Sources */,
				82BB29BCC9F24AF4B07EB02D /* CDVFile.m in Sources */,
				BA929D2D81564A619801555B /* CDVLocalFilesystem.m in Sources */,
				78413317C57645219BB1DC28 /* CDVAssetLibraryFilesystem.m in Sources */,
				C7C5644DBF9E4F949D804466 /* CDVLocation.m in Sources */,
				10E58568479D49038274C1FF /* CDVGlobalization.m in Sources */,
				6A50A38E07CB44BB81C78F5C /* CDVBackgroundGeoLocation.m in Sources */,
				B3F0B6F30E17461786B7C53C /* CDVSound.m in Sources */,
				08EF21F8750243ECB32A13A6 /* CDVConnection.m in Sources */,
				30C927DC38CA49F7A8EEB5F1 /* CDVReachability.m in Sources */,
				E1BC017E829F4B16A0EE095A /* CDVStatusBar.m in Sources */,
				E56EE30613A94DAEBEEDF99E /* CDVVibration.m in Sources */,
				6D848BEEC29149AE8874E183 /* APPBackgroundMode.m in Sources */,
				42E4C53DC3CA4AEC84F7076C /* AppDelegate+notification.m in Sources */,
				4B0C09CFB8EE4DF2B5ACBF14 /* PushPlugin.m in Sources */,
				A52A97435A684BBF99925E8F /* CDVWKWebViewEngine.m in Sources */,
				98098111369D4F25B424717F /* CDVWKWebViewUIDelegate.m in Sources */,
				F52ACACB0E8A482C9293F051 /* AppDelegate+APPAppEvent.m in Sources */,
				1B91B32821514F25890246E3 /* CDVPlugin+APPAppEvent.m in Sources */,
				B639B440809046A09FCE3E35 /* APPLocalNotification.m in Sources */,
				7EF98FE21829487F9B8488FD /* APPLocalNotificationOptions.m in Sources */,
				119DB39B97694A3FAC2B3B40 /* UIApplication+APPLocalNotification.m in Sources */,
				C4D86EE4E5B949E585E03823 /* UILocalNotification+APPLocalNotification.m in Sources */,
<<<<<<< HEAD
				672CDB36FF33442385EF3B57 /* PowerManagement.m in Sources */,
				5E0A89516BCD49539ED303D0 /* InAppPurchase.m in Sources */,
				93C94D670D97478CA2C983FE /* SKProduct+LocalizedPrice.m in Sources */,
				68B9D73CE53B49CBA1C0AC7E /* FileUtility.m in Sources */,
=======
				B7D91AD1F34A448D85A8CF9B /* PowerManagement.m in Sources */,
>>>>>>> master
			);
			runOnlyForDeploymentPostprocessing = 0;
		};
/* End PBXSourcesBuildPhase section */

/* Begin PBXTargetDependency section */
		301BF551109A68C00062928A /* PBXTargetDependency */ = {
			isa = PBXTargetDependency;
			name = CordovaLib;
			targetProxy = 301BF550109A68C00062928A /* PBXContainerItemProxy */;
		};
/* End PBXTargetDependency section */

/* Begin XCBuildConfiguration section */
		1D6058940D05DD3E006BFB54 /* Debug */ = {
			isa = XCBuildConfiguration;
			baseConfigurationReference = 3047A50F1AB8059700498E2A /* build-debug.xcconfig */;
			buildSettings = {
				ALWAYS_SEARCH_USER_PATHS = NO;
				ASSETCATALOG_COMPILER_APPICON_NAME = AppIcon;
				ASSETCATALOG_COMPILER_LAUNCHIMAGE_NAME = LaunchImage;
				CLANG_ENABLE_MODULES = YES;
				CLANG_ENABLE_OBJC_ARC = YES;
				CODE_SIGN_IDENTITY = "iPhone Distribution: Isaac Mercer (YBYHDBC82A)";
				COPY_PHASE_STRIP = NO;
				GCC_DYNAMIC_NO_PIC = NO;
				GCC_OPTIMIZATION_LEVEL = 0;
				GCC_PRECOMPILE_PREFIX_HEADER = YES;
				GCC_PREFIX_HEADER = "SafeDriver/SafeDriver-Prefix.pch";
				GCC_THUMB_SUPPORT = NO;
				GCC_VERSION = "";
				INFOPLIST_FILE = "SafeDriver/SafeDriver-Info.plist";
				IPHONEOS_DEPLOYMENT_TARGET = 8.0;
				LD_RUNPATH_SEARCH_PATHS = "@executable_path/Frameworks";
				LIBRARY_SEARCH_PATHS = (
					"$(inherited)",
					"\"$(SRCROOT)/SafeDriver/Plugins/phonegap-plugin-push/GCM/Libraries\"",
					"\"$(SRCROOT)/SafeDriver/Plugins/phonegap-plugin-push/GCM/Libraries\"",
					"\"$(SRCROOT)/SafeDriver/Plugins/phonegap-plugin-push/GCM/Libraries\"",
					"\"$(SRCROOT)/SafeDriver/Plugins/phonegap-plugin-push/GCM/Libraries\"",
					"\"$(SRCROOT)/SafeDriver/Plugins/phonegap-plugin-push/GCM/Libraries\"",
					"\"$(SRCROOT)/SafeDriver/Plugins/phonegap-plugin-push/GCM/Libraries\"",
					"\"$(SRCROOT)/SafeDriver/Plugins/phonegap-plugin-push/GCM/Libraries\"",
					"\"$(SRCROOT)/SafeDriver/Plugins/phonegap-plugin-push/GCM/Libraries\"",
					"\"$(SRCROOT)/SafeDriver/Plugins/phonegap-plugin-push/GCM/Libraries\"",
					"\"$(SRCROOT)/SafeDriver/Plugins/phonegap-plugin-push/GCM/Libraries\"",
					"\"$(SRCROOT)/SafeDriver/Plugins/phonegap-plugin-push/GCM/Libraries\"",
					"\"$(SRCROOT)/SafeDriver/Plugins/phonegap-plugin-push/GCM/Libraries\"",
					"\"$(SRCROOT)/SafeDriver/Plugins/phonegap-plugin-push/GCM/Libraries\"",
					"\"$(SRCROOT)/SafeDriver/Plugins/phonegap-plugin-push/GCM/Libraries\"",
					"\"$(SRCROOT)/SafeDriver/Plugins/phonegap-plugin-push/GCM/Libraries\"",
					"\"$(SRCROOT)/SafeDriver/Plugins/phonegap-plugin-push/GCM/Libraries\"",
					"\"$(SRCROOT)/SafeDriver/Plugins/phonegap-plugin-push/GCM/Libraries\"",
					"\"$(SRCROOT)/SafeDriver/Plugins/phonegap-plugin-push/GCM/Libraries\"",
					"\"$(SRCROOT)/SafeDriver/Plugins/phonegap-plugin-push/GCM/Libraries\"",
					"\"$(SRCROOT)/SafeDriver/Plugins/phonegap-plugin-push/GCM/Libraries\"",
					"\"$(SRCROOT)/SafeDriver/Plugins/phonegap-plugin-push/GCM/Libraries\"",
					"\"$(SRCROOT)/SafeDriver/Plugins/phonegap-plugin-push/GCM/Libraries\"",
					"\"$(SRCROOT)/SafeDriver/Plugins/phonegap-plugin-push/GCM/Libraries\"",
					"\"$(SRCROOT)/SafeDriver/Plugins/phonegap-plugin-push/GCM/Libraries\"",
					"\"$(SRCROOT)/SafeDriver/Plugins/phonegap-plugin-push/GCM/Libraries\"",
					"\"$(SRCROOT)/SafeDriver/Plugins/phonegap-plugin-push/GCM/Libraries\"",
				);
				PRODUCT_NAME = SafeDriver;
				TARGETED_DEVICE_FAMILY = "1,2";
			};
			name = Debug;
		};
		1D6058950D05DD3E006BFB54 /* Release */ = {
			isa = XCBuildConfiguration;
			baseConfigurationReference = 3047A5101AB8059700498E2A /* build-release.xcconfig */;
			buildSettings = {
				ALWAYS_SEARCH_USER_PATHS = NO;
				ASSETCATALOG_COMPILER_APPICON_NAME = AppIcon;
				ASSETCATALOG_COMPILER_LAUNCHIMAGE_NAME = LaunchImage;
				CLANG_ENABLE_MODULES = YES;
				CLANG_ENABLE_OBJC_ARC = YES;
				CODE_SIGN_IDENTITY = "iPhone Distribution: Isaac Mercer (YBYHDBC82A)";
				COPY_PHASE_STRIP = YES;
				GCC_PRECOMPILE_PREFIX_HEADER = YES;
				GCC_PREFIX_HEADER = "SafeDriver/SafeDriver-Prefix.pch";
				GCC_THUMB_SUPPORT = NO;
				GCC_VERSION = "";
				INFOPLIST_FILE = "SafeDriver/SafeDriver-Info.plist";
				IPHONEOS_DEPLOYMENT_TARGET = 8.0;
				LIBRARY_SEARCH_PATHS = (
					"$(inherited)",
					"\"$(SRCROOT)/SafeDriver/Plugins/phonegap-plugin-push/GCM/Libraries\"",
					"\"$(SRCROOT)/SafeDriver/Plugins/phonegap-plugin-push/GCM/Libraries\"",
					"\"$(SRCROOT)/SafeDriver/Plugins/phonegap-plugin-push/GCM/Libraries\"",
					"\"$(SRCROOT)/SafeDriver/Plugins/phonegap-plugin-push/GCM/Libraries\"",
					"\"$(SRCROOT)/SafeDriver/Plugins/phonegap-plugin-push/GCM/Libraries\"",
					"\"$(SRCROOT)/SafeDriver/Plugins/phonegap-plugin-push/GCM/Libraries\"",
					"\"$(SRCROOT)/SafeDriver/Plugins/phonegap-plugin-push/GCM/Libraries\"",
					"\"$(SRCROOT)/SafeDriver/Plugins/phonegap-plugin-push/GCM/Libraries\"",
					"\"$(SRCROOT)/SafeDriver/Plugins/phonegap-plugin-push/GCM/Libraries\"",
					"\"$(SRCROOT)/SafeDriver/Plugins/phonegap-plugin-push/GCM/Libraries\"",
					"\"$(SRCROOT)/SafeDriver/Plugins/phonegap-plugin-push/GCM/Libraries\"",
					"\"$(SRCROOT)/SafeDriver/Plugins/phonegap-plugin-push/GCM/Libraries\"",
					"\"$(SRCROOT)/SafeDriver/Plugins/phonegap-plugin-push/GCM/Libraries\"",
					"\"$(SRCROOT)/SafeDriver/Plugins/phonegap-plugin-push/GCM/Libraries\"",
					"\"$(SRCROOT)/SafeDriver/Plugins/phonegap-plugin-push/GCM/Libraries\"",
					"\"$(SRCROOT)/SafeDriver/Plugins/phonegap-plugin-push/GCM/Libraries\"",
					"\"$(SRCROOT)/SafeDriver/Plugins/phonegap-plugin-push/GCM/Libraries\"",
					"\"$(SRCROOT)/SafeDriver/Plugins/phonegap-plugin-push/GCM/Libraries\"",
					"\"$(SRCROOT)/SafeDriver/Plugins/phonegap-plugin-push/GCM/Libraries\"",
					"\"$(SRCROOT)/SafeDriver/Plugins/phonegap-plugin-push/GCM/Libraries\"",
					"\"$(SRCROOT)/SafeDriver/Plugins/phonegap-plugin-push/GCM/Libraries\"",
					"\"$(SRCROOT)/SafeDriver/Plugins/phonegap-plugin-push/GCM/Libraries\"",
					"\"$(SRCROOT)/SafeDriver/Plugins/phonegap-plugin-push/GCM/Libraries\"",
					"\"$(SRCROOT)/SafeDriver/Plugins/phonegap-plugin-push/GCM/Libraries\"",
					"\"$(SRCROOT)/SafeDriver/Plugins/phonegap-plugin-push/GCM/Libraries\"",
					"\"$(SRCROOT)/SafeDriver/Plugins/phonegap-plugin-push/GCM/Libraries\"",
				);
				PRODUCT_NAME = SafeDriver;
				TARGETED_DEVICE_FAMILY = "1,2";
			};
			name = Release;
		};
		C01FCF4F08A954540054247B /* Debug */ = {
			isa = XCBuildConfiguration;
			baseConfigurationReference = 3047A5111AB8059700498E2A /* build.xcconfig */;
			buildSettings = {
				CLANG_ENABLE_MODULES = YES;
				CLANG_ENABLE_OBJC_ARC = YES;
				CLANG_WARN_BOOL_CONVERSION = YES;
				CLANG_WARN_CONSTANT_CONVERSION = YES;
				CLANG_WARN_EMPTY_BODY = YES;
				CLANG_WARN_ENUM_CONVERSION = YES;
				CLANG_WARN_INT_CONVERSION = YES;
				CLANG_WARN__DUPLICATE_METHOD_MATCH = YES;
				GCC_C_LANGUAGE_STANDARD = c99;
				GCC_THUMB_SUPPORT = NO;
				GCC_VERSION = "";
				GCC_WARN_ABOUT_RETURN_TYPE = YES;
				GCC_WARN_UNDECLARED_SELECTOR = YES;
				GCC_WARN_UNINITIALIZED_AUTOS = YES;
				GCC_WARN_UNUSED_FUNCTION = YES;
				GCC_WARN_UNUSED_VARIABLE = YES;
				IPHONEOS_DEPLOYMENT_TARGET = 8.0;
				ONLY_ACTIVE_ARCH = YES;
				SDKROOT = iphoneos;
				SKIP_INSTALL = NO;
				TARGETED_DEVICE_FAMILY = "1,2";
			};
			name = Debug;
		};
		C01FCF5008A954540054247B /* Release */ = {
			isa = XCBuildConfiguration;
			baseConfigurationReference = 3047A5111AB8059700498E2A /* build.xcconfig */;
			buildSettings = {
				CLANG_ENABLE_MODULES = YES;
				CLANG_ENABLE_OBJC_ARC = YES;
				CLANG_WARN_BOOL_CONVERSION = YES;
				CLANG_WARN_CONSTANT_CONVERSION = YES;
				CLANG_WARN_EMPTY_BODY = YES;
				CLANG_WARN_ENUM_CONVERSION = YES;
				CLANG_WARN_INT_CONVERSION = YES;
				CLANG_WARN__DUPLICATE_METHOD_MATCH = YES;
				GCC_C_LANGUAGE_STANDARD = c99;
				GCC_THUMB_SUPPORT = NO;
				GCC_VERSION = "";
				GCC_WARN_ABOUT_RETURN_TYPE = YES;
				GCC_WARN_UNDECLARED_SELECTOR = YES;
				GCC_WARN_UNINITIALIZED_AUTOS = YES;
				GCC_WARN_UNUSED_FUNCTION = YES;
				GCC_WARN_UNUSED_VARIABLE = YES;
				IPHONEOS_DEPLOYMENT_TARGET = 8.0;
				SDKROOT = iphoneos;
				SKIP_INSTALL = NO;
				TARGETED_DEVICE_FAMILY = "1,2";
			};
			name = Release;
		};
/* End XCBuildConfiguration section */

/* Begin XCConfigurationList section */
		1D6058960D05DD3E006BFB54 /* Build configuration list for PBXNativeTarget "SafeDriver" */ = {
			isa = XCConfigurationList;
			buildConfigurations = (
				1D6058940D05DD3E006BFB54 /* Debug */,
				1D6058950D05DD3E006BFB54 /* Release */,
			);
			defaultConfigurationIsVisible = 0;
			defaultConfigurationName = Release;
		};
		C01FCF4E08A954540054247B /* Build configuration list for PBXProject "SafeDriver" */ = {
			isa = XCConfigurationList;
			buildConfigurations = (
				C01FCF4F08A954540054247B /* Debug */,
				C01FCF5008A954540054247B /* Release */,
			);
			defaultConfigurationIsVisible = 0;
			defaultConfigurationName = Release;
		};
/* End XCConfigurationList section */
	};
	rootObject = 29B97313FDCFA39411CA2CEA /* Project object */;
}
